// !$*UTF8*$!
{
	archiveVersion = 1;
	classes = {
	};
	objectVersion = 48;
	objects = {

/* Begin PBXBuildFile section */
		03E5CEB1247FC0633F810102 /* Pods_genesisvision_ios.framework in Frameworks */ = {isa = PBXBuildFile; fileRef = C27C45D024CDE259719CEEA9 /* Pods_genesisvision_ios.framework */; };
		FC431D94201A460300DDAFC8 /* TranslationPlainObjectProtocol.swift in Sources */ = {isa = PBXBuildFile; fileRef = FC431D93201A460300DDAFC8 /* TranslationPlainObjectProtocol.swift */; };
		FC431D96201A46C400DDAFC8 /* InvestmentProgramPlainObjectTranslation.swift in Sources */ = {isa = PBXBuildFile; fileRef = FC431D95201A46C400DDAFC8 /* InvestmentProgramPlainObjectTranslation.swift */; };
		FC4964152015445E00104CEB /* WalletViewController.swift in Sources */ = {isa = PBXBuildFile; fileRef = FC4964142015445E00104CEB /* WalletViewController.swift */; };
		FC4964182015474700104CEB /* DashboardViewController.swift in Sources */ = {isa = PBXBuildFile; fileRef = FC4964172015474700104CEB /* DashboardViewController.swift */; };
		FC49641B2015489700104CEB /* WelcomeViewController.swift in Sources */ = {isa = PBXBuildFile; fileRef = FC49641A2015489700104CEB /* WelcomeViewController.swift */; };
		FC49641E2015500700104CEB /* Dashboard.storyboard in Resources */ = {isa = PBXBuildFile; fileRef = FC49641D2015500700104CEB /* Dashboard.storyboard */; };
		FC4964202015502A00104CEB /* Wallet.storyboard in Resources */ = {isa = PBXBuildFile; fileRef = FC49641F2015502A00104CEB /* Wallet.storyboard */; };
		FC496422201558AD00104CEB /* AppearanceController.swift in Sources */ = {isa = PBXBuildFile; fileRef = FC496421201558AD00104CEB /* AppearanceController.swift */; };
		FC4964242015590D00104CEB /* UIColor+PaletteColors.swift in Sources */ = {isa = PBXBuildFile; fileRef = FC4964232015590D00104CEB /* UIColor+PaletteColors.swift */; };
		FC4964262015598300104CEB /* UIColor+Hex.swift in Sources */ = {isa = PBXBuildFile; fileRef = FC4964252015598300104CEB /* UIColor+Hex.swift */; };
		FC5E9010201F4487000E4A90 /* AlamofireImplementations.swift in Sources */ = {isa = PBXBuildFile; fileRef = FC5E8FDE201F4487000E4A90 /* AlamofireImplementations.swift */; };
		FC5E9011201F4487000E4A90 /* APIHelper.swift in Sources */ = {isa = PBXBuildFile; fileRef = FC5E8FDF201F4487000E4A90 /* APIHelper.swift */; };
		FC5E9012201F4487000E4A90 /* BrokerAPI.swift in Sources */ = {isa = PBXBuildFile; fileRef = FC5E8FE1201F4487000E4A90 /* BrokerAPI.swift */; };
		FC5E9013201F4487000E4A90 /* InvestorAPI.swift in Sources */ = {isa = PBXBuildFile; fileRef = FC5E8FE2201F4487000E4A90 /* InvestorAPI.swift */; };
		FC5E9014201F4487000E4A90 /* ManagerAPI.swift in Sources */ = {isa = PBXBuildFile; fileRef = FC5E8FE3201F4487000E4A90 /* ManagerAPI.swift */; };
		FC5E9015201F4487000E4A90 /* TradesAPI.swift in Sources */ = {isa = PBXBuildFile; fileRef = FC5E8FE4201F4487000E4A90 /* TradesAPI.swift */; };
		FC5E9016201F4487000E4A90 /* APIs.swift in Sources */ = {isa = PBXBuildFile; fileRef = FC5E8FE5201F4487000E4A90 /* APIs.swift */; };
		FC5E9017201F4487000E4A90 /* CodableHelper.swift in Sources */ = {isa = PBXBuildFile; fileRef = FC5E8FE6201F4487000E4A90 /* CodableHelper.swift */; };
		FC5E9018201F4487000E4A90 /* Configuration.swift in Sources */ = {isa = PBXBuildFile; fileRef = FC5E8FE7201F4487000E4A90 /* Configuration.swift */; };
		FC5E9019201F4487000E4A90 /* Extensions.swift in Sources */ = {isa = PBXBuildFile; fileRef = FC5E8FE8201F4487000E4A90 /* Extensions.swift */; };
		FC5E901A201F4487000E4A90 /* JSONEncodableEncoding.swift in Sources */ = {isa = PBXBuildFile; fileRef = FC5E8FE9201F4487000E4A90 /* JSONEncodableEncoding.swift */; };
		FC5E901B201F4487000E4A90 /* JSONEncodingHelper.swift in Sources */ = {isa = PBXBuildFile; fileRef = FC5E8FEA201F4487000E4A90 /* JSONEncodingHelper.swift */; };
		FC5E901C201F4487000E4A90 /* Broker.swift in Sources */ = {isa = PBXBuildFile; fileRef = FC5E8FEC201F4487000E4A90 /* Broker.swift */; };
		FC5E901D201F4487000E4A90 /* BrokerInitData.swift in Sources */ = {isa = PBXBuildFile; fileRef = FC5E8FED201F4487000E4A90 /* BrokerInitData.swift */; };
		FC5E901E201F4487000E4A90 /* BrokersFilter.swift in Sources */ = {isa = PBXBuildFile; fileRef = FC5E8FEE201F4487000E4A90 /* BrokersFilter.swift */; };
		FC5E901F201F4487000E4A90 /* BrokersViewModel.swift in Sources */ = {isa = PBXBuildFile; fileRef = FC5E8FEF201F4487000E4A90 /* BrokersViewModel.swift */; };
		FC5E9020201F4487000E4A90 /* BrokerTradeServer.swift in Sources */ = {isa = PBXBuildFile; fileRef = FC5E8FF0201F4487000E4A90 /* BrokerTradeServer.swift */; };
		FC5E9021201F4487000E4A90 /* ClosePeriodData.swift in Sources */ = {isa = PBXBuildFile; fileRef = FC5E8FF1201F4487000E4A90 /* ClosePeriodData.swift */; };
		FC5E9022201F4487000E4A90 /* ErrorMessage.swift in Sources */ = {isa = PBXBuildFile; fileRef = FC5E8FF2201F4487000E4A90 /* ErrorMessage.swift */; };
		FC5E9023201F4487000E4A90 /* ErrorViewModel.swift in Sources */ = {isa = PBXBuildFile; fileRef = FC5E8FF3201F4487000E4A90 /* ErrorViewModel.swift */; };
		FC5E9024201F4487000E4A90 /* Invest.swift in Sources */ = {isa = PBXBuildFile; fileRef = FC5E8FF4201F4487000E4A90 /* Invest.swift */; };
		FC5E9025201F4487000E4A90 /* Investment.swift in Sources */ = {isa = PBXBuildFile; fileRef = FC5E8FF5201F4487000E4A90 /* Investment.swift */; };
		FC5E9026201F4487000E4A90 /* InvestmentProgram.swift in Sources */ = {isa = PBXBuildFile; fileRef = FC5E8FF6201F4487000E4A90 /* InvestmentProgram.swift */; };
		FC5E9027201F4487000E4A90 /* InvestmentProgramStatistic.swift in Sources */ = {isa = PBXBuildFile; fileRef = FC5E8FF7201F4487000E4A90 /* InvestmentProgramStatistic.swift */; };
		FC5E9028201F4487000E4A90 /* InvestmentProgramsViewModel.swift in Sources */ = {isa = PBXBuildFile; fileRef = FC5E8FF8201F4487000E4A90 /* InvestmentProgramsViewModel.swift */; };
		FC5E9029201F4487000E4A90 /* InvestmentProgramViewModel.swift in Sources */ = {isa = PBXBuildFile; fileRef = FC5E8FF9201F4487000E4A90 /* InvestmentProgramViewModel.swift */; };
		FC5E902A201F4487000E4A90 /* InvestmentRequest.swift in Sources */ = {isa = PBXBuildFile; fileRef = FC5E8FFA201F4487000E4A90 /* InvestmentRequest.swift */; };
		FC5E902B201F4487000E4A90 /* InvestmentsFilter.swift in Sources */ = {isa = PBXBuildFile; fileRef = FC5E8FFB201F4487000E4A90 /* InvestmentsFilter.swift */; };
		FC5E902C201F4487000E4A90 /* InvestmentShort.swift in Sources */ = {isa = PBXBuildFile; fileRef = FC5E8FFC201F4487000E4A90 /* InvestmentShort.swift */; };
		FC5E902D201F4487000E4A90 /* InvestorDashboard.swift in Sources */ = {isa = PBXBuildFile; fileRef = FC5E8FFD201F4487000E4A90 /* InvestorDashboard.swift */; };
		FC5E902E201F4487000E4A90 /* InvestorProgram.swift in Sources */ = {isa = PBXBuildFile; fileRef = FC5E8FFE201F4487000E4A90 /* InvestorProgram.swift */; };
		FC5E902F201F4487000E4A90 /* LoginViewModel.swift in Sources */ = {isa = PBXBuildFile; fileRef = FC5E8FFF201F4487000E4A90 /* LoginViewModel.swift */; };
		FC5E9030201F4487000E4A90 /* ManagerAccount.swift in Sources */ = {isa = PBXBuildFile; fileRef = FC5E9000201F4487000E4A90 /* ManagerAccount.swift */; };
		FC5E9031201F4487000E4A90 /* ManagerRequest.swift in Sources */ = {isa = PBXBuildFile; fileRef = FC5E9001201F4487000E4A90 /* ManagerRequest.swift */; };
		FC5E9032201F4487000E4A90 /* ManagerToken.swift in Sources */ = {isa = PBXBuildFile; fileRef = FC5E9002201F4487000E4A90 /* ManagerToken.swift */; };
		FC5E9033201F4487000E4A90 /* MetaTraderOrder.swift in Sources */ = {isa = PBXBuildFile; fileRef = FC5E9003201F4487000E4A90 /* MetaTraderOrder.swift */; };
		FC5E9034201F4487000E4A90 /* NewInvestmentRequest.swift in Sources */ = {isa = PBXBuildFile; fileRef = FC5E9004201F4487000E4A90 /* NewInvestmentRequest.swift */; };
		FC5E9035201F4487000E4A90 /* NewManager.swift in Sources */ = {isa = PBXBuildFile; fileRef = FC5E9005201F4487000E4A90 /* NewManager.swift */; };
		FC5E9036201F4487000E4A90 /* Period.swift in Sources */ = {isa = PBXBuildFile; fileRef = FC5E9006201F4487000E4A90 /* Period.swift */; };
		FC5E9037201F4487000E4A90 /* ProfileFullViewModel.swift in Sources */ = {isa = PBXBuildFile; fileRef = FC5E9007201F4487000E4A90 /* ProfileFullViewModel.swift */; };
		FC5E9038201F4487000E4A90 /* ProfileShortViewModel.swift in Sources */ = {isa = PBXBuildFile; fileRef = FC5E9008201F4487000E4A90 /* ProfileShortViewModel.swift */; };
		FC5E9039201F4487000E4A90 /* RegisterInvestorViewModel.swift in Sources */ = {isa = PBXBuildFile; fileRef = FC5E9009201F4487000E4A90 /* RegisterInvestorViewModel.swift */; };
		FC5E903A201F4487000E4A90 /* RegisterManagerViewModel.swift in Sources */ = {isa = PBXBuildFile; fileRef = FC5E900A201F4487000E4A90 /* RegisterManagerViewModel.swift */; };
		FC5E903B201F4487000E4A90 /* TradesViewModel.swift in Sources */ = {isa = PBXBuildFile; fileRef = FC5E900B201F4487000E4A90 /* TradesViewModel.swift */; };
		FC5E903C201F4487000E4A90 /* TransactionsFilter.swift in Sources */ = {isa = PBXBuildFile; fileRef = FC5E900C201F4487000E4A90 /* TransactionsFilter.swift */; };
		FC5E903D201F4487000E4A90 /* WalletTransaction.swift in Sources */ = {isa = PBXBuildFile; fileRef = FC5E900D201F4487000E4A90 /* WalletTransaction.swift */; };
		FC5E903E201F4487000E4A90 /* WalletTransactionsViewModel.swift in Sources */ = {isa = PBXBuildFile; fileRef = FC5E900E201F4487000E4A90 /* WalletTransactionsViewModel.swift */; };
		FC5E903F201F4487000E4A90 /* Models.swift in Sources */ = {isa = PBXBuildFile; fileRef = FC5E900F201F4487000E4A90 /* Models.swift */; };
		FC5E90442020C169000E4A90 /* DispatchQueueExtension.swift in Sources */ = {isa = PBXBuildFile; fileRef = FC5E90432020C169000E4A90 /* DispatchQueueExtension.swift */; };
		FC5E904620216769000E4A90 /* FilterRouter.swift in Sources */ = {isa = PBXBuildFile; fileRef = FC5E904520216769000E4A90 /* FilterRouter.swift */; };
		FC5E9048202167CF000E4A90 /* RouterViewModel.swift in Sources */ = {isa = PBXBuildFile; fileRef = FC5E9047202167CF000E4A90 /* RouterViewModel.swift */; };
		FC5E904A202169DC000E4A90 /* FilterViewController.swift in Sources */ = {isa = PBXBuildFile; fileRef = FC5E9049202169DC000E4A90 /* FilterViewController.swift */; };
		FCA19A23201AA07700157AD6 /* ProfileImageView.swift in Sources */ = {isa = PBXBuildFile; fileRef = FCA19A22201AA07700157AD6 /* ProfileImageView.swift */; };
		FCA19A25201AA8C000157AD6 /* Router.swift in Sources */ = {isa = PBXBuildFile; fileRef = FCA19A24201AA8C000157AD6 /* Router.swift */; };
		FCA19A2B201ACE0400157AD6 /* SignUpRouter.swift in Sources */ = {isa = PBXBuildFile; fileRef = FCA19A2A201ACE0400157AD6 /* SignUpRouter.swift */; };
		FCA19A2D201ADAB100157AD6 /* InvestmentProgramListRouter.swift in Sources */ = {isa = PBXBuildFile; fileRef = FCA19A2C201ADAB100157AD6 /* InvestmentProgramListRouter.swift */; };
		FCA19A2F201ADF8800157AD6 /* SignUpViewModel.swift in Sources */ = {isa = PBXBuildFile; fileRef = FCA19A2E201ADF8800157AD6 /* SignUpViewModel.swift */; };
		FCA19A31201ADF9800157AD6 /* SignInViewModel.swift in Sources */ = {isa = PBXBuildFile; fileRef = FCA19A30201ADF9800157AD6 /* SignInViewModel.swift */; };
		FCA19A33201ADFAD00157AD6 /* ConfirmationViewModel.swift in Sources */ = {isa = PBXBuildFile; fileRef = FCA19A32201ADFAD00157AD6 /* ConfirmationViewModel.swift */; };
		FCA19A35201AE00A00157AD6 /* ProfileRouter.swift in Sources */ = {isa = PBXBuildFile; fileRef = FCA19A34201AE00A00157AD6 /* ProfileRouter.swift */; };
		FCA19A37201AE01D00157AD6 /* ConfirmationRouter.swift in Sources */ = {isa = PBXBuildFile; fileRef = FCA19A36201AE01D00157AD6 /* ConfirmationRouter.swift */; };
		FCA19A39201AE02F00157AD6 /* SignInRouter.swift in Sources */ = {isa = PBXBuildFile; fileRef = FCA19A38201AE02F00157AD6 /* SignInRouter.swift */; };
		FCA19A3B201AE34900157AD6 /* WelcomeRouter.swift in Sources */ = {isa = PBXBuildFile; fileRef = FCA19A3A201AE34900157AD6 /* WelcomeRouter.swift */; };
		FCA19A3D201AE35800157AD6 /* WelcomeViewModel.swift in Sources */ = {isa = PBXBuildFile; fileRef = FCA19A3C201AE35800157AD6 /* WelcomeViewModel.swift */; };
		FCA19A3F201AE83100157AD6 /* WalletViewModel.swift in Sources */ = {isa = PBXBuildFile; fileRef = FCA19A3E201AE83100157AD6 /* WalletViewModel.swift */; };
		FCA19A41201AE83F00157AD6 /* DashboardViewModel.swift in Sources */ = {isa = PBXBuildFile; fileRef = FCA19A40201AE83F00157AD6 /* DashboardViewModel.swift */; };
		FCA19A43201AE85C00157AD6 /* DashboardRouter.swift in Sources */ = {isa = PBXBuildFile; fileRef = FCA19A42201AE85C00157AD6 /* DashboardRouter.swift */; };
		FCA19A45201AE86900157AD6 /* WalletRouter.swift in Sources */ = {isa = PBXBuildFile; fileRef = FCA19A44201AE86900157AD6 /* WalletRouter.swift */; };
		FCA19A47201AF8D600157AD6 /* ProgramDetailViewModel.swift in Sources */ = {isa = PBXBuildFile; fileRef = FCA19A46201AF8D600157AD6 /* ProgramDetailViewModel.swift */; };
		FCA19A49201AF8ED00157AD6 /* ProgramDetailRouter.swift in Sources */ = {isa = PBXBuildFile; fileRef = FCA19A48201AF8ED00157AD6 /* ProgramDetailRouter.swift */; };
		FCA19A4C201B83E900157AD6 /* ChartView.swift in Sources */ = {isa = PBXBuildFile; fileRef = FCA19A4B201B83E900157AD6 /* ChartView.swift */; };
		FCB2C4DC2010997A0012AA58 /* DataModelCollection.swift in Sources */ = {isa = PBXBuildFile; fileRef = FCB2C4DB2010997A0012AA58 /* DataModelCollection.swift */; };
		FCB2C4DE20109A0C0012AA58 /* RealmController.swift in Sources */ = {isa = PBXBuildFile; fileRef = FCB2C4DD20109A0C0012AA58 /* RealmController.swift */; };
		FCB2C4E020109A950012AA58 /* Realm+WriteFunctions.swift in Sources */ = {isa = PBXBuildFile; fileRef = FCB2C4DF20109A950012AA58 /* Realm+WriteFunctions.swift */; };
		FCB2C4E220109AA10012AA58 /* Realm+Notifications.swift in Sources */ = {isa = PBXBuildFile; fileRef = FCB2C4E120109AA10012AA58 /* Realm+Notifications.swift */; };
		FCB2C4E420109CAC0012AA58 /* TemplateEntityProtocol.swift in Sources */ = {isa = PBXBuildFile; fileRef = FCB2C4E320109CAC0012AA58 /* TemplateEntityProtocol.swift */; };
		FCB2C4E62010AA3C0012AA58 /* TemplatableObject.swift in Sources */ = {isa = PBXBuildFile; fileRef = FCB2C4E52010AA3C0012AA58 /* TemplatableObject.swift */; };
		FCB2C4E82010AABA0012AA58 /* TemplateModelCollection.swift in Sources */ = {isa = PBXBuildFile; fileRef = FCB2C4E72010AABA0012AA58 /* TemplateModelCollection.swift */; };
		FCB2C4EA2010BAAA0012AA58 /* String+Localized.swift in Sources */ = {isa = PBXBuildFile; fileRef = FCB2C4E92010BAAA0012AA58 /* String+Localized.swift */; };
		FCB2C4EC2010BB5F0012AA58 /* RandomAccessCollection+Random.swift in Sources */ = {isa = PBXBuildFile; fileRef = FCB2C4EB2010BB5F0012AA58 /* RandomAccessCollection+Random.swift */; };
		FCB2C4EE2010D51D0012AA58 /* Auth.storyboard in Resources */ = {isa = PBXBuildFile; fileRef = FCB2C4ED2010D51D0012AA58 /* Auth.storyboard */; };
		FCB8DFC42010F5EC00698D18 /* SignUpViewController.swift in Sources */ = {isa = PBXBuildFile; fileRef = FCB8DFC32010F5EC00698D18 /* SignUpViewController.swift */; };
		FCB8DFC62010F64200698D18 /* SignInViewController.swift in Sources */ = {isa = PBXBuildFile; fileRef = FCB8DFC52010F64200698D18 /* SignInViewController.swift */; };
		FCB8DFC92010F67300698D18 /* ConfirmationViewController.swift in Sources */ = {isa = PBXBuildFile; fileRef = FCB8DFC82010F67300698D18 /* ConfirmationViewController.swift */; };
		FCB8DFCB2010F6B100698D18 /* UIViewControllerWithTableView.swift in Sources */ = {isa = PBXBuildFile; fileRef = FCB8DFCA2010F6B100698D18 /* UIViewControllerWithTableView.swift */; };
		FCB8DFCF2010F99200698D18 /* AuthManager.swift in Sources */ = {isa = PBXBuildFile; fileRef = FCB8DFCE2010F99200698D18 /* AuthManager.swift */; };
		FCB8DFD32010FBC800698D18 /* ProfileObject.swift in Sources */ = {isa = PBXBuildFile; fileRef = FCB8DFD22010FBC800698D18 /* ProfileObject.swift */; };
		FCBD22C02019E960000B8E38 /* InvestmentProgramListViewModel.swift in Sources */ = {isa = PBXBuildFile; fileRef = FCBD22BF2019E960000B8E38 /* InvestmentProgramListViewModel.swift */; };
		FCBD22C22019EACA000B8E38 /* ErrorHandler.swift in Sources */ = {isa = PBXBuildFile; fileRef = FCBD22C12019EACA000B8E38 /* ErrorHandler.swift */; };
		FCBD2327201A2582000B8E38 /* ProfileViewModel.swift in Sources */ = {isa = PBXBuildFile; fileRef = FCBD2326201A2582000B8E38 /* ProfileViewModel.swift */; };
		FCC9DD28200DF2C3008825EC /* AppDelegate.swift in Sources */ = {isa = PBXBuildFile; fileRef = FCC9DD27200DF2C3008825EC /* AppDelegate.swift */; };
		FCC9DD53200DFA5E008825EC /* Assets.xcassets in Resources */ = {isa = PBXBuildFile; fileRef = FCC9DD3B200DFA5E008825EC /* Assets.xcassets */; };
		FCC9DD56200DFA5E008825EC /* LaunchScreen.storyboard in Resources */ = {isa = PBXBuildFile; fileRef = FCC9DD41200DFA5E008825EC /* LaunchScreen.storyboard */; };
		FCC9DD57200DFA5E008825EC /* Main.storyboard in Resources */ = {isa = PBXBuildFile; fileRef = FCC9DD42200DFA5E008825EC /* Main.storyboard */; };
		FCC9DD5B200DFFB8008825EC /* Profile.storyboard in Resources */ = {isa = PBXBuildFile; fileRef = FCC9DD5A200DFFB8008825EC /* Profile.storyboard */; };
		FCC9DD5D200DFFDC008825EC /* Traders.storyboard in Resources */ = {isa = PBXBuildFile; fileRef = FCC9DD5C200DFFDC008825EC /* Traders.storyboard */; };
		FCC9DD60200E20DB008825EC /* TraderTableViewCell.swift in Sources */ = {isa = PBXBuildFile; fileRef = FCC9DD5E200E20DB008825EC /* TraderTableViewCell.swift */; };
		FCC9DD61200E20DB008825EC /* TraderTableViewCell.xib in Resources */ = {isa = PBXBuildFile; fileRef = FCC9DD5F200E20DB008825EC /* TraderTableViewCell.xib */; };
		FCC9DD63200E2246008825EC /* CellViewModel.swift in Sources */ = {isa = PBXBuildFile; fileRef = FCC9DD62200E2246008825EC /* CellViewModel.swift */; };
		FCC9DD66200E3AB7008825EC /* TraderTableViewCellViewModel.swift in Sources */ = {isa = PBXBuildFile; fileRef = FCC9DD65200E3AB7008825EC /* TraderTableViewCellViewModel.swift */; };
		FCC9DD68200E3E2F008825EC /* InvestmentProgramEntity.swift in Sources */ = {isa = PBXBuildFile; fileRef = FCC9DD67200E3E2F008825EC /* InvestmentProgramEntity.swift */; };
		FCC9DD6C200E47B2008825EC /* Money.swift in Sources */ = {isa = PBXBuildFile; fileRef = FCC9DD6B200E47B2008825EC /* Money.swift */; };
		FCC9DD73200E4C7E008825EC /* TraderListViewController.swift in Sources */ = {isa = PBXBuildFile; fileRef = FCC9DD70200E4C7E008825EC /* TraderListViewController.swift */; };
		FCC9DD75200E4CAE008825EC /* ProfileViewController.swift in Sources */ = {isa = PBXBuildFile; fileRef = FCC9DD74200E4CAE008825EC /* ProfileViewController.swift */; };
		FCC9DD7A200E4CCF008825EC /* BaseNavigationController.swift in Sources */ = {isa = PBXBuildFile; fileRef = FCC9DD77200E4CCF008825EC /* BaseNavigationController.swift */; };
		FCC9DD7B200E4CCF008825EC /* BaseTabBarController.swift in Sources */ = {isa = PBXBuildFile; fileRef = FCC9DD78200E4CCF008825EC /* BaseTabBarController.swift */; };
		FCC9DD7C200E4CCF008825EC /* BaseViewController.swift in Sources */ = {isa = PBXBuildFile; fileRef = FCC9DD79200E4CCF008825EC /* BaseViewController.swift */; };
		FCC9DD7E200E57ED008825EC /* Previewing.swift in Sources */ = {isa = PBXBuildFile; fileRef = FCC9DD7D200E57ED008825EC /* Previewing.swift */; };
		FCC9DD80200E59C8008825EC /* UITableView+Configure.swift in Sources */ = {isa = PBXBuildFile; fileRef = FCC9DD7F200E59C8008825EC /* UITableView+Configure.swift */; };
		FCC9DD82200E5CA0008825EC /* UITableView+Registration.swift in Sources */ = {isa = PBXBuildFile; fileRef = FCC9DD81200E5CA0008825EC /* UITableView+Registration.swift */; };
		FCC9DD84200E5CEC008825EC /* UITableView+ReusableCell.swift in Sources */ = {isa = PBXBuildFile; fileRef = FCC9DD83200E5CEC008825EC /* UITableView+ReusableCell.swift */; };
		FCC9DD86200E5D12008825EC /* UITableViewHeaderFooterView+ReusableCell.swift in Sources */ = {isa = PBXBuildFile; fileRef = FCC9DD85200E5D12008825EC /* UITableViewHeaderFooterView+ReusableCell.swift */; };
		FCC9DD88200E61C0008825EC /* TraderViewController.swift in Sources */ = {isa = PBXBuildFile; fileRef = FCC9DD87200E61C0008825EC /* TraderViewController.swift */; };
		FCC9DD8A200E63D2008825EC /* UIViewControllerExtensions.swift in Sources */ = {isa = PBXBuildFile; fileRef = FCC9DD89200E63D2008825EC /* UIViewControllerExtensions.swift */; };
		FCC9DD8C200E658E008825EC /* ReusableCell.swift in Sources */ = {isa = PBXBuildFile; fileRef = FCC9DD8B200E658E008825EC /* ReusableCell.swift */; };
		FCC9DD8E200E67EF008825EC /* UITableView+CellViewModel.swift in Sources */ = {isa = PBXBuildFile; fileRef = FCC9DD8D200E67EF008825EC /* UITableView+CellViewModel.swift */; };
		FCC9DDA5200F9A64008825EC /* DisplayCollection.swift in Sources */ = {isa = PBXBuildFile; fileRef = FCC9DDA4200F9A64008825EC /* DisplayCollection.swift */; };
		FCC9DDA7200F9A80008825EC /* DisplayCollectionDelegate.swift in Sources */ = {isa = PBXBuildFile; fileRef = FCC9DDA6200F9A80008825EC /* DisplayCollectionDelegate.swift */; };
		FCE8236320161339000061E8 /* Constants.swift in Sources */ = {isa = PBXBuildFile; fileRef = FCE8236220161339000061E8 /* Constants.swift */; };
		FCE82365201622BD000061E8 /* ActionButton.swift in Sources */ = {isa = PBXBuildFile; fileRef = FCE82364201622BD000061E8 /* ActionButton.swift */; };
		FCE823672016239C000061E8 /* RoundedImageView.swift in Sources */ = {isa = PBXBuildFile; fileRef = FCE823662016239C000061E8 /* RoundedImageView.swift */; };
		FCE8236D201631B3000061E8 /* UIViewExtension.swift in Sources */ = {isa = PBXBuildFile; fileRef = FCE8236C201631B3000061E8 /* UIViewExtension.swift */; };
		FCF1060020179C2B00E3F481 /* Object+Singletone.swift in Sources */ = {isa = PBXBuildFile; fileRef = FCF105FF20179C2B00E3F481 /* Object+Singletone.swift */; };
		FCF1060520179F0200E3F481 /* ProfileEntity.swift in Sources */ = {isa = PBXBuildFile; fileRef = FCB8DFD02010F9E000698D18 /* ProfileEntity.swift */; };
		FCF1060720179F5A00E3F481 /* UserEntity.swift in Sources */ = {isa = PBXBuildFile; fileRef = FCF1060620179F5A00E3F481 /* UserEntity.swift */; };
/* End PBXBuildFile section */

/* Begin PBXFileReference section */
		1259E2D024633207C023BB6B /* Pods-genesisvision-ios.debug investor.xcconfig */ = {isa = PBXFileReference; includeInIndex = 1; lastKnownFileType = text.xcconfig; name = "Pods-genesisvision-ios.debug investor.xcconfig"; path = "Pods/Target Support Files/Pods-genesisvision-ios/Pods-genesisvision-ios.debug investor.xcconfig"; sourceTree = "<group>"; };
		382A460F742C4CFCF1959337 /* Pods-genesisvision-ios.release.xcconfig */ = {isa = PBXFileReference; includeInIndex = 1; lastKnownFileType = text.xcconfig; name = "Pods-genesisvision-ios.release.xcconfig"; path = "Pods/Target Support Files/Pods-genesisvision-ios/Pods-genesisvision-ios.release.xcconfig"; sourceTree = "<group>"; };
		96C81368C3DDE44C91DB5BCD /* Pods-genesisvision-ios.debug manager.xcconfig */ = {isa = PBXFileReference; includeInIndex = 1; lastKnownFileType = text.xcconfig; name = "Pods-genesisvision-ios.debug manager.xcconfig"; path = "Pods/Target Support Files/Pods-genesisvision-ios/Pods-genesisvision-ios.debug manager.xcconfig"; sourceTree = "<group>"; };
		C27C45D024CDE259719CEEA9 /* Pods_genesisvision_ios.framework */ = {isa = PBXFileReference; explicitFileType = wrapper.framework; includeInIndex = 0; path = Pods_genesisvision_ios.framework; sourceTree = BUILT_PRODUCTS_DIR; };
		D4A2436FDA06220328E9292C /* Pods-genesisvision-ios.debug.xcconfig */ = {isa = PBXFileReference; includeInIndex = 1; lastKnownFileType = text.xcconfig; name = "Pods-genesisvision-ios.debug.xcconfig"; path = "Pods/Target Support Files/Pods-genesisvision-ios/Pods-genesisvision-ios.debug.xcconfig"; sourceTree = "<group>"; };
		FC431D93201A460300DDAFC8 /* TranslationPlainObjectProtocol.swift */ = {isa = PBXFileReference; lastKnownFileType = sourcecode.swift; path = TranslationPlainObjectProtocol.swift; sourceTree = "<group>"; };
		FC431D95201A46C400DDAFC8 /* InvestmentProgramPlainObjectTranslation.swift */ = {isa = PBXFileReference; lastKnownFileType = sourcecode.swift; path = InvestmentProgramPlainObjectTranslation.swift; sourceTree = "<group>"; };
		FC4964142015445E00104CEB /* WalletViewController.swift */ = {isa = PBXFileReference; lastKnownFileType = sourcecode.swift; path = WalletViewController.swift; sourceTree = "<group>"; };
		FC4964172015474700104CEB /* DashboardViewController.swift */ = {isa = PBXFileReference; lastKnownFileType = sourcecode.swift; path = DashboardViewController.swift; sourceTree = "<group>"; };
		FC49641A2015489700104CEB /* WelcomeViewController.swift */ = {isa = PBXFileReference; lastKnownFileType = sourcecode.swift; path = WelcomeViewController.swift; sourceTree = "<group>"; };
		FC49641D2015500700104CEB /* Dashboard.storyboard */ = {isa = PBXFileReference; fileEncoding = 4; lastKnownFileType = file.storyboard; path = Dashboard.storyboard; sourceTree = "<group>"; };
		FC49641F2015502A00104CEB /* Wallet.storyboard */ = {isa = PBXFileReference; fileEncoding = 4; lastKnownFileType = file.storyboard; path = Wallet.storyboard; sourceTree = "<group>"; };
		FC496421201558AD00104CEB /* AppearanceController.swift */ = {isa = PBXFileReference; lastKnownFileType = sourcecode.swift; path = AppearanceController.swift; sourceTree = "<group>"; };
		FC4964232015590D00104CEB /* UIColor+PaletteColors.swift */ = {isa = PBXFileReference; lastKnownFileType = sourcecode.swift; path = "UIColor+PaletteColors.swift"; sourceTree = "<group>"; };
		FC4964252015598300104CEB /* UIColor+Hex.swift */ = {isa = PBXFileReference; lastKnownFileType = sourcecode.swift; path = "UIColor+Hex.swift"; sourceTree = "<group>"; };
		FC5E8FDE201F4487000E4A90 /* AlamofireImplementations.swift */ = {isa = PBXFileReference; fileEncoding = 4; lastKnownFileType = sourcecode.swift; path = AlamofireImplementations.swift; sourceTree = "<group>"; };
		FC5E8FDF201F4487000E4A90 /* APIHelper.swift */ = {isa = PBXFileReference; fileEncoding = 4; lastKnownFileType = sourcecode.swift; path = APIHelper.swift; sourceTree = "<group>"; };
		FC5E8FE1201F4487000E4A90 /* BrokerAPI.swift */ = {isa = PBXFileReference; fileEncoding = 4; lastKnownFileType = sourcecode.swift; path = BrokerAPI.swift; sourceTree = "<group>"; };
		FC5E8FE2201F4487000E4A90 /* InvestorAPI.swift */ = {isa = PBXFileReference; fileEncoding = 4; lastKnownFileType = sourcecode.swift; path = InvestorAPI.swift; sourceTree = "<group>"; };
		FC5E8FE3201F4487000E4A90 /* ManagerAPI.swift */ = {isa = PBXFileReference; fileEncoding = 4; lastKnownFileType = sourcecode.swift; path = ManagerAPI.swift; sourceTree = "<group>"; };
		FC5E8FE4201F4487000E4A90 /* TradesAPI.swift */ = {isa = PBXFileReference; fileEncoding = 4; lastKnownFileType = sourcecode.swift; path = TradesAPI.swift; sourceTree = "<group>"; };
		FC5E8FE5201F4487000E4A90 /* APIs.swift */ = {isa = PBXFileReference; fileEncoding = 4; lastKnownFileType = sourcecode.swift; path = APIs.swift; sourceTree = "<group>"; };
		FC5E8FE6201F4487000E4A90 /* CodableHelper.swift */ = {isa = PBXFileReference; fileEncoding = 4; lastKnownFileType = sourcecode.swift; path = CodableHelper.swift; sourceTree = "<group>"; };
		FC5E8FE7201F4487000E4A90 /* Configuration.swift */ = {isa = PBXFileReference; fileEncoding = 4; lastKnownFileType = sourcecode.swift; path = Configuration.swift; sourceTree = "<group>"; };
		FC5E8FE8201F4487000E4A90 /* Extensions.swift */ = {isa = PBXFileReference; fileEncoding = 4; lastKnownFileType = sourcecode.swift; path = Extensions.swift; sourceTree = "<group>"; };
		FC5E8FE9201F4487000E4A90 /* JSONEncodableEncoding.swift */ = {isa = PBXFileReference; fileEncoding = 4; lastKnownFileType = sourcecode.swift; path = JSONEncodableEncoding.swift; sourceTree = "<group>"; };
		FC5E8FEA201F4487000E4A90 /* JSONEncodingHelper.swift */ = {isa = PBXFileReference; fileEncoding = 4; lastKnownFileType = sourcecode.swift; path = JSONEncodingHelper.swift; sourceTree = "<group>"; };
		FC5E8FEC201F4487000E4A90 /* Broker.swift */ = {isa = PBXFileReference; fileEncoding = 4; lastKnownFileType = sourcecode.swift; path = Broker.swift; sourceTree = "<group>"; };
		FC5E8FED201F4487000E4A90 /* BrokerInitData.swift */ = {isa = PBXFileReference; fileEncoding = 4; lastKnownFileType = sourcecode.swift; path = BrokerInitData.swift; sourceTree = "<group>"; };
		FC5E8FEE201F4487000E4A90 /* BrokersFilter.swift */ = {isa = PBXFileReference; fileEncoding = 4; lastKnownFileType = sourcecode.swift; path = BrokersFilter.swift; sourceTree = "<group>"; };
		FC5E8FEF201F4487000E4A90 /* BrokersViewModel.swift */ = {isa = PBXFileReference; fileEncoding = 4; lastKnownFileType = sourcecode.swift; path = BrokersViewModel.swift; sourceTree = "<group>"; };
		FC5E8FF0201F4487000E4A90 /* BrokerTradeServer.swift */ = {isa = PBXFileReference; fileEncoding = 4; lastKnownFileType = sourcecode.swift; path = BrokerTradeServer.swift; sourceTree = "<group>"; };
		FC5E8FF1201F4487000E4A90 /* ClosePeriodData.swift */ = {isa = PBXFileReference; fileEncoding = 4; lastKnownFileType = sourcecode.swift; path = ClosePeriodData.swift; sourceTree = "<group>"; };
		FC5E8FF2201F4487000E4A90 /* ErrorMessage.swift */ = {isa = PBXFileReference; fileEncoding = 4; lastKnownFileType = sourcecode.swift; path = ErrorMessage.swift; sourceTree = "<group>"; };
		FC5E8FF3201F4487000E4A90 /* ErrorViewModel.swift */ = {isa = PBXFileReference; fileEncoding = 4; lastKnownFileType = sourcecode.swift; path = ErrorViewModel.swift; sourceTree = "<group>"; };
		FC5E8FF4201F4487000E4A90 /* Invest.swift */ = {isa = PBXFileReference; fileEncoding = 4; lastKnownFileType = sourcecode.swift; path = Invest.swift; sourceTree = "<group>"; };
		FC5E8FF5201F4487000E4A90 /* Investment.swift */ = {isa = PBXFileReference; fileEncoding = 4; lastKnownFileType = sourcecode.swift; path = Investment.swift; sourceTree = "<group>"; };
		FC5E8FF6201F4487000E4A90 /* InvestmentProgram.swift */ = {isa = PBXFileReference; fileEncoding = 4; lastKnownFileType = sourcecode.swift; path = InvestmentProgram.swift; sourceTree = "<group>"; };
		FC5E8FF7201F4487000E4A90 /* InvestmentProgramStatistic.swift */ = {isa = PBXFileReference; fileEncoding = 4; lastKnownFileType = sourcecode.swift; path = InvestmentProgramStatistic.swift; sourceTree = "<group>"; };
		FC5E8FF8201F4487000E4A90 /* InvestmentProgramsViewModel.swift */ = {isa = PBXFileReference; fileEncoding = 4; lastKnownFileType = sourcecode.swift; path = InvestmentProgramsViewModel.swift; sourceTree = "<group>"; };
		FC5E8FF9201F4487000E4A90 /* InvestmentProgramViewModel.swift */ = {isa = PBXFileReference; fileEncoding = 4; lastKnownFileType = sourcecode.swift; path = InvestmentProgramViewModel.swift; sourceTree = "<group>"; };
		FC5E8FFA201F4487000E4A90 /* InvestmentRequest.swift */ = {isa = PBXFileReference; fileEncoding = 4; lastKnownFileType = sourcecode.swift; path = InvestmentRequest.swift; sourceTree = "<group>"; };
		FC5E8FFB201F4487000E4A90 /* InvestmentsFilter.swift */ = {isa = PBXFileReference; fileEncoding = 4; lastKnownFileType = sourcecode.swift; path = InvestmentsFilter.swift; sourceTree = "<group>"; };
		FC5E8FFC201F4487000E4A90 /* InvestmentShort.swift */ = {isa = PBXFileReference; fileEncoding = 4; lastKnownFileType = sourcecode.swift; path = InvestmentShort.swift; sourceTree = "<group>"; };
		FC5E8FFD201F4487000E4A90 /* InvestorDashboard.swift */ = {isa = PBXFileReference; fileEncoding = 4; lastKnownFileType = sourcecode.swift; path = InvestorDashboard.swift; sourceTree = "<group>"; };
		FC5E8FFE201F4487000E4A90 /* InvestorProgram.swift */ = {isa = PBXFileReference; fileEncoding = 4; lastKnownFileType = sourcecode.swift; path = InvestorProgram.swift; sourceTree = "<group>"; };
		FC5E8FFF201F4487000E4A90 /* LoginViewModel.swift */ = {isa = PBXFileReference; fileEncoding = 4; lastKnownFileType = sourcecode.swift; path = LoginViewModel.swift; sourceTree = "<group>"; };
		FC5E9000201F4487000E4A90 /* ManagerAccount.swift */ = {isa = PBXFileReference; fileEncoding = 4; lastKnownFileType = sourcecode.swift; path = ManagerAccount.swift; sourceTree = "<group>"; };
		FC5E9001201F4487000E4A90 /* ManagerRequest.swift */ = {isa = PBXFileReference; fileEncoding = 4; lastKnownFileType = sourcecode.swift; path = ManagerRequest.swift; sourceTree = "<group>"; };
		FC5E9002201F4487000E4A90 /* ManagerToken.swift */ = {isa = PBXFileReference; fileEncoding = 4; lastKnownFileType = sourcecode.swift; path = ManagerToken.swift; sourceTree = "<group>"; };
		FC5E9003201F4487000E4A90 /* MetaTraderOrder.swift */ = {isa = PBXFileReference; fileEncoding = 4; lastKnownFileType = sourcecode.swift; path = MetaTraderOrder.swift; sourceTree = "<group>"; };
		FC5E9004201F4487000E4A90 /* NewInvestmentRequest.swift */ = {isa = PBXFileReference; fileEncoding = 4; lastKnownFileType = sourcecode.swift; path = NewInvestmentRequest.swift; sourceTree = "<group>"; };
		FC5E9005201F4487000E4A90 /* NewManager.swift */ = {isa = PBXFileReference; fileEncoding = 4; lastKnownFileType = sourcecode.swift; path = NewManager.swift; sourceTree = "<group>"; };
		FC5E9006201F4487000E4A90 /* Period.swift */ = {isa = PBXFileReference; fileEncoding = 4; lastKnownFileType = sourcecode.swift; path = Period.swift; sourceTree = "<group>"; };
		FC5E9007201F4487000E4A90 /* ProfileFullViewModel.swift */ = {isa = PBXFileReference; fileEncoding = 4; lastKnownFileType = sourcecode.swift; path = ProfileFullViewModel.swift; sourceTree = "<group>"; };
		FC5E9008201F4487000E4A90 /* ProfileShortViewModel.swift */ = {isa = PBXFileReference; fileEncoding = 4; lastKnownFileType = sourcecode.swift; path = ProfileShortViewModel.swift; sourceTree = "<group>"; };
		FC5E9009201F4487000E4A90 /* RegisterInvestorViewModel.swift */ = {isa = PBXFileReference; fileEncoding = 4; lastKnownFileType = sourcecode.swift; path = RegisterInvestorViewModel.swift; sourceTree = "<group>"; };
		FC5E900A201F4487000E4A90 /* RegisterManagerViewModel.swift */ = {isa = PBXFileReference; fileEncoding = 4; lastKnownFileType = sourcecode.swift; path = RegisterManagerViewModel.swift; sourceTree = "<group>"; };
		FC5E900B201F4487000E4A90 /* TradesViewModel.swift */ = {isa = PBXFileReference; fileEncoding = 4; lastKnownFileType = sourcecode.swift; path = TradesViewModel.swift; sourceTree = "<group>"; };
		FC5E900C201F4487000E4A90 /* TransactionsFilter.swift */ = {isa = PBXFileReference; fileEncoding = 4; lastKnownFileType = sourcecode.swift; path = TransactionsFilter.swift; sourceTree = "<group>"; };
		FC5E900D201F4487000E4A90 /* WalletTransaction.swift */ = {isa = PBXFileReference; fileEncoding = 4; lastKnownFileType = sourcecode.swift; path = WalletTransaction.swift; sourceTree = "<group>"; };
		FC5E900E201F4487000E4A90 /* WalletTransactionsViewModel.swift */ = {isa = PBXFileReference; fileEncoding = 4; lastKnownFileType = sourcecode.swift; path = WalletTransactionsViewModel.swift; sourceTree = "<group>"; };
		FC5E900F201F4487000E4A90 /* Models.swift */ = {isa = PBXFileReference; fileEncoding = 4; lastKnownFileType = sourcecode.swift; path = Models.swift; sourceTree = "<group>"; };
		FC5E90432020C169000E4A90 /* DispatchQueueExtension.swift */ = {isa = PBXFileReference; lastKnownFileType = sourcecode.swift; path = DispatchQueueExtension.swift; sourceTree = "<group>"; };
		FC5E904520216769000E4A90 /* FilterRouter.swift */ = {isa = PBXFileReference; lastKnownFileType = sourcecode.swift; path = FilterRouter.swift; sourceTree = "<group>"; };
		FC5E9047202167CF000E4A90 /* RouterViewModel.swift */ = {isa = PBXFileReference; lastKnownFileType = sourcecode.swift; path = RouterViewModel.swift; sourceTree = "<group>"; };
		FC5E9049202169DC000E4A90 /* FilterViewController.swift */ = {isa = PBXFileReference; lastKnownFileType = sourcecode.swift; path = FilterViewController.swift; sourceTree = "<group>"; };
		FC7CAE14201C310E00163A53 /* Info.plist */ = {isa = PBXFileReference; fileEncoding = 4; lastKnownFileType = text.plist.xml; path = Info.plist; sourceTree = "<group>"; };
		FCA19A22201AA07700157AD6 /* ProfileImageView.swift */ = {isa = PBXFileReference; lastKnownFileType = sourcecode.swift; path = ProfileImageView.swift; sourceTree = "<group>"; };
		FCA19A24201AA8C000157AD6 /* Router.swift */ = {isa = PBXFileReference; lastKnownFileType = sourcecode.swift; path = Router.swift; sourceTree = "<group>"; };
		FCA19A2A201ACE0400157AD6 /* SignUpRouter.swift */ = {isa = PBXFileReference; lastKnownFileType = sourcecode.swift; path = SignUpRouter.swift; sourceTree = "<group>"; };
		FCA19A2C201ADAB100157AD6 /* InvestmentProgramListRouter.swift */ = {isa = PBXFileReference; lastKnownFileType = sourcecode.swift; path = InvestmentProgramListRouter.swift; sourceTree = "<group>"; };
		FCA19A2E201ADF8800157AD6 /* SignUpViewModel.swift */ = {isa = PBXFileReference; lastKnownFileType = sourcecode.swift; path = SignUpViewModel.swift; sourceTree = "<group>"; };
		FCA19A30201ADF9800157AD6 /* SignInViewModel.swift */ = {isa = PBXFileReference; lastKnownFileType = sourcecode.swift; path = SignInViewModel.swift; sourceTree = "<group>"; };
		FCA19A32201ADFAD00157AD6 /* ConfirmationViewModel.swift */ = {isa = PBXFileReference; lastKnownFileType = sourcecode.swift; path = ConfirmationViewModel.swift; sourceTree = "<group>"; };
		FCA19A34201AE00A00157AD6 /* ProfileRouter.swift */ = {isa = PBXFileReference; lastKnownFileType = sourcecode.swift; path = ProfileRouter.swift; sourceTree = "<group>"; };
		FCA19A36201AE01D00157AD6 /* ConfirmationRouter.swift */ = {isa = PBXFileReference; lastKnownFileType = sourcecode.swift; path = ConfirmationRouter.swift; sourceTree = "<group>"; };
		FCA19A38201AE02F00157AD6 /* SignInRouter.swift */ = {isa = PBXFileReference; lastKnownFileType = sourcecode.swift; path = SignInRouter.swift; sourceTree = "<group>"; };
		FCA19A3A201AE34900157AD6 /* WelcomeRouter.swift */ = {isa = PBXFileReference; lastKnownFileType = sourcecode.swift; path = WelcomeRouter.swift; sourceTree = "<group>"; };
		FCA19A3C201AE35800157AD6 /* WelcomeViewModel.swift */ = {isa = PBXFileReference; lastKnownFileType = sourcecode.swift; path = WelcomeViewModel.swift; sourceTree = "<group>"; };
		FCA19A3E201AE83100157AD6 /* WalletViewModel.swift */ = {isa = PBXFileReference; lastKnownFileType = sourcecode.swift; path = WalletViewModel.swift; sourceTree = "<group>"; };
		FCA19A40201AE83F00157AD6 /* DashboardViewModel.swift */ = {isa = PBXFileReference; lastKnownFileType = sourcecode.swift; path = DashboardViewModel.swift; sourceTree = "<group>"; };
		FCA19A42201AE85C00157AD6 /* DashboardRouter.swift */ = {isa = PBXFileReference; lastKnownFileType = sourcecode.swift; path = DashboardRouter.swift; sourceTree = "<group>"; };
		FCA19A44201AE86900157AD6 /* WalletRouter.swift */ = {isa = PBXFileReference; lastKnownFileType = sourcecode.swift; path = WalletRouter.swift; sourceTree = "<group>"; };
		FCA19A46201AF8D600157AD6 /* ProgramDetailViewModel.swift */ = {isa = PBXFileReference; lastKnownFileType = sourcecode.swift; path = ProgramDetailViewModel.swift; sourceTree = "<group>"; };
		FCA19A48201AF8ED00157AD6 /* ProgramDetailRouter.swift */ = {isa = PBXFileReference; lastKnownFileType = sourcecode.swift; path = ProgramDetailRouter.swift; sourceTree = "<group>"; };
		FCA19A4B201B83E900157AD6 /* ChartView.swift */ = {isa = PBXFileReference; lastKnownFileType = sourcecode.swift; path = ChartView.swift; sourceTree = "<group>"; };
		FCB2C4DB2010997A0012AA58 /* DataModelCollection.swift */ = {isa = PBXFileReference; lastKnownFileType = sourcecode.swift; path = DataModelCollection.swift; sourceTree = "<group>"; };
		FCB2C4DD20109A0C0012AA58 /* RealmController.swift */ = {isa = PBXFileReference; lastKnownFileType = sourcecode.swift; path = RealmController.swift; sourceTree = "<group>"; };
		FCB2C4DF20109A950012AA58 /* Realm+WriteFunctions.swift */ = {isa = PBXFileReference; lastKnownFileType = sourcecode.swift; path = "Realm+WriteFunctions.swift"; sourceTree = "<group>"; };
		FCB2C4E120109AA10012AA58 /* Realm+Notifications.swift */ = {isa = PBXFileReference; lastKnownFileType = sourcecode.swift; path = "Realm+Notifications.swift"; sourceTree = "<group>"; };
		FCB2C4E320109CAC0012AA58 /* TemplateEntityProtocol.swift */ = {isa = PBXFileReference; lastKnownFileType = sourcecode.swift; path = TemplateEntityProtocol.swift; sourceTree = "<group>"; };
		FCB2C4E52010AA3C0012AA58 /* TemplatableObject.swift */ = {isa = PBXFileReference; lastKnownFileType = sourcecode.swift; path = TemplatableObject.swift; sourceTree = "<group>"; };
		FCB2C4E72010AABA0012AA58 /* TemplateModelCollection.swift */ = {isa = PBXFileReference; lastKnownFileType = sourcecode.swift; path = TemplateModelCollection.swift; sourceTree = "<group>"; };
		FCB2C4E92010BAAA0012AA58 /* String+Localized.swift */ = {isa = PBXFileReference; lastKnownFileType = sourcecode.swift; path = "String+Localized.swift"; sourceTree = "<group>"; };
		FCB2C4EB2010BB5F0012AA58 /* RandomAccessCollection+Random.swift */ = {isa = PBXFileReference; lastKnownFileType = sourcecode.swift; path = "RandomAccessCollection+Random.swift"; sourceTree = "<group>"; };
		FCB2C4ED2010D51D0012AA58 /* Auth.storyboard */ = {isa = PBXFileReference; fileEncoding = 4; lastKnownFileType = file.storyboard; path = Auth.storyboard; sourceTree = "<group>"; };
		FCB8DFC32010F5EC00698D18 /* SignUpViewController.swift */ = {isa = PBXFileReference; lastKnownFileType = sourcecode.swift; path = SignUpViewController.swift; sourceTree = "<group>"; };
		FCB8DFC52010F64200698D18 /* SignInViewController.swift */ = {isa = PBXFileReference; lastKnownFileType = sourcecode.swift; path = SignInViewController.swift; sourceTree = "<group>"; };
		FCB8DFC82010F67300698D18 /* ConfirmationViewController.swift */ = {isa = PBXFileReference; lastKnownFileType = sourcecode.swift; path = ConfirmationViewController.swift; sourceTree = "<group>"; };
		FCB8DFCA2010F6B100698D18 /* UIViewControllerWithTableView.swift */ = {isa = PBXFileReference; lastKnownFileType = sourcecode.swift; path = UIViewControllerWithTableView.swift; sourceTree = "<group>"; };
		FCB8DFCE2010F99200698D18 /* AuthManager.swift */ = {isa = PBXFileReference; lastKnownFileType = sourcecode.swift; path = AuthManager.swift; sourceTree = "<group>"; };
		FCB8DFD02010F9E000698D18 /* ProfileEntity.swift */ = {isa = PBXFileReference; lastKnownFileType = sourcecode.swift; path = ProfileEntity.swift; sourceTree = "<group>"; };
		FCB8DFD22010FBC800698D18 /* ProfileObject.swift */ = {isa = PBXFileReference; lastKnownFileType = sourcecode.swift; path = ProfileObject.swift; sourceTree = "<group>"; };
		FCBD22BF2019E960000B8E38 /* InvestmentProgramListViewModel.swift */ = {isa = PBXFileReference; lastKnownFileType = sourcecode.swift; path = InvestmentProgramListViewModel.swift; sourceTree = "<group>"; };
		FCBD22C12019EACA000B8E38 /* ErrorHandler.swift */ = {isa = PBXFileReference; lastKnownFileType = sourcecode.swift; path = ErrorHandler.swift; sourceTree = "<group>"; };
		FCBD2326201A2582000B8E38 /* ProfileViewModel.swift */ = {isa = PBXFileReference; lastKnownFileType = sourcecode.swift; path = ProfileViewModel.swift; sourceTree = "<group>"; };
		FCC9DD24200DF2C3008825EC /* genesisvision-ios.app */ = {isa = PBXFileReference; explicitFileType = wrapper.application; includeInIndex = 0; path = "genesisvision-ios.app"; sourceTree = BUILT_PRODUCTS_DIR; };
		FCC9DD27200DF2C3008825EC /* AppDelegate.swift */ = {isa = PBXFileReference; lastKnownFileType = sourcecode.swift; path = AppDelegate.swift; sourceTree = "<group>"; };
		FCC9DD3B200DFA5E008825EC /* Assets.xcassets */ = {isa = PBXFileReference; lastKnownFileType = folder.assetcatalog; path = Assets.xcassets; sourceTree = "<group>"; };
		FCC9DD41200DFA5E008825EC /* LaunchScreen.storyboard */ = {isa = PBXFileReference; fileEncoding = 4; lastKnownFileType = file.storyboard; path = LaunchScreen.storyboard; sourceTree = "<group>"; };
		FCC9DD42200DFA5E008825EC /* Main.storyboard */ = {isa = PBXFileReference; fileEncoding = 4; lastKnownFileType = file.storyboard; path = Main.storyboard; sourceTree = "<group>"; };
		FCC9DD5A200DFFB8008825EC /* Profile.storyboard */ = {isa = PBXFileReference; fileEncoding = 4; lastKnownFileType = file.storyboard; path = Profile.storyboard; sourceTree = "<group>"; };
		FCC9DD5C200DFFDC008825EC /* Traders.storyboard */ = {isa = PBXFileReference; fileEncoding = 4; lastKnownFileType = file.storyboard; path = Traders.storyboard; sourceTree = "<group>"; };
		FCC9DD5E200E20DB008825EC /* TraderTableViewCell.swift */ = {isa = PBXFileReference; lastKnownFileType = sourcecode.swift; path = TraderTableViewCell.swift; sourceTree = "<group>"; };
		FCC9DD5F200E20DB008825EC /* TraderTableViewCell.xib */ = {isa = PBXFileReference; lastKnownFileType = file.xib; path = TraderTableViewCell.xib; sourceTree = "<group>"; };
		FCC9DD62200E2246008825EC /* CellViewModel.swift */ = {isa = PBXFileReference; lastKnownFileType = sourcecode.swift; path = CellViewModel.swift; sourceTree = "<group>"; };
		FCC9DD65200E3AB7008825EC /* TraderTableViewCellViewModel.swift */ = {isa = PBXFileReference; lastKnownFileType = sourcecode.swift; path = TraderTableViewCellViewModel.swift; sourceTree = "<group>"; };
		FCC9DD67200E3E2F008825EC /* InvestmentProgramEntity.swift */ = {isa = PBXFileReference; lastKnownFileType = sourcecode.swift; path = InvestmentProgramEntity.swift; sourceTree = "<group>"; };
		FCC9DD6B200E47B2008825EC /* Money.swift */ = {isa = PBXFileReference; lastKnownFileType = sourcecode.swift; path = Money.swift; sourceTree = "<group>"; };
		FCC9DD70200E4C7E008825EC /* TraderListViewController.swift */ = {isa = PBXFileReference; fileEncoding = 4; lastKnownFileType = sourcecode.swift; path = TraderListViewController.swift; sourceTree = "<group>"; };
		FCC9DD74200E4CAE008825EC /* ProfileViewController.swift */ = {isa = PBXFileReference; lastKnownFileType = sourcecode.swift; path = ProfileViewController.swift; sourceTree = "<group>"; };
		FCC9DD77200E4CCF008825EC /* BaseNavigationController.swift */ = {isa = PBXFileReference; fileEncoding = 4; lastKnownFileType = sourcecode.swift; path = BaseNavigationController.swift; sourceTree = "<group>"; };
		FCC9DD78200E4CCF008825EC /* BaseTabBarController.swift */ = {isa = PBXFileReference; fileEncoding = 4; lastKnownFileType = sourcecode.swift; path = BaseTabBarController.swift; sourceTree = "<group>"; };
		FCC9DD79200E4CCF008825EC /* BaseViewController.swift */ = {isa = PBXFileReference; fileEncoding = 4; lastKnownFileType = sourcecode.swift; path = BaseViewController.swift; sourceTree = "<group>"; };
		FCC9DD7D200E57ED008825EC /* Previewing.swift */ = {isa = PBXFileReference; lastKnownFileType = sourcecode.swift; path = Previewing.swift; sourceTree = "<group>"; };
		FCC9DD7F200E59C8008825EC /* UITableView+Configure.swift */ = {isa = PBXFileReference; lastKnownFileType = sourcecode.swift; path = "UITableView+Configure.swift"; sourceTree = "<group>"; };
		FCC9DD81200E5CA0008825EC /* UITableView+Registration.swift */ = {isa = PBXFileReference; lastKnownFileType = sourcecode.swift; path = "UITableView+Registration.swift"; sourceTree = "<group>"; };
		FCC9DD83200E5CEC008825EC /* UITableView+ReusableCell.swift */ = {isa = PBXFileReference; lastKnownFileType = sourcecode.swift; path = "UITableView+ReusableCell.swift"; sourceTree = "<group>"; };
		FCC9DD85200E5D12008825EC /* UITableViewHeaderFooterView+ReusableCell.swift */ = {isa = PBXFileReference; lastKnownFileType = sourcecode.swift; path = "UITableViewHeaderFooterView+ReusableCell.swift"; sourceTree = "<group>"; };
		FCC9DD87200E61C0008825EC /* TraderViewController.swift */ = {isa = PBXFileReference; lastKnownFileType = sourcecode.swift; path = TraderViewController.swift; sourceTree = "<group>"; };
		FCC9DD89200E63D2008825EC /* UIViewControllerExtensions.swift */ = {isa = PBXFileReference; lastKnownFileType = sourcecode.swift; path = UIViewControllerExtensions.swift; sourceTree = "<group>"; };
		FCC9DD8B200E658E008825EC /* ReusableCell.swift */ = {isa = PBXFileReference; lastKnownFileType = sourcecode.swift; path = ReusableCell.swift; sourceTree = "<group>"; };
		FCC9DD8D200E67EF008825EC /* UITableView+CellViewModel.swift */ = {isa = PBXFileReference; lastKnownFileType = sourcecode.swift; path = "UITableView+CellViewModel.swift"; sourceTree = "<group>"; };
		FCC9DDA4200F9A64008825EC /* DisplayCollection.swift */ = {isa = PBXFileReference; lastKnownFileType = sourcecode.swift; path = DisplayCollection.swift; sourceTree = "<group>"; };
		FCC9DDA6200F9A80008825EC /* DisplayCollectionDelegate.swift */ = {isa = PBXFileReference; lastKnownFileType = sourcecode.swift; path = DisplayCollectionDelegate.swift; sourceTree = "<group>"; };
		FCE8236220161339000061E8 /* Constants.swift */ = {isa = PBXFileReference; lastKnownFileType = sourcecode.swift; path = Constants.swift; sourceTree = "<group>"; };
		FCE82364201622BD000061E8 /* ActionButton.swift */ = {isa = PBXFileReference; lastKnownFileType = sourcecode.swift; path = ActionButton.swift; sourceTree = "<group>"; };
		FCE823662016239C000061E8 /* RoundedImageView.swift */ = {isa = PBXFileReference; lastKnownFileType = sourcecode.swift; path = RoundedImageView.swift; sourceTree = "<group>"; };
		FCE8236C201631B3000061E8 /* UIViewExtension.swift */ = {isa = PBXFileReference; lastKnownFileType = sourcecode.swift; path = UIViewExtension.swift; sourceTree = "<group>"; };
		FCF105FF20179C2B00E3F481 /* Object+Singletone.swift */ = {isa = PBXFileReference; lastKnownFileType = sourcecode.swift; path = "Object+Singletone.swift"; sourceTree = "<group>"; };
		FCF1060620179F5A00E3F481 /* UserEntity.swift */ = {isa = PBXFileReference; lastKnownFileType = sourcecode.swift; path = UserEntity.swift; sourceTree = "<group>"; };
/* End PBXFileReference section */

/* Begin PBXFrameworksBuildPhase section */
		FCC9DD21200DF2C3008825EC /* Frameworks */ = {
			isa = PBXFrameworksBuildPhase;
			buildActionMask = 2147483647;
			files = (
				03E5CEB1247FC0633F810102 /* Pods_genesisvision_ios.framework in Frameworks */,
			);
			runOnlyForDeploymentPostprocessing = 0;
		};
/* End PBXFrameworksBuildPhase section */

/* Begin PBXGroup section */
		450E0AA731BC9B9D261CAA3B /* Pods */ = {
			isa = PBXGroup;
			children = (
				D4A2436FDA06220328E9292C /* Pods-genesisvision-ios.debug.xcconfig */,
				382A460F742C4CFCF1959337 /* Pods-genesisvision-ios.release.xcconfig */,
				96C81368C3DDE44C91DB5BCD /* Pods-genesisvision-ios.debug manager.xcconfig */,
				1259E2D024633207C023BB6B /* Pods-genesisvision-ios.debug investor.xcconfig */,
			);
			name = Pods;
			sourceTree = "<group>";
		};
		B8DB3D95241F1BF35C1AA19C /* Frameworks */ = {
			isa = PBXGroup;
			children = (
				C27C45D024CDE259719CEEA9 /* Pods_genesisvision_ios.framework */,
			);
			name = Frameworks;
			sourceTree = "<group>";
		};
		FC4964162015446700104CEB /* Wallet */ = {
			isa = PBXGroup;
			children = (
				FC4964142015445E00104CEB /* WalletViewController.swift */,
			);
			path = Wallet;
			sourceTree = "<group>";
		};
		FC4964192015474B00104CEB /* Dashboard */ = {
			isa = PBXGroup;
			children = (
				FC4964172015474700104CEB /* DashboardViewController.swift */,
			);
			path = Dashboard;
			sourceTree = "<group>";
		};
		FC49641C2015489B00104CEB /* Welcome */ = {
			isa = PBXGroup;
			children = (
				FC49641A2015489700104CEB /* WelcomeViewController.swift */,
			);
			path = Welcome;
			sourceTree = "<group>";
		};
		FC4964272015598E00104CEB /* UIColor */ = {
			isa = PBXGroup;
			children = (
				FC4964232015590D00104CEB /* UIColor+PaletteColors.swift */,
				FC4964252015598300104CEB /* UIColor+Hex.swift */,
			);
			path = UIColor;
			sourceTree = "<group>";
		};
		FC4964282015599B00104CEB /* UITableView */ = {
			isa = PBXGroup;
			children = (
				FCC9DD8D200E67EF008825EC /* UITableView+CellViewModel.swift */,
				FCC9DD7F200E59C8008825EC /* UITableView+Configure.swift */,
				FCC9DD81200E5CA0008825EC /* UITableView+Registration.swift */,
				FCC9DD83200E5CEC008825EC /* UITableView+ReusableCell.swift */,
				FCC9DD85200E5D12008825EC /* UITableViewHeaderFooterView+ReusableCell.swift */,
			);
			path = UITableView;
			sourceTree = "<group>";
		};
		FC5E8FDD201F4487000E4A90 /* Swaggers */ = {
			isa = PBXGroup;
			children = (
				FC5E8FDE201F4487000E4A90 /* AlamofireImplementations.swift */,
				FC5E8FDF201F4487000E4A90 /* APIHelper.swift */,
				FC5E8FE0201F4487000E4A90 /* APIs */,
				FC5E8FE5201F4487000E4A90 /* APIs.swift */,
				FC5E8FE6201F4487000E4A90 /* CodableHelper.swift */,
				FC5E8FE7201F4487000E4A90 /* Configuration.swift */,
				FC5E8FE8201F4487000E4A90 /* Extensions.swift */,
				FC5E8FE9201F4487000E4A90 /* JSONEncodableEncoding.swift */,
				FC5E8FEA201F4487000E4A90 /* JSONEncodingHelper.swift */,
				FC5E8FEB201F4487000E4A90 /* Models */,
				FC5E900F201F4487000E4A90 /* Models.swift */,
			);
			path = Swaggers;
			sourceTree = "<group>";
		};
		FC5E8FE0201F4487000E4A90 /* APIs */ = {
			isa = PBXGroup;
			children = (
				FC5E8FE1201F4487000E4A90 /* BrokerAPI.swift */,
				FC5E8FE2201F4487000E4A90 /* InvestorAPI.swift */,
				FC5E8FE3201F4487000E4A90 /* ManagerAPI.swift */,
				FC5E8FE4201F4487000E4A90 /* TradesAPI.swift */,
			);
			path = APIs;
			sourceTree = "<group>";
		};
		FC5E8FEB201F4487000E4A90 /* Models */ = {
			isa = PBXGroup;
			children = (
				FC5E8FEC201F4487000E4A90 /* Broker.swift */,
				FC5E8FED201F4487000E4A90 /* BrokerInitData.swift */,
				FC5E8FEE201F4487000E4A90 /* BrokersFilter.swift */,
				FC5E8FEF201F4487000E4A90 /* BrokersViewModel.swift */,
				FC5E8FF0201F4487000E4A90 /* BrokerTradeServer.swift */,
				FC5E8FF1201F4487000E4A90 /* ClosePeriodData.swift */,
				FC5E8FF2201F4487000E4A90 /* ErrorMessage.swift */,
				FC5E8FF3201F4487000E4A90 /* ErrorViewModel.swift */,
				FC5E8FF4201F4487000E4A90 /* Invest.swift */,
				FC5E8FF5201F4487000E4A90 /* Investment.swift */,
				FC5E8FF6201F4487000E4A90 /* InvestmentProgram.swift */,
				FC5E8FF7201F4487000E4A90 /* InvestmentProgramStatistic.swift */,
				FC5E8FF8201F4487000E4A90 /* InvestmentProgramsViewModel.swift */,
				FC5E8FF9201F4487000E4A90 /* InvestmentProgramViewModel.swift */,
				FC5E8FFA201F4487000E4A90 /* InvestmentRequest.swift */,
				FC5E8FFB201F4487000E4A90 /* InvestmentsFilter.swift */,
				FC5E8FFC201F4487000E4A90 /* InvestmentShort.swift */,
				FC5E8FFD201F4487000E4A90 /* InvestorDashboard.swift */,
				FC5E8FFE201F4487000E4A90 /* InvestorProgram.swift */,
				FC5E8FFF201F4487000E4A90 /* LoginViewModel.swift */,
				FC5E9000201F4487000E4A90 /* ManagerAccount.swift */,
				FC5E9001201F4487000E4A90 /* ManagerRequest.swift */,
				FC5E9002201F4487000E4A90 /* ManagerToken.swift */,
				FC5E9003201F4487000E4A90 /* MetaTraderOrder.swift */,
				FC5E9004201F4487000E4A90 /* NewInvestmentRequest.swift */,
				FC5E9005201F4487000E4A90 /* NewManager.swift */,
				FC5E9006201F4487000E4A90 /* Period.swift */,
				FC5E9007201F4487000E4A90 /* ProfileFullViewModel.swift */,
				FC5E9008201F4487000E4A90 /* ProfileShortViewModel.swift */,
				FC5E9009201F4487000E4A90 /* RegisterInvestorViewModel.swift */,
				FC5E900A201F4487000E4A90 /* RegisterManagerViewModel.swift */,
				FC5E900B201F4487000E4A90 /* TradesViewModel.swift */,
				FC5E900C201F4487000E4A90 /* TransactionsFilter.swift */,
				FC5E900D201F4487000E4A90 /* WalletTransaction.swift */,
				FC5E900E201F4487000E4A90 /* WalletTransactionsViewModel.swift */,
			);
			path = Models;
			sourceTree = "<group>";
		};
		FCB8DFC72010F64D00698D18 /* Auth */ = {
			isa = PBXGroup;
			children = (
				FCB8DFC32010F5EC00698D18 /* SignUpViewController.swift */,
				FCB8DFC52010F64200698D18 /* SignInViewController.swift */,
				FCB8DFC82010F67300698D18 /* ConfirmationViewController.swift */,
			);
			path = Auth;
			sourceTree = "<group>";
		};
		FCB8DFD42010FBE500698D18 /* PlainObjects */ = {
			isa = PBXGroup;
			children = (
				FCB8DFD22010FBC800698D18 /* ProfileObject.swift */,
				FC431D95201A46C400DDAFC8 /* InvestmentProgramPlainObjectTranslation.swift */,
			);
			path = PlainObjects;
			sourceTree = "<group>";
		};
		FCBD22BE2019E925000B8E38 /* View Models */ = {
			isa = PBXGroup;
			children = (
				FCA19A3C201AE35800157AD6 /* WelcomeViewModel.swift */,
				FCBD22BF2019E960000B8E38 /* InvestmentProgramListViewModel.swift */,
				FCBD2326201A2582000B8E38 /* ProfileViewModel.swift */,
				FCA19A2E201ADF8800157AD6 /* SignUpViewModel.swift */,
				FCA19A30201ADF9800157AD6 /* SignInViewModel.swift */,
				FCA19A32201ADFAD00157AD6 /* ConfirmationViewModel.swift */,
				FCA19A3E201AE83100157AD6 /* WalletViewModel.swift */,
				FCA19A40201AE83F00157AD6 /* DashboardViewModel.swift */,
				FCA19A46201AF8D600157AD6 /* ProgramDetailViewModel.swift */,
				FC5E9047202167CF000E4A90 /* RouterViewModel.swift */,
			);
			path = "View Models";
			sourceTree = "<group>";
		};
		FCC9DD1B200DF2C3008825EC = {
			isa = PBXGroup;
			children = (
				FCC9DD26200DF2C3008825EC /* genesisvision-ios */,
				FCC9DD25200DF2C3008825EC /* Products */,
				450E0AA731BC9B9D261CAA3B /* Pods */,
				B8DB3D95241F1BF35C1AA19C /* Frameworks */,
			);
			sourceTree = "<group>";
		};
		FCC9DD25200DF2C3008825EC /* Products */ = {
			isa = PBXGroup;
			children = (
				FCC9DD24200DF2C3008825EC /* genesisvision-ios.app */,
			);
			name = Products;
			sourceTree = "<group>";
		};
		FCC9DD26200DF2C3008825EC /* genesisvision-ios */ = {
			isa = PBXGroup;
			children = (
				FCC9DD27200DF2C3008825EC /* AppDelegate.swift */,
				FCC9DD43200DFA5E008825EC /* Sources */,
				FCC9DD39200DFA5E008825EC /* Resources */,
			);
			path = "genesisvision-ios";
			sourceTree = "<group>";
		};
		FCC9DD39200DFA5E008825EC /* Resources */ = {
			isa = PBXGroup;
			children = (
				FCC9DD3A200DFA5E008825EC /* Assets */,
				FCC9DD3C200DFA5E008825EC /* Config */,
				FCC9DD3E200DFA5E008825EC /* Fonts */,
				FCC9DD40200DFA5E008825EC /* Storyboards */,
			);
			path = Resources;
			sourceTree = "<group>";
		};
		FCC9DD3A200DFA5E008825EC /* Assets */ = {
			isa = PBXGroup;
			children = (
				FCC9DD3B200DFA5E008825EC /* Assets.xcassets */,
			);
			path = Assets;
			sourceTree = "<group>";
		};
		FCC9DD3C200DFA5E008825EC /* Config */ = {
			isa = PBXGroup;
			children = (
				FC7CAE14201C310E00163A53 /* Info.plist */,
				FCE8236220161339000061E8 /* Constants.swift */,
			);
			path = Config;
			sourceTree = "<group>";
		};
		FCC9DD3E200DFA5E008825EC /* Fonts */ = {
			isa = PBXGroup;
			children = (
			);
			path = Fonts;
			sourceTree = "<group>";
		};
		FCC9DD40200DFA5E008825EC /* Storyboards */ = {
			isa = PBXGroup;
			children = (
				FCC9DD41200DFA5E008825EC /* LaunchScreen.storyboard */,
				FCC9DD42200DFA5E008825EC /* Main.storyboard */,
				FC49641F2015502A00104CEB /* Wallet.storyboard */,
				FC49641D2015500700104CEB /* Dashboard.storyboard */,
				FCB2C4ED2010D51D0012AA58 /* Auth.storyboard */,
				FCC9DD5C200DFFDC008825EC /* Traders.storyboard */,
				FCC9DD5A200DFFB8008825EC /* Profile.storyboard */,
			);
			path = Storyboards;
			sourceTree = "<group>";
		};
		FCC9DD43200DFA5E008825EC /* Sources */ = {
			isa = PBXGroup;
			children = (
				FCBD22BE2019E925000B8E38 /* View Models */,
				FCC9DD44200DFA5E008825EC /* Common */,
				FCC9DD49200DFA5E008825EC /* View Controllers */,
				FCC9DD47200DFA5E008825EC /* Controllers */,
				FCC9DD4A200DFA5E008825EC /* Models */,
				FCC9DD4D200DFA5E008825EC /* Other */,
				FCC9DD4E200DFA5E008825EC /* Routers */,
				FCC9DD4F200DFA5E008825EC /* Services */,
				FCC9DD50200DFA5E008825EC /* Vendor */,
				FCC9DD51200DFA5E008825EC /* Views */,
			);
			path = Sources;
			sourceTree = "<group>";
		};
		FCC9DD44200DFA5E008825EC /* Common */ = {
			isa = PBXGroup;
			children = (
				FCC9DD64200E236E008825EC /* Protocols */,
				FCC9DD45200DFA5E008825EC /* Extensions */,
				FCC9DD46200DFA5E008825EC /* Helpers */,
			);
			path = Common;
			sourceTree = "<group>";
		};
		FCC9DD45200DFA5E008825EC /* Extensions */ = {
			isa = PBXGroup;
			children = (
				FCC9DD7D200E57ED008825EC /* Previewing.swift */,
				FC4964282015599B00104CEB /* UITableView */,
				FCC9DD89200E63D2008825EC /* UIViewControllerExtensions.swift */,
				FCB2C4E92010BAAA0012AA58 /* String+Localized.swift */,
				FCB2C4EB2010BB5F0012AA58 /* RandomAccessCollection+Random.swift */,
				FC4964272015598E00104CEB /* UIColor */,
				FCE8236C201631B3000061E8 /* UIViewExtension.swift */,
				FC5E90432020C169000E4A90 /* DispatchQueueExtension.swift */,
			);
			path = Extensions;
			sourceTree = "<group>";
		};
		FCC9DD46200DFA5E008825EC /* Helpers */ = {
			isa = PBXGroup;
			children = (
				FCC9DD62200E2246008825EC /* CellViewModel.swift */,
				FCC9DD6B200E47B2008825EC /* Money.swift */,
				FCC9DDA8200F9AF8008825EC /* DisplayCollection */,
				FCF105FF20179C2B00E3F481 /* Object+Singletone.swift */,
				FCBD22C12019EACA000B8E38 /* ErrorHandler.swift */,
				FC431D93201A460300DDAFC8 /* TranslationPlainObjectProtocol.swift */,
			);
			path = Helpers;
			sourceTree = "<group>";
		};
		FCC9DD47200DFA5E008825EC /* Controllers */ = {
			isa = PBXGroup;
			children = (
				FCC9DD48200DFA5E008825EC /* Other Controllers */,
			);
			path = Controllers;
			sourceTree = "<group>";
		};
		FCC9DD48200DFA5E008825EC /* Other Controllers */ = {
			isa = PBXGroup;
			children = (
				FCB8DFCE2010F99200698D18 /* AuthManager.swift */,
				FC496421201558AD00104CEB /* AppearanceController.swift */,
			);
			path = "Other Controllers";
			sourceTree = "<group>";
		};
		FCC9DD49200DFA5E008825EC /* View Controllers */ = {
			isa = PBXGroup;
			children = (
				FCC9DD76200E4CCF008825EC /* Base */,
				FCB8DFC72010F64D00698D18 /* Auth */,
				FCC9DD72200E4C7E008825EC /* Profile */,
				FCC9DD6F200E4C7E008825EC /* TraderList */,
				FC4964162015446700104CEB /* Wallet */,
				FC4964192015474B00104CEB /* Dashboard */,
				FC49641C2015489B00104CEB /* Welcome */,
			);
			path = "View Controllers";
			sourceTree = "<group>";
		};
		FCC9DD4A200DFA5E008825EC /* Models */ = {
			isa = PBXGroup;
			children = (
				FCC9DD4B200DFA5E008825EC /* Entities */,
				FCC9DD4C200DFA5E008825EC /* Helpers */,
				FCB8DFD42010FBE500698D18 /* PlainObjects */,
			);
			path = Models;
			sourceTree = "<group>";
		};
		FCC9DD4B200DFA5E008825EC /* Entities */ = {
			isa = PBXGroup;
			children = (
				FCC9DD67200E3E2F008825EC /* InvestmentProgramEntity.swift */,
				FCB8DFD02010F9E000698D18 /* ProfileEntity.swift */,
				FCF1060620179F5A00E3F481 /* UserEntity.swift */,
			);
			path = Entities;
			sourceTree = "<group>";
		};
		FCC9DD4C200DFA5E008825EC /* Helpers */ = {
			isa = PBXGroup;
			children = (
				FCB2C4DD20109A0C0012AA58 /* RealmController.swift */,
				FCB2C4E120109AA10012AA58 /* Realm+Notifications.swift */,
				FCB2C4DF20109A950012AA58 /* Realm+WriteFunctions.swift */,
				FCB2C4DB2010997A0012AA58 /* DataModelCollection.swift */,
				FCB2C4E52010AA3C0012AA58 /* TemplatableObject.swift */,
				FCB2C4E320109CAC0012AA58 /* TemplateEntityProtocol.swift */,
				FCB2C4E72010AABA0012AA58 /* TemplateModelCollection.swift */,
			);
			path = Helpers;
			sourceTree = "<group>";
		};
		FCC9DD4D200DFA5E008825EC /* Other */ = {
			isa = PBXGroup;
			children = (
			);
			path = Other;
			sourceTree = "<group>";
		};
		FCC9DD4E200DFA5E008825EC /* Routers */ = {
			isa = PBXGroup;
			children = (
				FCA19A3A201AE34900157AD6 /* WelcomeRouter.swift */,
				FCA19A24201AA8C000157AD6 /* Router.swift */,
				FCA19A38201AE02F00157AD6 /* SignInRouter.swift */,
				FCA19A2A201ACE0400157AD6 /* SignUpRouter.swift */,
				FCA19A2C201ADAB100157AD6 /* InvestmentProgramListRouter.swift */,
				FCA19A34201AE00A00157AD6 /* ProfileRouter.swift */,
				FCA19A36201AE01D00157AD6 /* ConfirmationRouter.swift */,
				FCA19A42201AE85C00157AD6 /* DashboardRouter.swift */,
				FCA19A44201AE86900157AD6 /* WalletRouter.swift */,
				FCA19A48201AF8ED00157AD6 /* ProgramDetailRouter.swift */,
				FC5E904520216769000E4A90 /* FilterRouter.swift */,
			);
			path = Routers;
			sourceTree = "<group>";
		};
		FCC9DD4F200DFA5E008825EC /* Services */ = {
			isa = PBXGroup;
			children = (
			);
			path = Services;
			sourceTree = "<group>";
		};
		FCC9DD50200DFA5E008825EC /* Vendor */ = {
			isa = PBXGroup;
			children = (
				FC5E8FDD201F4487000E4A90 /* Swaggers */,
			);
			path = Vendor;
			sourceTree = "<group>";
		};
		FCC9DD51200DFA5E008825EC /* Views */ = {
			isa = PBXGroup;
			children = (
				FCE823662016239C000061E8 /* RoundedImageView.swift */,
				FCC9DD52200DFA5E008825EC /* Cells */,
				FCE82364201622BD000061E8 /* ActionButton.swift */,
				FCA19A22201AA07700157AD6 /* ProfileImageView.swift */,
				FCA19A4B201B83E900157AD6 /* ChartView.swift */,
			);
			path = Views;
			sourceTree = "<group>";
		};
		FCC9DD52200DFA5E008825EC /* Cells */ = {
			isa = PBXGroup;
			children = (
				FCC9DD65200E3AB7008825EC /* TraderTableViewCellViewModel.swift */,
				FCC9DD5E200E20DB008825EC /* TraderTableViewCell.swift */,
				FCC9DD5F200E20DB008825EC /* TraderTableViewCell.xib */,
			);
			path = Cells;
			sourceTree = "<group>";
		};
		FCC9DD64200E236E008825EC /* Protocols */ = {
			isa = PBXGroup;
			children = (
				FCC9DD8B200E658E008825EC /* ReusableCell.swift */,
				FCB8DFCA2010F6B100698D18 /* UIViewControllerWithTableView.swift */,
			);
			path = Protocols;
			sourceTree = "<group>";
		};
		FCC9DD6F200E4C7E008825EC /* TraderList */ = {
			isa = PBXGroup;
			children = (
				FCC9DD70200E4C7E008825EC /* TraderListViewController.swift */,
				FCC9DD87200E61C0008825EC /* TraderViewController.swift */,
				FC5E9049202169DC000E4A90 /* FilterViewController.swift */,
			);
			path = TraderList;
			sourceTree = "<group>";
		};
		FCC9DD72200E4C7E008825EC /* Profile */ = {
			isa = PBXGroup;
			children = (
				FCC9DD74200E4CAE008825EC /* ProfileViewController.swift */,
			);
			path = Profile;
			sourceTree = "<group>";
		};
		FCC9DD76200E4CCF008825EC /* Base */ = {
			isa = PBXGroup;
			children = (
				FCC9DD77200E4CCF008825EC /* BaseNavigationController.swift */,
				FCC9DD78200E4CCF008825EC /* BaseTabBarController.swift */,
				FCC9DD79200E4CCF008825EC /* BaseViewController.swift */,
			);
			path = Base;
			sourceTree = "<group>";
		};
		FCC9DDA8200F9AF8008825EC /* DisplayCollection */ = {
			isa = PBXGroup;
			children = (
				FCC9DDA4200F9A64008825EC /* DisplayCollection.swift */,
				FCC9DDA6200F9A80008825EC /* DisplayCollectionDelegate.swift */,
			);
			path = DisplayCollection;
			sourceTree = "<group>";
		};
/* End PBXGroup section */

/* Begin PBXNativeTarget section */
		FCC9DD23200DF2C3008825EC /* genesisvision-ios */ = {
			isa = PBXNativeTarget;
			buildConfigurationList = FCC9DD36200DF2C3008825EC /* Build configuration list for PBXNativeTarget "genesisvision-ios" */;
			buildPhases = (
				5310D4AC9D1ADB63F1A7D48E /* [CP] Check Pods Manifest.lock */,
				FCC9DD20200DF2C3008825EC /* Sources */,
				FCC9DD21200DF2C3008825EC /* Frameworks */,
				FCC9DD22200DF2C3008825EC /* Resources */,
				B12814AB2AACD8A70B7A8680 /* [CP] Embed Pods Frameworks */,
				F5A58FBD5240BFD804AFEF7A /* [CP] Copy Pods Resources */,
			);
			buildRules = (
			);
			dependencies = (
			);
			name = "genesisvision-ios";
			productName = "genesisvision-ios";
			productReference = FCC9DD24200DF2C3008825EC /* genesisvision-ios.app */;
			productType = "com.apple.product-type.application";
		};
/* End PBXNativeTarget section */

/* Begin PBXProject section */
		FCC9DD1C200DF2C3008825EC /* Project object */ = {
			isa = PBXProject;
			attributes = {
				LastSwiftUpdateCheck = 0920;
				LastUpgradeCheck = 0920;
				ORGANIZATIONNAME = "Genesis Vision";
				TargetAttributes = {
					FCC9DD23200DF2C3008825EC = {
						CreatedOnToolsVersion = 9.2;
						ProvisioningStyle = Automatic;
					};
				};
			};
			buildConfigurationList = FCC9DD1F200DF2C3008825EC /* Build configuration list for PBXProject "genesisvision-ios" */;
			compatibilityVersion = "Xcode 8.0";
			developmentRegion = en;
			hasScannedForEncodings = 0;
			knownRegions = (
				en,
				Base,
			);
			mainGroup = FCC9DD1B200DF2C3008825EC;
			productRefGroup = FCC9DD25200DF2C3008825EC /* Products */;
			projectDirPath = "";
			projectRoot = "";
			targets = (
				FCC9DD23200DF2C3008825EC /* genesisvision-ios */,
			);
		};
/* End PBXProject section */

/* Begin PBXResourcesBuildPhase section */
		FCC9DD22200DF2C3008825EC /* Resources */ = {
			isa = PBXResourcesBuildPhase;
			buildActionMask = 2147483647;
			files = (
				FCC9DD57200DFA5E008825EC /* Main.storyboard in Resources */,
				FC4964202015502A00104CEB /* Wallet.storyboard in Resources */,
				FCB2C4EE2010D51D0012AA58 /* Auth.storyboard in Resources */,
				FCC9DD56200DFA5E008825EC /* LaunchScreen.storyboard in Resources */,
				FCC9DD5D200DFFDC008825EC /* Traders.storyboard in Resources */,
				FCC9DD5B200DFFB8008825EC /* Profile.storyboard in Resources */,
				FCC9DD53200DFA5E008825EC /* Assets.xcassets in Resources */,
				FC49641E2015500700104CEB /* Dashboard.storyboard in Resources */,
				FCC9DD61200E20DB008825EC /* TraderTableViewCell.xib in Resources */,
			);
			runOnlyForDeploymentPostprocessing = 0;
		};
/* End PBXResourcesBuildPhase section */

/* Begin PBXShellScriptBuildPhase section */
		5310D4AC9D1ADB63F1A7D48E /* [CP] Check Pods Manifest.lock */ = {
			isa = PBXShellScriptBuildPhase;
			buildActionMask = 2147483647;
			files = (
			);
			inputPaths = (
				"${PODS_PODFILE_DIR_PATH}/Podfile.lock",
				"${PODS_ROOT}/Manifest.lock",
			);
			name = "[CP] Check Pods Manifest.lock";
			outputPaths = (
				"$(DERIVED_FILE_DIR)/Pods-genesisvision-ios-checkManifestLockResult.txt",
			);
			runOnlyForDeploymentPostprocessing = 0;
			shellPath = /bin/sh;
			shellScript = "diff \"${PODS_PODFILE_DIR_PATH}/Podfile.lock\" \"${PODS_ROOT}/Manifest.lock\" > /dev/null\nif [ $? != 0 ] ; then\n    # print error to STDERR\n    echo \"error: The sandbox is not in sync with the Podfile.lock. Run 'pod install' or update your CocoaPods installation.\" >&2\n    exit 1\nfi\n# This output is used by Xcode 'outputs' to avoid re-running this script phase.\necho \"SUCCESS\" > \"${SCRIPT_OUTPUT_FILE_0}\"\n";
			showEnvVarsInLog = 0;
		};
		B12814AB2AACD8A70B7A8680 /* [CP] Embed Pods Frameworks */ = {
			isa = PBXShellScriptBuildPhase;
			buildActionMask = 2147483647;
			files = (
			);
			inputPaths = (
				"${SRCROOT}/Pods/Target Support Files/Pods-genesisvision-ios/Pods-genesisvision-ios-frameworks.sh",
				"${BUILT_PRODUCTS_DIR}/Alamofire/Alamofire.framework",
				"${BUILT_PRODUCTS_DIR}/Charts/Charts.framework",
				"${BUILT_PRODUCTS_DIR}/DZNEmptyDataSet/DZNEmptyDataSet.framework",
				"${BUILT_PRODUCTS_DIR}/IQKeyboardManagerSwift/IQKeyboardManagerSwift.framework",
				"${BUILT_PRODUCTS_DIR}/PKHUD/PKHUD.framework",
				"${BUILT_PRODUCTS_DIR}/Realm/Realm.framework",
				"${BUILT_PRODUCTS_DIR}/RealmSwift/RealmSwift.framework",
				"${BUILT_PRODUCTS_DIR}/RxCocoa/RxCocoa.framework",
				"${BUILT_PRODUCTS_DIR}/RxSwift/RxSwift.framework",
			);
			name = "[CP] Embed Pods Frameworks";
			outputPaths = (
				"${TARGET_BUILD_DIR}/${FRAMEWORKS_FOLDER_PATH}/Alamofire.framework",
				"${TARGET_BUILD_DIR}/${FRAMEWORKS_FOLDER_PATH}/Charts.framework",
				"${TARGET_BUILD_DIR}/${FRAMEWORKS_FOLDER_PATH}/DZNEmptyDataSet.framework",
				"${TARGET_BUILD_DIR}/${FRAMEWORKS_FOLDER_PATH}/IQKeyboardManagerSwift.framework",
				"${TARGET_BUILD_DIR}/${FRAMEWORKS_FOLDER_PATH}/PKHUD.framework",
				"${TARGET_BUILD_DIR}/${FRAMEWORKS_FOLDER_PATH}/Realm.framework",
				"${TARGET_BUILD_DIR}/${FRAMEWORKS_FOLDER_PATH}/RealmSwift.framework",
				"${TARGET_BUILD_DIR}/${FRAMEWORKS_FOLDER_PATH}/RxCocoa.framework",
				"${TARGET_BUILD_DIR}/${FRAMEWORKS_FOLDER_PATH}/RxSwift.framework",
			);
			runOnlyForDeploymentPostprocessing = 0;
			shellPath = /bin/sh;
			shellScript = "\"${SRCROOT}/Pods/Target Support Files/Pods-genesisvision-ios/Pods-genesisvision-ios-frameworks.sh\"\n";
			showEnvVarsInLog = 0;
		};
		F5A58FBD5240BFD804AFEF7A /* [CP] Copy Pods Resources */ = {
			isa = PBXShellScriptBuildPhase;
			buildActionMask = 2147483647;
			files = (
			);
			inputPaths = (
			);
			name = "[CP] Copy Pods Resources";
			outputPaths = (
			);
			runOnlyForDeploymentPostprocessing = 0;
			shellPath = /bin/sh;
			shellScript = "\"${SRCROOT}/Pods/Target Support Files/Pods-genesisvision-ios/Pods-genesisvision-ios-resources.sh\"\n";
			showEnvVarsInLog = 0;
		};
/* End PBXShellScriptBuildPhase section */

/* Begin PBXSourcesBuildPhase section */
		FCC9DD20200DF2C3008825EC /* Sources */ = {
			isa = PBXSourcesBuildPhase;
			buildActionMask = 2147483647;
			files = (
				FC5E9024201F4487000E4A90 /* Invest.swift in Sources */,
				FC5E9031201F4487000E4A90 /* ManagerRequest.swift in Sources */,
				FC5E9014201F4487000E4A90 /* ManagerAPI.swift in Sources */,
				FCF1060520179F0200E3F481 /* ProfileEntity.swift in Sources */,
				FC5E9012201F4487000E4A90 /* BrokerAPI.swift in Sources */,
				FC5E9032201F4487000E4A90 /* ManagerToken.swift in Sources */,
				FCC9DD8C200E658E008825EC /* ReusableCell.swift in Sources */,
				FC5E901D201F4487000E4A90 /* BrokerInitData.swift in Sources */,
				FCC9DD28200DF2C3008825EC /* AppDelegate.swift in Sources */,
				FCB8DFC62010F64200698D18 /* SignInViewController.swift in Sources */,
				FCC9DD86200E5D12008825EC /* UITableViewHeaderFooterView+ReusableCell.swift in Sources */,
				FCC9DD63200E2246008825EC /* CellViewModel.swift in Sources */,
				FCB2C4E62010AA3C0012AA58 /* TemplatableObject.swift in Sources */,
				FC5E901F201F4487000E4A90 /* BrokersViewModel.swift in Sources */,
				FCB2C4DE20109A0C0012AA58 /* RealmController.swift in Sources */,
				FCC9DD6C200E47B2008825EC /* Money.swift in Sources */,
				FCA19A2B201ACE0400157AD6 /* SignUpRouter.swift in Sources */,
				FC5E9020201F4487000E4A90 /* BrokerTradeServer.swift in Sources */,
				FC5E9016201F4487000E4A90 /* APIs.swift in Sources */,
				FCC9DD7E200E57ED008825EC /* Previewing.swift in Sources */,
				FCC9DD80200E59C8008825EC /* UITableView+Configure.swift in Sources */,
				FC5E9034201F4487000E4A90 /* NewInvestmentRequest.swift in Sources */,
				FCA19A33201ADFAD00157AD6 /* ConfirmationViewModel.swift in Sources */,
				FC5E9039201F4487000E4A90 /* RegisterInvestorViewModel.swift in Sources */,
				FC5E901A201F4487000E4A90 /* JSONEncodableEncoding.swift in Sources */,
				FCF1060020179C2B00E3F481 /* Object+Singletone.swift in Sources */,
				FC5E9026201F4487000E4A90 /* InvestmentProgram.swift in Sources */,
				FCC9DDA5200F9A64008825EC /* DisplayCollection.swift in Sources */,
				FCB2C4E420109CAC0012AA58 /* TemplateEntityProtocol.swift in Sources */,
				FCBD22C22019EACA000B8E38 /* ErrorHandler.swift in Sources */,
				FCC9DD60200E20DB008825EC /* TraderTableViewCell.swift in Sources */,
				FCB8DFC92010F67300698D18 /* ConfirmationViewController.swift in Sources */,
				FC5E9021201F4487000E4A90 /* ClosePeriodData.swift in Sources */,
				FCB8DFCB2010F6B100698D18 /* UIViewControllerWithTableView.swift in Sources */,
				FCC9DD7C200E4CCF008825EC /* BaseViewController.swift in Sources */,
				FC5E903F201F4487000E4A90 /* Models.swift in Sources */,
				FCC9DD84200E5CEC008825EC /* UITableView+ReusableCell.swift in Sources */,
				FCA19A4C201B83E900157AD6 /* ChartView.swift in Sources */,
				FC5E901C201F4487000E4A90 /* Broker.swift in Sources */,
				FCA19A35201AE00A00157AD6 /* ProfileRouter.swift in Sources */,
				FC5E9038201F4487000E4A90 /* ProfileShortViewModel.swift in Sources */,
				FC5E902F201F4487000E4A90 /* LoginViewModel.swift in Sources */,
				FC5E9022201F4487000E4A90 /* ErrorMessage.swift in Sources */,
				FC5E903D201F4487000E4A90 /* WalletTransaction.swift in Sources */,
				FCB2C4E82010AABA0012AA58 /* TemplateModelCollection.swift in Sources */,
				FCB2C4E220109AA10012AA58 /* Realm+Notifications.swift in Sources */,
				FC5E9018201F4487000E4A90 /* Configuration.swift in Sources */,
				FCF1060720179F5A00E3F481 /* UserEntity.swift in Sources */,
				FCC9DD88200E61C0008825EC /* TraderViewController.swift in Sources */,
				FC5E903B201F4487000E4A90 /* TradesViewModel.swift in Sources */,
				FCC9DD68200E3E2F008825EC /* InvestmentProgramEntity.swift in Sources */,
				FCB2C4DC2010997A0012AA58 /* DataModelCollection.swift in Sources */,
				FCA19A2D201ADAB100157AD6 /* InvestmentProgramListRouter.swift in Sources */,
				FCBD22C02019E960000B8E38 /* InvestmentProgramListViewModel.swift in Sources */,
				FC5E9033201F4487000E4A90 /* MetaTraderOrder.swift in Sources */,
				FC5E9023201F4487000E4A90 /* ErrorViewModel.swift in Sources */,
				FCA19A45201AE86900157AD6 /* WalletRouter.swift in Sources */,
				FCE823672016239C000061E8 /* RoundedImageView.swift in Sources */,
				FCC9DD7B200E4CCF008825EC /* BaseTabBarController.swift in Sources */,
				FCA19A3B201AE34900157AD6 /* WelcomeRouter.swift in Sources */,
				FCC9DD82200E5CA0008825EC /* UITableView+Registration.swift in Sources */,
				FC5E902E201F4487000E4A90 /* InvestorProgram.swift in Sources */,
				FC5E9013201F4487000E4A90 /* InvestorAPI.swift in Sources */,
				FCC9DD75200E4CAE008825EC /* ProfileViewController.swift in Sources */,
				FC431D94201A460300DDAFC8 /* TranslationPlainObjectProtocol.swift in Sources */,
				FCE8236D201631B3000061E8 /* UIViewExtension.swift in Sources */,
				FC49641B2015489700104CEB /* WelcomeViewController.swift in Sources */,
				FC5E9027201F4487000E4A90 /* InvestmentProgramStatistic.swift in Sources */,
				FC5E9011201F4487000E4A90 /* APIHelper.swift in Sources */,
				FC5E9029201F4487000E4A90 /* InvestmentProgramViewModel.swift in Sources */,
				FCC9DD8E200E67EF008825EC /* UITableView+CellViewModel.swift in Sources */,
				FC5E9015201F4487000E4A90 /* TradesAPI.swift in Sources */,
				FC5E90442020C169000E4A90 /* DispatchQueueExtension.swift in Sources */,
				FCB8DFCF2010F99200698D18 /* AuthManager.swift in Sources */,
				FCE8236320161339000061E8 /* Constants.swift in Sources */,
				FC5E9036201F4487000E4A90 /* Period.swift in Sources */,
				FC5E904620216769000E4A90 /* FilterRouter.swift in Sources */,
				FC5E901B201F4487000E4A90 /* JSONEncodingHelper.swift in Sources */,
				FCA19A2F201ADF8800157AD6 /* SignUpViewModel.swift in Sources */,
				FCA19A47201AF8D600157AD6 /* ProgramDetailViewModel.swift in Sources */,
				FC5E902D201F4487000E4A90 /* InvestorDashboard.swift in Sources */,
				FCC9DD73200E4C7E008825EC /* TraderListViewController.swift in Sources */,
				FCB2C4E020109A950012AA58 /* Realm+WriteFunctions.swift in Sources */,
				FC4964262015598300104CEB /* UIColor+Hex.swift in Sources */,
				FC5E904A202169DC000E4A90 /* FilterViewController.swift in Sources */,
				FC5E902A201F4487000E4A90 /* InvestmentRequest.swift in Sources */,
				FCA19A25201AA8C000157AD6 /* Router.swift in Sources */,
				FC5E903E201F4487000E4A90 /* WalletTransactionsViewModel.swift in Sources */,
				FC5E9030201F4487000E4A90 /* ManagerAccount.swift in Sources */,
				FC5E901E201F4487000E4A90 /* BrokersFilter.swift in Sources */,
				FC5E9037201F4487000E4A90 /* ProfileFullViewModel.swift in Sources */,
				FCA19A23201AA07700157AD6 /* ProfileImageView.swift in Sources */,
				FC5E9048202167CF000E4A90 /* RouterViewModel.swift in Sources */,
				FC5E9028201F4487000E4A90 /* InvestmentProgramsViewModel.swift in Sources */,
				FCA19A49201AF8ED00157AD6 /* ProgramDetailRouter.swift in Sources */,
				FCC9DD8A200E63D2008825EC /* UIViewControllerExtensions.swift in Sources */,
				FCA19A3D201AE35800157AD6 /* WelcomeViewModel.swift in Sources */,
				FCA19A43201AE85C00157AD6 /* DashboardRouter.swift in Sources */,
				FC5E903A201F4487000E4A90 /* RegisterManagerViewModel.swift in Sources */,
				FC5E9025201F4487000E4A90 /* Investment.swift in Sources */,
				FCA19A31201ADF9800157AD6 /* SignInViewModel.swift in Sources */,
				FCC9DD7A200E4CCF008825EC /* BaseNavigationController.swift in Sources */,
				FC5E9019201F4487000E4A90 /* Extensions.swift in Sources */,
				FC4964242015590D00104CEB /* UIColor+PaletteColors.swift in Sources */,
				FC496422201558AD00104CEB /* AppearanceController.swift in Sources */,
				FCB8DFD32010FBC800698D18 /* ProfileObject.swift in Sources */,
				FCC9DD66200E3AB7008825EC /* TraderTableViewCellViewModel.swift in Sources */,
				FC5E9010201F4487000E4A90 /* AlamofireImplementations.swift in Sources */,
				FCC9DDA7200F9A80008825EC /* DisplayCollectionDelegate.swift in Sources */,
				FCA19A37201AE01D00157AD6 /* ConfirmationRouter.swift in Sources */,
				FCBD2327201A2582000B8E38 /* ProfileViewModel.swift in Sources */,
				FCE82365201622BD000061E8 /* ActionButton.swift in Sources */,
				FCB2C4EA2010BAAA0012AA58 /* String+Localized.swift in Sources */,
				FC5E902C201F4487000E4A90 /* InvestmentShort.swift in Sources */,
				FC431D96201A46C400DDAFC8 /* InvestmentProgramPlainObjectTranslation.swift in Sources */,
				FCB2C4EC2010BB5F0012AA58 /* RandomAccessCollection+Random.swift in Sources */,
				FCA19A41201AE83F00157AD6 /* DashboardViewModel.swift in Sources */,
				FCA19A39201AE02F00157AD6 /* SignInRouter.swift in Sources */,
				FC5E902B201F4487000E4A90 /* InvestmentsFilter.swift in Sources */,
				FCB8DFC42010F5EC00698D18 /* SignUpViewController.swift in Sources */,
				FC5E903C201F4487000E4A90 /* TransactionsFilter.swift in Sources */,
				FC4964152015445E00104CEB /* WalletViewController.swift in Sources */,
				FC5E9035201F4487000E4A90 /* NewManager.swift in Sources */,
				FC5E9017201F4487000E4A90 /* CodableHelper.swift in Sources */,
				FCA19A3F201AE83100157AD6 /* WalletViewModel.swift in Sources */,
				FC4964182015474700104CEB /* DashboardViewController.swift in Sources */,
			);
			runOnlyForDeploymentPostprocessing = 0;
		};
/* End PBXSourcesBuildPhase section */

/* Begin XCBuildConfiguration section */
		FC08FA652018932900BC1417 /* Debug Manager */ = {
			isa = XCBuildConfiguration;
			buildSettings = {
				ALWAYS_SEARCH_USER_PATHS = NO;
				CLANG_ANALYZER_NONNULL = YES;
				CLANG_ANALYZER_NUMBER_OBJECT_CONVERSION = YES_AGGRESSIVE;
				CLANG_CXX_LANGUAGE_STANDARD = "gnu++14";
				CLANG_CXX_LIBRARY = "libc++";
				CLANG_ENABLE_MODULES = YES;
				CLANG_ENABLE_OBJC_ARC = YES;
				CLANG_WARN_BLOCK_CAPTURE_AUTORELEASING = YES;
				CLANG_WARN_BOOL_CONVERSION = YES;
				CLANG_WARN_COMMA = YES;
				CLANG_WARN_CONSTANT_CONVERSION = YES;
				CLANG_WARN_DIRECT_OBJC_ISA_USAGE = YES_ERROR;
				CLANG_WARN_DOCUMENTATION_COMMENTS = YES;
				CLANG_WARN_EMPTY_BODY = YES;
				CLANG_WARN_ENUM_CONVERSION = YES;
				CLANG_WARN_INFINITE_RECURSION = YES;
				CLANG_WARN_INT_CONVERSION = YES;
				CLANG_WARN_NON_LITERAL_NULL_CONVERSION = YES;
				CLANG_WARN_OBJC_LITERAL_CONVERSION = YES;
				CLANG_WARN_OBJC_ROOT_CLASS = YES_ERROR;
				CLANG_WARN_RANGE_LOOP_ANALYSIS = YES;
				CLANG_WARN_STRICT_PROTOTYPES = YES;
				CLANG_WARN_SUSPICIOUS_MOVE = YES;
				CLANG_WARN_UNGUARDED_AVAILABILITY = YES_AGGRESSIVE;
				CLANG_WARN_UNREACHABLE_CODE = YES;
				CLANG_WARN__DUPLICATE_METHOD_MATCH = YES;
				CODE_SIGN_IDENTITY = "iPhone Developer";
				COPY_PHASE_STRIP = NO;
				DEBUG_INFORMATION_FORMAT = dwarf;
				ENABLE_STRICT_OBJC_MSGSEND = YES;
				ENABLE_TESTABILITY = YES;
				GCC_C_LANGUAGE_STANDARD = gnu11;
				GCC_DYNAMIC_NO_PIC = NO;
				GCC_NO_COMMON_BLOCKS = YES;
				GCC_OPTIMIZATION_LEVEL = 0;
				GCC_PREPROCESSOR_DEFINITIONS = (
					"DEBUG=1",
					"$(inherited)",
				);
				GCC_WARN_64_TO_32_BIT_CONVERSION = YES;
				GCC_WARN_ABOUT_RETURN_TYPE = YES_ERROR;
				GCC_WARN_UNDECLARED_SELECTOR = YES;
				GCC_WARN_UNINITIALIZED_AUTOS = YES_AGGRESSIVE;
				GCC_WARN_UNUSED_FUNCTION = YES;
				GCC_WARN_UNUSED_VARIABLE = YES;
				IPHONEOS_DEPLOYMENT_TARGET = 11.2;
				MTL_ENABLE_DEBUG_INFO = YES;
				ONLY_ACTIVE_ARCH = YES;
				SDKROOT = iphoneos;
				SWIFT_ACTIVE_COMPILATION_CONDITIONS = DEBUG;
				SWIFT_OPTIMIZATION_LEVEL = "-Onone";
			};
			name = "Debug Manager";
		};
		FC08FA662018932900BC1417 /* Debug Manager */ = {
			isa = XCBuildConfiguration;
			baseConfigurationReference = 96C81368C3DDE44C91DB5BCD /* Pods-genesisvision-ios.debug manager.xcconfig */;
			buildSettings = {
				ASSETCATALOG_COMPILER_APPICON_NAME = AppIcon;
				CODE_SIGN_STYLE = Automatic;
				DEVELOPMENT_TEAM = 78C97SMYBK;
				INFOPLIST_FILE = "$(SRCROOT)/genesisvision-ios/Resources/Config/Info.plist";
				IPHONEOS_DEPLOYMENT_TARGET = 10.0;
				LD_RUNPATH_SEARCH_PATHS = "$(inherited) @executable_path/Frameworks";
				OTHER_SWIFT_FLAGS = "$(inherited) \"-D\" \"COCOAPODS\" -Xfrontend";
				"OTHER_SWIFT_FLAGS[arch=*]" = "\"-DMANAGER\"";
				PRODUCT_BUNDLE_IDENTIFIER = "vision.genesis.genesisvision-ios.manager";
				PRODUCT_NAME = "GV Manager";
				SWIFT_VERSION = 4.0;
				TARGETED_DEVICE_FAMILY = 1;
			};
			name = "Debug Manager";
		};
		FC08FA672018933500BC1417 /* Debug Investor */ = {
			isa = XCBuildConfiguration;
			buildSettings = {
				ALWAYS_SEARCH_USER_PATHS = NO;
				CLANG_ANALYZER_NONNULL = YES;
				CLANG_ANALYZER_NUMBER_OBJECT_CONVERSION = YES_AGGRESSIVE;
				CLANG_CXX_LANGUAGE_STANDARD = "gnu++14";
				CLANG_CXX_LIBRARY = "libc++";
				CLANG_ENABLE_MODULES = YES;
				CLANG_ENABLE_OBJC_ARC = YES;
				CLANG_WARN_BLOCK_CAPTURE_AUTORELEASING = YES;
				CLANG_WARN_BOOL_CONVERSION = YES;
				CLANG_WARN_COMMA = YES;
				CLANG_WARN_CONSTANT_CONVERSION = YES;
				CLANG_WARN_DIRECT_OBJC_ISA_USAGE = YES_ERROR;
				CLANG_WARN_DOCUMENTATION_COMMENTS = YES;
				CLANG_WARN_EMPTY_BODY = YES;
				CLANG_WARN_ENUM_CONVERSION = YES;
				CLANG_WARN_INFINITE_RECURSION = YES;
				CLANG_WARN_INT_CONVERSION = YES;
				CLANG_WARN_NON_LITERAL_NULL_CONVERSION = YES;
				CLANG_WARN_OBJC_LITERAL_CONVERSION = YES;
				CLANG_WARN_OBJC_ROOT_CLASS = YES_ERROR;
				CLANG_WARN_RANGE_LOOP_ANALYSIS = YES;
				CLANG_WARN_STRICT_PROTOTYPES = YES;
				CLANG_WARN_SUSPICIOUS_MOVE = YES;
				CLANG_WARN_UNGUARDED_AVAILABILITY = YES_AGGRESSIVE;
				CLANG_WARN_UNREACHABLE_CODE = YES;
				CLANG_WARN__DUPLICATE_METHOD_MATCH = YES;
				CODE_SIGN_IDENTITY = "iPhone Developer";
				COPY_PHASE_STRIP = NO;
				DEBUG_INFORMATION_FORMAT = dwarf;
				ENABLE_STRICT_OBJC_MSGSEND = YES;
				ENABLE_TESTABILITY = YES;
				GCC_C_LANGUAGE_STANDARD = gnu11;
				GCC_DYNAMIC_NO_PIC = NO;
				GCC_NO_COMMON_BLOCKS = YES;
				GCC_OPTIMIZATION_LEVEL = 0;
				GCC_PREPROCESSOR_DEFINITIONS = (
					"DEBUG=1",
					"$(inherited)",
				);
				GCC_WARN_64_TO_32_BIT_CONVERSION = YES;
				GCC_WARN_ABOUT_RETURN_TYPE = YES_ERROR;
				GCC_WARN_UNDECLARED_SELECTOR = YES;
				GCC_WARN_UNINITIALIZED_AUTOS = YES_AGGRESSIVE;
				GCC_WARN_UNUSED_FUNCTION = YES;
				GCC_WARN_UNUSED_VARIABLE = YES;
				IPHONEOS_DEPLOYMENT_TARGET = 11.2;
				MTL_ENABLE_DEBUG_INFO = YES;
				ONLY_ACTIVE_ARCH = YES;
				SDKROOT = iphoneos;
				SWIFT_ACTIVE_COMPILATION_CONDITIONS = DEBUG;
				SWIFT_OPTIMIZATION_LEVEL = "-Onone";
			};
			name = "Debug Investor";
		};
		FC08FA682018933500BC1417 /* Debug Investor */ = {
			isa = XCBuildConfiguration;
			baseConfigurationReference = 1259E2D024633207C023BB6B /* Pods-genesisvision-ios.debug investor.xcconfig */;
			buildSettings = {
				ASSETCATALOG_COMPILER_APPICON_NAME = AppIcon;
				CODE_SIGN_STYLE = Automatic;
				DEVELOPMENT_TEAM = 78C97SMYBK;
				INFOPLIST_FILE = "$(SRCROOT)/genesisvision-ios/Resources/Config/Info.plist";
				IPHONEOS_DEPLOYMENT_TARGET = 10.0;
				LD_RUNPATH_SEARCH_PATHS = "$(inherited) @executable_path/Frameworks";
				OTHER_SWIFT_FLAGS = "$(inherited) \"-D\" \"COCOAPODS\" -Xfrontend";
				"OTHER_SWIFT_FLAGS[arch=*]" = "\"-DINVESTOR\"";
				PRODUCT_BUNDLE_IDENTIFIER = "vision.genesis.genesisvision-ios.investor";
				PRODUCT_NAME = "GV Investor";
				SWIFT_VERSION = 4.0;
				TARGETED_DEVICE_FAMILY = 1;
			};
			name = "Debug Investor";
		};
		FCC9DD34200DF2C3008825EC /* Debug */ = {
			isa = XCBuildConfiguration;
			buildSettings = {
				ALWAYS_SEARCH_USER_PATHS = NO;
				CLANG_ANALYZER_NONNULL = YES;
				CLANG_ANALYZER_NUMBER_OBJECT_CONVERSION = YES_AGGRESSIVE;
				CLANG_CXX_LANGUAGE_STANDARD = "gnu++14";
				CLANG_CXX_LIBRARY = "libc++";
				CLANG_ENABLE_MODULES = YES;
				CLANG_ENABLE_OBJC_ARC = YES;
				CLANG_WARN_BLOCK_CAPTURE_AUTORELEASING = YES;
				CLANG_WARN_BOOL_CONVERSION = YES;
				CLANG_WARN_COMMA = YES;
				CLANG_WARN_CONSTANT_CONVERSION = YES;
				CLANG_WARN_DIRECT_OBJC_ISA_USAGE = YES_ERROR;
				CLANG_WARN_DOCUMENTATION_COMMENTS = YES;
				CLANG_WARN_EMPTY_BODY = YES;
				CLANG_WARN_ENUM_CONVERSION = YES;
				CLANG_WARN_INFINITE_RECURSION = YES;
				CLANG_WARN_INT_CONVERSION = YES;
				CLANG_WARN_NON_LITERAL_NULL_CONVERSION = YES;
				CLANG_WARN_OBJC_LITERAL_CONVERSION = YES;
				CLANG_WARN_OBJC_ROOT_CLASS = YES_ERROR;
				CLANG_WARN_RANGE_LOOP_ANALYSIS = YES;
				CLANG_WARN_STRICT_PROTOTYPES = YES;
				CLANG_WARN_SUSPICIOUS_MOVE = YES;
				CLANG_WARN_UNGUARDED_AVAILABILITY = YES_AGGRESSIVE;
				CLANG_WARN_UNREACHABLE_CODE = YES;
				CLANG_WARN__DUPLICATE_METHOD_MATCH = YES;
				CODE_SIGN_IDENTITY = "iPhone Developer";
				COPY_PHASE_STRIP = NO;
				DEBUG_INFORMATION_FORMAT = dwarf;
				ENABLE_STRICT_OBJC_MSGSEND = YES;
				ENABLE_TESTABILITY = YES;
				GCC_C_LANGUAGE_STANDARD = gnu11;
				GCC_DYNAMIC_NO_PIC = NO;
				GCC_NO_COMMON_BLOCKS = YES;
				GCC_OPTIMIZATION_LEVEL = 0;
				GCC_PREPROCESSOR_DEFINITIONS = (
					"DEBUG=1",
					"$(inherited)",
				);
				GCC_WARN_64_TO_32_BIT_CONVERSION = YES;
				GCC_WARN_ABOUT_RETURN_TYPE = YES_ERROR;
				GCC_WARN_UNDECLARED_SELECTOR = YES;
				GCC_WARN_UNINITIALIZED_AUTOS = YES_AGGRESSIVE;
				GCC_WARN_UNUSED_FUNCTION = YES;
				GCC_WARN_UNUSED_VARIABLE = YES;
				IPHONEOS_DEPLOYMENT_TARGET = 11.2;
				MTL_ENABLE_DEBUG_INFO = YES;
				ONLY_ACTIVE_ARCH = YES;
				SDKROOT = iphoneos;
				SWIFT_ACTIVE_COMPILATION_CONDITIONS = DEBUG;
				SWIFT_OPTIMIZATION_LEVEL = "-Onone";
			};
			name = Debug;
		};
		FCC9DD35200DF2C3008825EC /* Release */ = {
			isa = XCBuildConfiguration;
			buildSettings = {
				ALWAYS_SEARCH_USER_PATHS = NO;
				CLANG_ANALYZER_NONNULL = YES;
				CLANG_ANALYZER_NUMBER_OBJECT_CONVERSION = YES_AGGRESSIVE;
				CLANG_CXX_LANGUAGE_STANDARD = "gnu++14";
				CLANG_CXX_LIBRARY = "libc++";
				CLANG_ENABLE_MODULES = YES;
				CLANG_ENABLE_OBJC_ARC = YES;
				CLANG_WARN_BLOCK_CAPTURE_AUTORELEASING = YES;
				CLANG_WARN_BOOL_CONVERSION = YES;
				CLANG_WARN_COMMA = YES;
				CLANG_WARN_CONSTANT_CONVERSION = YES;
				CLANG_WARN_DIRECT_OBJC_ISA_USAGE = YES_ERROR;
				CLANG_WARN_DOCUMENTATION_COMMENTS = YES;
				CLANG_WARN_EMPTY_BODY = YES;
				CLANG_WARN_ENUM_CONVERSION = YES;
				CLANG_WARN_INFINITE_RECURSION = YES;
				CLANG_WARN_INT_CONVERSION = YES;
				CLANG_WARN_NON_LITERAL_NULL_CONVERSION = YES;
				CLANG_WARN_OBJC_LITERAL_CONVERSION = YES;
				CLANG_WARN_OBJC_ROOT_CLASS = YES_ERROR;
				CLANG_WARN_RANGE_LOOP_ANALYSIS = YES;
				CLANG_WARN_STRICT_PROTOTYPES = YES;
				CLANG_WARN_SUSPICIOUS_MOVE = YES;
				CLANG_WARN_UNGUARDED_AVAILABILITY = YES_AGGRESSIVE;
				CLANG_WARN_UNREACHABLE_CODE = YES;
				CLANG_WARN__DUPLICATE_METHOD_MATCH = YES;
				CODE_SIGN_IDENTITY = "iPhone Developer";
				COPY_PHASE_STRIP = NO;
				DEBUG_INFORMATION_FORMAT = "dwarf-with-dsym";
				ENABLE_NS_ASSERTIONS = NO;
				ENABLE_STRICT_OBJC_MSGSEND = YES;
				GCC_C_LANGUAGE_STANDARD = gnu11;
				GCC_NO_COMMON_BLOCKS = YES;
				GCC_WARN_64_TO_32_BIT_CONVERSION = YES;
				GCC_WARN_ABOUT_RETURN_TYPE = YES_ERROR;
				GCC_WARN_UNDECLARED_SELECTOR = YES;
				GCC_WARN_UNINITIALIZED_AUTOS = YES_AGGRESSIVE;
				GCC_WARN_UNUSED_FUNCTION = YES;
				GCC_WARN_UNUSED_VARIABLE = YES;
				IPHONEOS_DEPLOYMENT_TARGET = 11.2;
				MTL_ENABLE_DEBUG_INFO = NO;
				SDKROOT = iphoneos;
				SWIFT_OPTIMIZATION_LEVEL = "-Owholemodule";
				VALIDATE_PRODUCT = YES;
			};
			name = Release;
		};
		FCC9DD37200DF2C3008825EC /* Debug */ = {
			isa = XCBuildConfiguration;
			baseConfigurationReference = D4A2436FDA06220328E9292C /* Pods-genesisvision-ios.debug.xcconfig */;
			buildSettings = {
				ASSETCATALOG_COMPILER_APPICON_NAME = AppIcon;
				CODE_SIGN_STYLE = Automatic;
				DEVELOPMENT_TEAM = 78C97SMYBK;
				INFOPLIST_FILE = "$(SRCROOT)/genesisvision-ios/Resources/Config/Info.plist";
				IPHONEOS_DEPLOYMENT_TARGET = 10.0;
				LD_RUNPATH_SEARCH_PATHS = "$(inherited) @executable_path/Frameworks";
				OTHER_SWIFT_FLAGS = "$(inherited) \"-D\" \"COCOAPODS\" -Xfrontend -debug-time-function-bodies";
				"OTHER_SWIFT_FLAGS[arch=*]" = "";
				PRODUCT_BUNDLE_IDENTIFIER = "vision.genesis.genesisvision-ios";
				PRODUCT_NAME = "$(TARGET_NAME)";
				SWIFT_VERSION = 4.0;
				TARGETED_DEVICE_FAMILY = 1;
			};
			name = Debug;
		};
		FCC9DD38200DF2C3008825EC /* Release */ = {
			isa = XCBuildConfiguration;
			baseConfigurationReference = 382A460F742C4CFCF1959337 /* Pods-genesisvision-ios.release.xcconfig */;
			buildSettings = {
				ASSETCATALOG_COMPILER_APPICON_NAME = AppIcon;
				CODE_SIGN_STYLE = Automatic;
				DEVELOPMENT_TEAM = 78C97SMYBK;
				INFOPLIST_FILE = "$(SRCROOT)/genesisvision-ios/Resources/Config/Info.plist";
				IPHONEOS_DEPLOYMENT_TARGET = 10.0;
				LD_RUNPATH_SEARCH_PATHS = "$(inherited) @executable_path/Frameworks";
				OTHER_SWIFT_FLAGS = "$(inherited) \"-D\" \"COCOAPODS\" -Xfrontend -debug-time-function-bodies";
				PRODUCT_BUNDLE_IDENTIFIER = "vision.genesis.genesisvision-ios";
				PRODUCT_NAME = "$(TARGET_NAME)";
				SWIFT_VERSION = 4.0;
				TARGETED_DEVICE_FAMILY = 1;
			};
			name = Release;
		};
/* End XCBuildConfiguration section */

/* Begin XCConfigurationList section */
		FCC9DD1F200DF2C3008825EC /* Build configuration list for PBXProject "genesisvision-ios" */ = {
			isa = XCConfigurationList;
			buildConfigurations = (
				FCC9DD34200DF2C3008825EC /* Debug */,
				FC08FA652018932900BC1417 /* Debug Manager */,
				FC08FA672018933500BC1417 /* Debug Investor */,
				FCC9DD35200DF2C3008825EC /* Release */,
			);
			defaultConfigurationIsVisible = 0;
			defaultConfigurationName = Release;
		};
		FCC9DD36200DF2C3008825EC /* Build configuration list for PBXNativeTarget "genesisvision-ios" */ = {
			isa = XCConfigurationList;
			buildConfigurations = (
				FCC9DD37200DF2C3008825EC /* Debug */,
				FC08FA662018932900BC1417 /* Debug Manager */,
				FC08FA682018933500BC1417 /* Debug Investor */,
				FCC9DD38200DF2C3008825EC /* Release */,
			);
			defaultConfigurationIsVisible = 0;
			defaultConfigurationName = Release;
		};
/* End XCConfigurationList section */
	};
	rootObject = FCC9DD1C200DF2C3008825EC /* Project object */;
}
