// !$*UTF8*$!
{
	archiveVersion = 1;
	classes = {
	};
	objectVersion = 48;
	objects = {

/* Begin PBXBuildFile section */
		03E5CEB1247FC0633F810102 /* Pods_genesisvision_ios.framework in Frameworks */ = {isa = PBXBuildFile; fileRef = C27C45D024CDE259719CEEA9 /* Pods_genesisvision_ios.framework */; };
		FC431D94201A460300DDAFC8 /* TranslationPlainObjectProtocol.swift in Sources */ = {isa = PBXBuildFile; fileRef = FC431D93201A460300DDAFC8 /* TranslationPlainObjectProtocol.swift */; };
		FC431D96201A46C400DDAFC8 /* InvestmentProgramPlainObjectTranslation.swift in Sources */ = {isa = PBXBuildFile; fileRef = FC431D95201A46C400DDAFC8 /* InvestmentProgramPlainObjectTranslation.swift */; };
		FC4964152015445E00104CEB /* WalletViewController.swift in Sources */ = {isa = PBXBuildFile; fileRef = FC4964142015445E00104CEB /* WalletViewController.swift */; };
		FC4964182015474700104CEB /* DashboardViewController.swift in Sources */ = {isa = PBXBuildFile; fileRef = FC4964172015474700104CEB /* DashboardViewController.swift */; };
		FC49641B2015489700104CEB /* WelcomeViewController.swift in Sources */ = {isa = PBXBuildFile; fileRef = FC49641A2015489700104CEB /* WelcomeViewController.swift */; };
		FC49641E2015500700104CEB /* Dashboard.storyboard in Resources */ = {isa = PBXBuildFile; fileRef = FC49641D2015500700104CEB /* Dashboard.storyboard */; };
		FC4964202015502A00104CEB /* Wallet.storyboard in Resources */ = {isa = PBXBuildFile; fileRef = FC49641F2015502A00104CEB /* Wallet.storyboard */; };
		FC496422201558AD00104CEB /* AppearanceController.swift in Sources */ = {isa = PBXBuildFile; fileRef = FC496421201558AD00104CEB /* AppearanceController.swift */; };
		FC4964242015590D00104CEB /* UIColor+PaletteColors.swift in Sources */ = {isa = PBXBuildFile; fileRef = FC4964232015590D00104CEB /* UIColor+PaletteColors.swift */; };
		FC4964262015598300104CEB /* UIColor+Hex.swift in Sources */ = {isa = PBXBuildFile; fileRef = FC4964252015598300104CEB /* UIColor+Hex.swift */; };
		FCB2C4DC2010997A0012AA58 /* DataModelCollection.swift in Sources */ = {isa = PBXBuildFile; fileRef = FCB2C4DB2010997A0012AA58 /* DataModelCollection.swift */; };
		FCB2C4DE20109A0C0012AA58 /* RealmController.swift in Sources */ = {isa = PBXBuildFile; fileRef = FCB2C4DD20109A0C0012AA58 /* RealmController.swift */; };
		FCB2C4E020109A950012AA58 /* Realm+WriteFunctions.swift in Sources */ = {isa = PBXBuildFile; fileRef = FCB2C4DF20109A950012AA58 /* Realm+WriteFunctions.swift */; };
		FCB2C4E220109AA10012AA58 /* Realm+Notifications.swift in Sources */ = {isa = PBXBuildFile; fileRef = FCB2C4E120109AA10012AA58 /* Realm+Notifications.swift */; };
		FCB2C4E420109CAC0012AA58 /* TemplateEntityProtocol.swift in Sources */ = {isa = PBXBuildFile; fileRef = FCB2C4E320109CAC0012AA58 /* TemplateEntityProtocol.swift */; };
		FCB2C4E62010AA3C0012AA58 /* TemplatableObject.swift in Sources */ = {isa = PBXBuildFile; fileRef = FCB2C4E52010AA3C0012AA58 /* TemplatableObject.swift */; };
		FCB2C4E82010AABA0012AA58 /* TemplateModelCollection.swift in Sources */ = {isa = PBXBuildFile; fileRef = FCB2C4E72010AABA0012AA58 /* TemplateModelCollection.swift */; };
		FCB2C4EA2010BAAA0012AA58 /* String+Localized.swift in Sources */ = {isa = PBXBuildFile; fileRef = FCB2C4E92010BAAA0012AA58 /* String+Localized.swift */; };
		FCB2C4EC2010BB5F0012AA58 /* RandomAccessCollection+Random.swift in Sources */ = {isa = PBXBuildFile; fileRef = FCB2C4EB2010BB5F0012AA58 /* RandomAccessCollection+Random.swift */; };
		FCB2C4EE2010D51D0012AA58 /* Auth.storyboard in Resources */ = {isa = PBXBuildFile; fileRef = FCB2C4ED2010D51D0012AA58 /* Auth.storyboard */; };
		FCB8DFC42010F5EC00698D18 /* SignUpViewController.swift in Sources */ = {isa = PBXBuildFile; fileRef = FCB8DFC32010F5EC00698D18 /* SignUpViewController.swift */; };
		FCB8DFC62010F64200698D18 /* SignInViewController.swift in Sources */ = {isa = PBXBuildFile; fileRef = FCB8DFC52010F64200698D18 /* SignInViewController.swift */; };
		FCB8DFC92010F67300698D18 /* ConfirmationViewController.swift in Sources */ = {isa = PBXBuildFile; fileRef = FCB8DFC82010F67300698D18 /* ConfirmationViewController.swift */; };
		FCB8DFCB2010F6B100698D18 /* UIViewControllerWithTableView.swift in Sources */ = {isa = PBXBuildFile; fileRef = FCB8DFCA2010F6B100698D18 /* UIViewControllerWithTableView.swift */; };
		FCB8DFCD2010F8BA00698D18 /* AuthViewController.swift in Sources */ = {isa = PBXBuildFile; fileRef = FCB8DFCC2010F8BA00698D18 /* AuthViewController.swift */; };
		FCB8DFCF2010F99200698D18 /* AuthManager.swift in Sources */ = {isa = PBXBuildFile; fileRef = FCB8DFCE2010F99200698D18 /* AuthManager.swift */; };
		FCB8DFD32010FBC800698D18 /* ProfileObject.swift in Sources */ = {isa = PBXBuildFile; fileRef = FCB8DFD22010FBC800698D18 /* ProfileObject.swift */; };
		FCBD22C02019E960000B8E38 /* TraderListViewModel.swift in Sources */ = {isa = PBXBuildFile; fileRef = FCBD22BF2019E960000B8E38 /* TraderListViewModel.swift */; };
		FCBD22C22019EACA000B8E38 /* ErrorHandler.swift in Sources */ = {isa = PBXBuildFile; fileRef = FCBD22C12019EACA000B8E38 /* ErrorHandler.swift */; };
		FCBD22F6201A050E000B8E38 /* AlamofireImplementations.swift in Sources */ = {isa = PBXBuildFile; fileRef = FCBD22C4201A050E000B8E38 /* AlamofireImplementations.swift */; };
		FCBD22F7201A050E000B8E38 /* APIHelper.swift in Sources */ = {isa = PBXBuildFile; fileRef = FCBD22C5201A050E000B8E38 /* APIHelper.swift */; };
		FCBD22F8201A050E000B8E38 /* BrokerAPI.swift in Sources */ = {isa = PBXBuildFile; fileRef = FCBD22C7201A050E000B8E38 /* BrokerAPI.swift */; };
		FCBD22F9201A050E000B8E38 /* InvestorAPI.swift in Sources */ = {isa = PBXBuildFile; fileRef = FCBD22C8201A050E000B8E38 /* InvestorAPI.swift */; };
		FCBD22FA201A050E000B8E38 /* ManagerAPI.swift in Sources */ = {isa = PBXBuildFile; fileRef = FCBD22C9201A050E000B8E38 /* ManagerAPI.swift */; };
		FCBD22FB201A050E000B8E38 /* TradesAPI.swift in Sources */ = {isa = PBXBuildFile; fileRef = FCBD22CA201A050E000B8E38 /* TradesAPI.swift */; };
		FCBD22FC201A050E000B8E38 /* APIs.swift in Sources */ = {isa = PBXBuildFile; fileRef = FCBD22CB201A050E000B8E38 /* APIs.swift */; };
		FCBD22FD201A050E000B8E38 /* CodableHelper.swift in Sources */ = {isa = PBXBuildFile; fileRef = FCBD22CC201A050E000B8E38 /* CodableHelper.swift */; };
		FCBD22FE201A050E000B8E38 /* Configuration.swift in Sources */ = {isa = PBXBuildFile; fileRef = FCBD22CD201A050E000B8E38 /* Configuration.swift */; };
		FCBD22FF201A050E000B8E38 /* Extensions.swift in Sources */ = {isa = PBXBuildFile; fileRef = FCBD22CE201A050E000B8E38 /* Extensions.swift */; };
		FCBD2300201A050E000B8E38 /* JSONEncodableEncoding.swift in Sources */ = {isa = PBXBuildFile; fileRef = FCBD22CF201A050E000B8E38 /* JSONEncodableEncoding.swift */; };
		FCBD2301201A050E000B8E38 /* JSONEncodingHelper.swift in Sources */ = {isa = PBXBuildFile; fileRef = FCBD22D0201A050E000B8E38 /* JSONEncodingHelper.swift */; };
		FCBD2302201A050E000B8E38 /* Broker.swift in Sources */ = {isa = PBXBuildFile; fileRef = FCBD22D2201A050E000B8E38 /* Broker.swift */; };
		FCBD2303201A050E000B8E38 /* BrokerInitData.swift in Sources */ = {isa = PBXBuildFile; fileRef = FCBD22D3201A050E000B8E38 /* BrokerInitData.swift */; };
		FCBD2304201A050E000B8E38 /* BrokersFilter.swift in Sources */ = {isa = PBXBuildFile; fileRef = FCBD22D4201A050E000B8E38 /* BrokersFilter.swift */; };
		FCBD2305201A050E000B8E38 /* BrokersViewModel.swift in Sources */ = {isa = PBXBuildFile; fileRef = FCBD22D5201A050E000B8E38 /* BrokersViewModel.swift */; };
		FCBD2306201A050E000B8E38 /* BrokerTradeServer.swift in Sources */ = {isa = PBXBuildFile; fileRef = FCBD22D6201A050E000B8E38 /* BrokerTradeServer.swift */; };
		FCBD2307201A050E000B8E38 /* ClosePeriodData.swift in Sources */ = {isa = PBXBuildFile; fileRef = FCBD22D7201A050E000B8E38 /* ClosePeriodData.swift */; };
		FCBD2308201A050E000B8E38 /* ErrorMessage.swift in Sources */ = {isa = PBXBuildFile; fileRef = FCBD22D8201A050E000B8E38 /* ErrorMessage.swift */; };
		FCBD2309201A050E000B8E38 /* ErrorViewModel.swift in Sources */ = {isa = PBXBuildFile; fileRef = FCBD22D9201A050E000B8E38 /* ErrorViewModel.swift */; };
		FCBD230A201A050E000B8E38 /* Investment.swift in Sources */ = {isa = PBXBuildFile; fileRef = FCBD22DA201A050E000B8E38 /* Investment.swift */; };
		FCBD230B201A050E000B8E38 /* InvestmentProgram.swift in Sources */ = {isa = PBXBuildFile; fileRef = FCBD22DB201A050E000B8E38 /* InvestmentProgram.swift */; };
		FCBD230C201A050E000B8E38 /* InvestmentProgramStatistic.swift in Sources */ = {isa = PBXBuildFile; fileRef = FCBD22DC201A050E000B8E38 /* InvestmentProgramStatistic.swift */; };
		FCBD230D201A050E000B8E38 /* InvestmentProgramsViewModel.swift in Sources */ = {isa = PBXBuildFile; fileRef = FCBD22DD201A050E000B8E38 /* InvestmentProgramsViewModel.swift */; };
		FCBD230E201A050E000B8E38 /* InvestmentProgramViewModel.swift in Sources */ = {isa = PBXBuildFile; fileRef = FCBD22DE201A050E000B8E38 /* InvestmentProgramViewModel.swift */; };
		FCBD230F201A050E000B8E38 /* InvestmentRequest.swift in Sources */ = {isa = PBXBuildFile; fileRef = FCBD22DF201A050E000B8E38 /* InvestmentRequest.swift */; };
		FCBD2310201A050E000B8E38 /* InvestmentsFilter.swift in Sources */ = {isa = PBXBuildFile; fileRef = FCBD22E0201A050E000B8E38 /* InvestmentsFilter.swift */; };
		FCBD2311201A050E000B8E38 /* InvestmentShort.swift in Sources */ = {isa = PBXBuildFile; fileRef = FCBD22E1201A050E000B8E38 /* InvestmentShort.swift */; };
		FCBD2312201A050E000B8E38 /* InvestorDashboard.swift in Sources */ = {isa = PBXBuildFile; fileRef = FCBD22E2201A050E000B8E38 /* InvestorDashboard.swift */; };
		FCBD2313201A050E000B8E38 /* InvestorProgram.swift in Sources */ = {isa = PBXBuildFile; fileRef = FCBD22E3201A050E000B8E38 /* InvestorProgram.swift */; };
		FCBD2314201A050E000B8E38 /* InvestViewModel.swift in Sources */ = {isa = PBXBuildFile; fileRef = FCBD22E4201A050E000B8E38 /* InvestViewModel.swift */; };
		FCBD2315201A050E000B8E38 /* LoginViewModel.swift in Sources */ = {isa = PBXBuildFile; fileRef = FCBD22E5201A050E000B8E38 /* LoginViewModel.swift */; };
		FCBD2316201A050E000B8E38 /* ManagerAccount.swift in Sources */ = {isa = PBXBuildFile; fileRef = FCBD22E6201A050E000B8E38 /* ManagerAccount.swift */; };
		FCBD2317201A050E000B8E38 /* ManagerRequest.swift in Sources */ = {isa = PBXBuildFile; fileRef = FCBD22E7201A050E000B8E38 /* ManagerRequest.swift */; };
		FCBD2318201A050E000B8E38 /* ManagerToken.swift in Sources */ = {isa = PBXBuildFile; fileRef = FCBD22E8201A050E000B8E38 /* ManagerToken.swift */; };
		FCBD2319201A050E000B8E38 /* MetaTraderOrder.swift in Sources */ = {isa = PBXBuildFile; fileRef = FCBD22E9201A050E000B8E38 /* MetaTraderOrder.swift */; };
		FCBD231A201A050E000B8E38 /* NewInvestmentRequest.swift in Sources */ = {isa = PBXBuildFile; fileRef = FCBD22EA201A050E000B8E38 /* NewInvestmentRequest.swift */; };
		FCBD231B201A050E000B8E38 /* NewManager.swift in Sources */ = {isa = PBXBuildFile; fileRef = FCBD22EB201A050E000B8E38 /* NewManager.swift */; };
		FCBD231C201A050E000B8E38 /* Period.swift in Sources */ = {isa = PBXBuildFile; fileRef = FCBD22EC201A050E000B8E38 /* Period.swift */; };
		FCBD231D201A050E000B8E38 /* ProfileFullViewModel.swift in Sources */ = {isa = PBXBuildFile; fileRef = FCBD22ED201A050E000B8E38 /* ProfileFullViewModel.swift */; };
		FCBD231E201A050E000B8E38 /* ProfileShortViewModel.swift in Sources */ = {isa = PBXBuildFile; fileRef = FCBD22EE201A050E000B8E38 /* ProfileShortViewModel.swift */; };
		FCBD231F201A050E000B8E38 /* RegisterInvestorViewModel.swift in Sources */ = {isa = PBXBuildFile; fileRef = FCBD22EF201A050E000B8E38 /* RegisterInvestorViewModel.swift */; };
		FCBD2320201A050E000B8E38 /* RegisterManagerViewModel.swift in Sources */ = {isa = PBXBuildFile; fileRef = FCBD22F0201A050E000B8E38 /* RegisterManagerViewModel.swift */; };
		FCBD2321201A050E000B8E38 /* TradesViewModel.swift in Sources */ = {isa = PBXBuildFile; fileRef = FCBD22F1201A050E000B8E38 /* TradesViewModel.swift */; };
		FCBD2322201A050E000B8E38 /* TransactionsFilter.swift in Sources */ = {isa = PBXBuildFile; fileRef = FCBD22F2201A050E000B8E38 /* TransactionsFilter.swift */; };
		FCBD2323201A050E000B8E38 /* WalletTransaction.swift in Sources */ = {isa = PBXBuildFile; fileRef = FCBD22F3201A050E000B8E38 /* WalletTransaction.swift */; };
		FCBD2324201A050E000B8E38 /* WalletTransactionsViewModel.swift in Sources */ = {isa = PBXBuildFile; fileRef = FCBD22F4201A050E000B8E38 /* WalletTransactionsViewModel.swift */; };
		FCBD2325201A050E000B8E38 /* Models.swift in Sources */ = {isa = PBXBuildFile; fileRef = FCBD22F5201A050E000B8E38 /* Models.swift */; };
		FCBD2327201A2582000B8E38 /* ProfileViewModel.swift in Sources */ = {isa = PBXBuildFile; fileRef = FCBD2326201A2582000B8E38 /* ProfileViewModel.swift */; };
		FCC9DD28200DF2C3008825EC /* AppDelegate.swift in Sources */ = {isa = PBXBuildFile; fileRef = FCC9DD27200DF2C3008825EC /* AppDelegate.swift */; };
		FCC9DD53200DFA5E008825EC /* Assets.xcassets in Resources */ = {isa = PBXBuildFile; fileRef = FCC9DD3B200DFA5E008825EC /* Assets.xcassets */; };
		FCC9DD54200DFA5E008825EC /* Info.plist in Resources */ = {isa = PBXBuildFile; fileRef = FCC9DD3D200DFA5E008825EC /* Info.plist */; };
		FCC9DD56200DFA5E008825EC /* LaunchScreen.storyboard in Resources */ = {isa = PBXBuildFile; fileRef = FCC9DD41200DFA5E008825EC /* LaunchScreen.storyboard */; };
		FCC9DD57200DFA5E008825EC /* Main.storyboard in Resources */ = {isa = PBXBuildFile; fileRef = FCC9DD42200DFA5E008825EC /* Main.storyboard */; };
		FCC9DD5B200DFFB8008825EC /* Profile.storyboard in Resources */ = {isa = PBXBuildFile; fileRef = FCC9DD5A200DFFB8008825EC /* Profile.storyboard */; };
		FCC9DD5D200DFFDC008825EC /* Traders.storyboard in Resources */ = {isa = PBXBuildFile; fileRef = FCC9DD5C200DFFDC008825EC /* Traders.storyboard */; };
		FCC9DD60200E20DB008825EC /* TraderTableViewCell.swift in Sources */ = {isa = PBXBuildFile; fileRef = FCC9DD5E200E20DB008825EC /* TraderTableViewCell.swift */; };
		FCC9DD61200E20DB008825EC /* TraderTableViewCell.xib in Resources */ = {isa = PBXBuildFile; fileRef = FCC9DD5F200E20DB008825EC /* TraderTableViewCell.xib */; };
		FCC9DD63200E2246008825EC /* CellViewModel.swift in Sources */ = {isa = PBXBuildFile; fileRef = FCC9DD62200E2246008825EC /* CellViewModel.swift */; };
		FCC9DD66200E3AB7008825EC /* InvestmentProgramTableViewCellModel.swift in Sources */ = {isa = PBXBuildFile; fileRef = FCC9DD65200E3AB7008825EC /* InvestmentProgramTableViewCellModel.swift */; };
		FCC9DD68200E3E2F008825EC /* InvestmentProgramEntity.swift in Sources */ = {isa = PBXBuildFile; fileRef = FCC9DD67200E3E2F008825EC /* InvestmentProgramEntity.swift */; };
		FCC9DD6C200E47B2008825EC /* Money.swift in Sources */ = {isa = PBXBuildFile; fileRef = FCC9DD6B200E47B2008825EC /* Money.swift */; };
		FCC9DD73200E4C7E008825EC /* TraderListViewController.swift in Sources */ = {isa = PBXBuildFile; fileRef = FCC9DD70200E4C7E008825EC /* TraderListViewController.swift */; };
		FCC9DD75200E4CAE008825EC /* ProfileViewController.swift in Sources */ = {isa = PBXBuildFile; fileRef = FCC9DD74200E4CAE008825EC /* ProfileViewController.swift */; };
		FCC9DD7A200E4CCF008825EC /* BaseNavigationController.swift in Sources */ = {isa = PBXBuildFile; fileRef = FCC9DD77200E4CCF008825EC /* BaseNavigationController.swift */; };
		FCC9DD7B200E4CCF008825EC /* BaseTabBarController.swift in Sources */ = {isa = PBXBuildFile; fileRef = FCC9DD78200E4CCF008825EC /* BaseTabBarController.swift */; };
		FCC9DD7C200E4CCF008825EC /* BaseViewController.swift in Sources */ = {isa = PBXBuildFile; fileRef = FCC9DD79200E4CCF008825EC /* BaseViewController.swift */; };
		FCC9DD7E200E57ED008825EC /* Previewing.swift in Sources */ = {isa = PBXBuildFile; fileRef = FCC9DD7D200E57ED008825EC /* Previewing.swift */; };
		FCC9DD80200E59C8008825EC /* UITableView+Configure.swift in Sources */ = {isa = PBXBuildFile; fileRef = FCC9DD7F200E59C8008825EC /* UITableView+Configure.swift */; };
		FCC9DD82200E5CA0008825EC /* UITableView+Registration.swift in Sources */ = {isa = PBXBuildFile; fileRef = FCC9DD81200E5CA0008825EC /* UITableView+Registration.swift */; };
		FCC9DD84200E5CEC008825EC /* UITableView+ReusableCell.swift in Sources */ = {isa = PBXBuildFile; fileRef = FCC9DD83200E5CEC008825EC /* UITableView+ReusableCell.swift */; };
		FCC9DD86200E5D12008825EC /* UITableViewHeaderFooterView+ReusableCell.swift in Sources */ = {isa = PBXBuildFile; fileRef = FCC9DD85200E5D12008825EC /* UITableViewHeaderFooterView+ReusableCell.swift */; };
		FCC9DD88200E61C0008825EC /* TraderViewController.swift in Sources */ = {isa = PBXBuildFile; fileRef = FCC9DD87200E61C0008825EC /* TraderViewController.swift */; };
		FCC9DD8A200E63D2008825EC /* UIViewControllerExtensions.swift in Sources */ = {isa = PBXBuildFile; fileRef = FCC9DD89200E63D2008825EC /* UIViewControllerExtensions.swift */; };
		FCC9DD8C200E658E008825EC /* ReusableCell.swift in Sources */ = {isa = PBXBuildFile; fileRef = FCC9DD8B200E658E008825EC /* ReusableCell.swift */; };
		FCC9DD8E200E67EF008825EC /* UITableView+CellViewModel.swift in Sources */ = {isa = PBXBuildFile; fileRef = FCC9DD8D200E67EF008825EC /* UITableView+CellViewModel.swift */; };
		FCC9DDA3200F9A11008825EC /* TraderListDisplayCollection.swift in Sources */ = {isa = PBXBuildFile; fileRef = FCC9DDA2200F9A11008825EC /* TraderListDisplayCollection.swift */; };
		FCC9DDA5200F9A64008825EC /* DisplayCollection.swift in Sources */ = {isa = PBXBuildFile; fileRef = FCC9DDA4200F9A64008825EC /* DisplayCollection.swift */; };
		FCC9DDA7200F9A80008825EC /* DisplayCollectionDelegate.swift in Sources */ = {isa = PBXBuildFile; fileRef = FCC9DDA6200F9A80008825EC /* DisplayCollectionDelegate.swift */; };
		FCE8236320161339000061E8 /* Constants.swift in Sources */ = {isa = PBXBuildFile; fileRef = FCE8236220161339000061E8 /* Constants.swift */; };
		FCE82365201622BD000061E8 /* ActionButton.swift in Sources */ = {isa = PBXBuildFile; fileRef = FCE82364201622BD000061E8 /* ActionButton.swift */; };
		FCE823672016239C000061E8 /* RoundedImageView.swift in Sources */ = {isa = PBXBuildFile; fileRef = FCE823662016239C000061E8 /* RoundedImageView.swift */; };
		FCE8236920162862000061E8 /* UIImageViewExtension.swift in Sources */ = {isa = PBXBuildFile; fileRef = FCE8236820162862000061E8 /* UIImageViewExtension.swift */; };
		FCE8236B2016293C000061E8 /* UILabelExtension.swift in Sources */ = {isa = PBXBuildFile; fileRef = FCE8236A2016293C000061E8 /* UILabelExtension.swift */; };
		FCE8236D201631B3000061E8 /* UIViewExtension.swift in Sources */ = {isa = PBXBuildFile; fileRef = FCE8236C201631B3000061E8 /* UIViewExtension.swift */; };
		FCF105FC2017345200E3F481 /* Validation.swift in Sources */ = {isa = PBXBuildFile; fileRef = FCF105FB2017345200E3F481 /* Validation.swift */; };
		FCF105FE20178A4300E3F481 /* ValidableFields.swift in Sources */ = {isa = PBXBuildFile; fileRef = FCF105FD20178A4300E3F481 /* ValidableFields.swift */; };
		FCF1060020179C2B00E3F481 /* Object+Singletone.swift in Sources */ = {isa = PBXBuildFile; fileRef = FCF105FF20179C2B00E3F481 /* Object+Singletone.swift */; };
		FCF1060520179F0200E3F481 /* ProfileEntity.swift in Sources */ = {isa = PBXBuildFile; fileRef = FCB8DFD02010F9E000698D18 /* ProfileEntity.swift */; };
		FCF1060720179F5A00E3F481 /* UserEntity.swift in Sources */ = {isa = PBXBuildFile; fileRef = FCF1060620179F5A00E3F481 /* UserEntity.swift */; };
/* End PBXBuildFile section */

/* Begin PBXFileReference section */
		1259E2D024633207C023BB6B /* Pods-genesisvision-ios.debug investor.xcconfig */ = {isa = PBXFileReference; includeInIndex = 1; lastKnownFileType = text.xcconfig; name = "Pods-genesisvision-ios.debug investor.xcconfig"; path = "Pods/Target Support Files/Pods-genesisvision-ios/Pods-genesisvision-ios.debug investor.xcconfig"; sourceTree = "<group>"; };
		382A460F742C4CFCF1959337 /* Pods-genesisvision-ios.release.xcconfig */ = {isa = PBXFileReference; includeInIndex = 1; lastKnownFileType = text.xcconfig; name = "Pods-genesisvision-ios.release.xcconfig"; path = "Pods/Target Support Files/Pods-genesisvision-ios/Pods-genesisvision-ios.release.xcconfig"; sourceTree = "<group>"; };
		96C81368C3DDE44C91DB5BCD /* Pods-genesisvision-ios.debug manager.xcconfig */ = {isa = PBXFileReference; includeInIndex = 1; lastKnownFileType = text.xcconfig; name = "Pods-genesisvision-ios.debug manager.xcconfig"; path = "Pods/Target Support Files/Pods-genesisvision-ios/Pods-genesisvision-ios.debug manager.xcconfig"; sourceTree = "<group>"; };
		C27C45D024CDE259719CEEA9 /* Pods_genesisvision_ios.framework */ = {isa = PBXFileReference; explicitFileType = wrapper.framework; includeInIndex = 0; path = Pods_genesisvision_ios.framework; sourceTree = BUILT_PRODUCTS_DIR; };
		D4A2436FDA06220328E9292C /* Pods-genesisvision-ios.debug.xcconfig */ = {isa = PBXFileReference; includeInIndex = 1; lastKnownFileType = text.xcconfig; name = "Pods-genesisvision-ios.debug.xcconfig"; path = "Pods/Target Support Files/Pods-genesisvision-ios/Pods-genesisvision-ios.debug.xcconfig"; sourceTree = "<group>"; };
		FC431D93201A460300DDAFC8 /* TranslationPlainObjectProtocol.swift */ = {isa = PBXFileReference; lastKnownFileType = sourcecode.swift; path = TranslationPlainObjectProtocol.swift; sourceTree = "<group>"; };
		FC431D95201A46C400DDAFC8 /* InvestmentProgramPlainObjectTranslation.swift */ = {isa = PBXFileReference; lastKnownFileType = sourcecode.swift; path = InvestmentProgramPlainObjectTranslation.swift; sourceTree = "<group>"; };
		FC4964142015445E00104CEB /* WalletViewController.swift */ = {isa = PBXFileReference; lastKnownFileType = sourcecode.swift; path = WalletViewController.swift; sourceTree = "<group>"; };
		FC4964172015474700104CEB /* DashboardViewController.swift */ = {isa = PBXFileReference; lastKnownFileType = sourcecode.swift; path = DashboardViewController.swift; sourceTree = "<group>"; };
		FC49641A2015489700104CEB /* WelcomeViewController.swift */ = {isa = PBXFileReference; lastKnownFileType = sourcecode.swift; path = WelcomeViewController.swift; sourceTree = "<group>"; };
		FC49641D2015500700104CEB /* Dashboard.storyboard */ = {isa = PBXFileReference; fileEncoding = 4; lastKnownFileType = file.storyboard; path = Dashboard.storyboard; sourceTree = "<group>"; };
		FC49641F2015502A00104CEB /* Wallet.storyboard */ = {isa = PBXFileReference; fileEncoding = 4; lastKnownFileType = file.storyboard; path = Wallet.storyboard; sourceTree = "<group>"; };
		FC496421201558AD00104CEB /* AppearanceController.swift */ = {isa = PBXFileReference; lastKnownFileType = sourcecode.swift; path = AppearanceController.swift; sourceTree = "<group>"; };
		FC4964232015590D00104CEB /* UIColor+PaletteColors.swift */ = {isa = PBXFileReference; lastKnownFileType = sourcecode.swift; path = "UIColor+PaletteColors.swift"; sourceTree = "<group>"; };
		FC4964252015598300104CEB /* UIColor+Hex.swift */ = {isa = PBXFileReference; lastKnownFileType = sourcecode.swift; path = "UIColor+Hex.swift"; sourceTree = "<group>"; };
		FCB2C4DB2010997A0012AA58 /* DataModelCollection.swift */ = {isa = PBXFileReference; lastKnownFileType = sourcecode.swift; path = DataModelCollection.swift; sourceTree = "<group>"; };
		FCB2C4DD20109A0C0012AA58 /* RealmController.swift */ = {isa = PBXFileReference; lastKnownFileType = sourcecode.swift; path = RealmController.swift; sourceTree = "<group>"; };
		FCB2C4DF20109A950012AA58 /* Realm+WriteFunctions.swift */ = {isa = PBXFileReference; lastKnownFileType = sourcecode.swift; path = "Realm+WriteFunctions.swift"; sourceTree = "<group>"; };
		FCB2C4E120109AA10012AA58 /* Realm+Notifications.swift */ = {isa = PBXFileReference; lastKnownFileType = sourcecode.swift; path = "Realm+Notifications.swift"; sourceTree = "<group>"; };
		FCB2C4E320109CAC0012AA58 /* TemplateEntityProtocol.swift */ = {isa = PBXFileReference; lastKnownFileType = sourcecode.swift; path = TemplateEntityProtocol.swift; sourceTree = "<group>"; };
		FCB2C4E52010AA3C0012AA58 /* TemplatableObject.swift */ = {isa = PBXFileReference; lastKnownFileType = sourcecode.swift; path = TemplatableObject.swift; sourceTree = "<group>"; };
		FCB2C4E72010AABA0012AA58 /* TemplateModelCollection.swift */ = {isa = PBXFileReference; lastKnownFileType = sourcecode.swift; path = TemplateModelCollection.swift; sourceTree = "<group>"; };
		FCB2C4E92010BAAA0012AA58 /* String+Localized.swift */ = {isa = PBXFileReference; lastKnownFileType = sourcecode.swift; path = "String+Localized.swift"; sourceTree = "<group>"; };
		FCB2C4EB2010BB5F0012AA58 /* RandomAccessCollection+Random.swift */ = {isa = PBXFileReference; lastKnownFileType = sourcecode.swift; path = "RandomAccessCollection+Random.swift"; sourceTree = "<group>"; };
		FCB2C4ED2010D51D0012AA58 /* Auth.storyboard */ = {isa = PBXFileReference; fileEncoding = 4; lastKnownFileType = file.storyboard; path = Auth.storyboard; sourceTree = "<group>"; };
		FCB8DFC32010F5EC00698D18 /* SignUpViewController.swift */ = {isa = PBXFileReference; lastKnownFileType = sourcecode.swift; path = SignUpViewController.swift; sourceTree = "<group>"; };
		FCB8DFC52010F64200698D18 /* SignInViewController.swift */ = {isa = PBXFileReference; lastKnownFileType = sourcecode.swift; path = SignInViewController.swift; sourceTree = "<group>"; };
		FCB8DFC82010F67300698D18 /* ConfirmationViewController.swift */ = {isa = PBXFileReference; lastKnownFileType = sourcecode.swift; path = ConfirmationViewController.swift; sourceTree = "<group>"; };
		FCB8DFCA2010F6B100698D18 /* UIViewControllerWithTableView.swift */ = {isa = PBXFileReference; lastKnownFileType = sourcecode.swift; path = UIViewControllerWithTableView.swift; sourceTree = "<group>"; };
		FCB8DFCC2010F8BA00698D18 /* AuthViewController.swift */ = {isa = PBXFileReference; lastKnownFileType = sourcecode.swift; path = AuthViewController.swift; sourceTree = "<group>"; };
		FCB8DFCE2010F99200698D18 /* AuthManager.swift */ = {isa = PBXFileReference; lastKnownFileType = sourcecode.swift; path = AuthManager.swift; sourceTree = "<group>"; };
		FCB8DFD02010F9E000698D18 /* ProfileEntity.swift */ = {isa = PBXFileReference; lastKnownFileType = sourcecode.swift; path = ProfileEntity.swift; sourceTree = "<group>"; };
		FCB8DFD22010FBC800698D18 /* ProfileObject.swift */ = {isa = PBXFileReference; lastKnownFileType = sourcecode.swift; path = ProfileObject.swift; sourceTree = "<group>"; };
		FCBD22BF2019E960000B8E38 /* TraderListViewModel.swift */ = {isa = PBXFileReference; lastKnownFileType = sourcecode.swift; path = TraderListViewModel.swift; sourceTree = "<group>"; };
		FCBD22C12019EACA000B8E38 /* ErrorHandler.swift */ = {isa = PBXFileReference; lastKnownFileType = sourcecode.swift; path = ErrorHandler.swift; sourceTree = "<group>"; };
		FCBD22C4201A050E000B8E38 /* AlamofireImplementations.swift */ = {isa = PBXFileReference; fileEncoding = 4; lastKnownFileType = sourcecode.swift; path = AlamofireImplementations.swift; sourceTree = "<group>"; };
		FCBD22C5201A050E000B8E38 /* APIHelper.swift */ = {isa = PBXFileReference; fileEncoding = 4; lastKnownFileType = sourcecode.swift; path = APIHelper.swift; sourceTree = "<group>"; };
		FCBD22C7201A050E000B8E38 /* BrokerAPI.swift */ = {isa = PBXFileReference; fileEncoding = 4; lastKnownFileType = sourcecode.swift; path = BrokerAPI.swift; sourceTree = "<group>"; };
		FCBD22C8201A050E000B8E38 /* InvestorAPI.swift */ = {isa = PBXFileReference; fileEncoding = 4; lastKnownFileType = sourcecode.swift; path = InvestorAPI.swift; sourceTree = "<group>"; };
		FCBD22C9201A050E000B8E38 /* ManagerAPI.swift */ = {isa = PBXFileReference; fileEncoding = 4; lastKnownFileType = sourcecode.swift; path = ManagerAPI.swift; sourceTree = "<group>"; };
		FCBD22CA201A050E000B8E38 /* TradesAPI.swift */ = {isa = PBXFileReference; fileEncoding = 4; lastKnownFileType = sourcecode.swift; path = TradesAPI.swift; sourceTree = "<group>"; };
		FCBD22CB201A050E000B8E38 /* APIs.swift */ = {isa = PBXFileReference; fileEncoding = 4; lastKnownFileType = sourcecode.swift; path = APIs.swift; sourceTree = "<group>"; };
		FCBD22CC201A050E000B8E38 /* CodableHelper.swift */ = {isa = PBXFileReference; fileEncoding = 4; lastKnownFileType = sourcecode.swift; path = CodableHelper.swift; sourceTree = "<group>"; };
		FCBD22CD201A050E000B8E38 /* Configuration.swift */ = {isa = PBXFileReference; fileEncoding = 4; lastKnownFileType = sourcecode.swift; path = Configuration.swift; sourceTree = "<group>"; };
		FCBD22CE201A050E000B8E38 /* Extensions.swift */ = {isa = PBXFileReference; fileEncoding = 4; lastKnownFileType = sourcecode.swift; path = Extensions.swift; sourceTree = "<group>"; };
		FCBD22CF201A050E000B8E38 /* JSONEncodableEncoding.swift */ = {isa = PBXFileReference; fileEncoding = 4; lastKnownFileType = sourcecode.swift; path = JSONEncodableEncoding.swift; sourceTree = "<group>"; };
		FCBD22D0201A050E000B8E38 /* JSONEncodingHelper.swift */ = {isa = PBXFileReference; fileEncoding = 4; lastKnownFileType = sourcecode.swift; path = JSONEncodingHelper.swift; sourceTree = "<group>"; };
		FCBD22D2201A050E000B8E38 /* Broker.swift */ = {isa = PBXFileReference; fileEncoding = 4; lastKnownFileType = sourcecode.swift; path = Broker.swift; sourceTree = "<group>"; };
		FCBD22D3201A050E000B8E38 /* BrokerInitData.swift */ = {isa = PBXFileReference; fileEncoding = 4; lastKnownFileType = sourcecode.swift; path = BrokerInitData.swift; sourceTree = "<group>"; };
		FCBD22D4201A050E000B8E38 /* BrokersFilter.swift */ = {isa = PBXFileReference; fileEncoding = 4; lastKnownFileType = sourcecode.swift; path = BrokersFilter.swift; sourceTree = "<group>"; };
		FCBD22D5201A050E000B8E38 /* BrokersViewModel.swift */ = {isa = PBXFileReference; fileEncoding = 4; lastKnownFileType = sourcecode.swift; path = BrokersViewModel.swift; sourceTree = "<group>"; };
		FCBD22D6201A050E000B8E38 /* BrokerTradeServer.swift */ = {isa = PBXFileReference; fileEncoding = 4; lastKnownFileType = sourcecode.swift; path = BrokerTradeServer.swift; sourceTree = "<group>"; };
		FCBD22D7201A050E000B8E38 /* ClosePeriodData.swift */ = {isa = PBXFileReference; fileEncoding = 4; lastKnownFileType = sourcecode.swift; path = ClosePeriodData.swift; sourceTree = "<group>"; };
		FCBD22D8201A050E000B8E38 /* ErrorMessage.swift */ = {isa = PBXFileReference; fileEncoding = 4; lastKnownFileType = sourcecode.swift; path = ErrorMessage.swift; sourceTree = "<group>"; };
		FCBD22D9201A050E000B8E38 /* ErrorViewModel.swift */ = {isa = PBXFileReference; fileEncoding = 4; lastKnownFileType = sourcecode.swift; path = ErrorViewModel.swift; sourceTree = "<group>"; };
		FCBD22DA201A050E000B8E38 /* Investment.swift */ = {isa = PBXFileReference; fileEncoding = 4; lastKnownFileType = sourcecode.swift; path = Investment.swift; sourceTree = "<group>"; };
		FCBD22DB201A050E000B8E38 /* InvestmentProgram.swift */ = {isa = PBXFileReference; fileEncoding = 4; lastKnownFileType = sourcecode.swift; path = InvestmentProgram.swift; sourceTree = "<group>"; };
		FCBD22DC201A050E000B8E38 /* InvestmentProgramStatistic.swift */ = {isa = PBXFileReference; fileEncoding = 4; lastKnownFileType = sourcecode.swift; path = InvestmentProgramStatistic.swift; sourceTree = "<group>"; };
		FCBD22DD201A050E000B8E38 /* InvestmentProgramsViewModel.swift */ = {isa = PBXFileReference; fileEncoding = 4; lastKnownFileType = sourcecode.swift; path = InvestmentProgramsViewModel.swift; sourceTree = "<group>"; };
		FCBD22DE201A050E000B8E38 /* InvestmentProgramViewModel.swift */ = {isa = PBXFileReference; fileEncoding = 4; lastKnownFileType = sourcecode.swift; path = InvestmentProgramViewModel.swift; sourceTree = "<group>"; };
		FCBD22DF201A050E000B8E38 /* InvestmentRequest.swift */ = {isa = PBXFileReference; fileEncoding = 4; lastKnownFileType = sourcecode.swift; path = InvestmentRequest.swift; sourceTree = "<group>"; };
		FCBD22E0201A050E000B8E38 /* InvestmentsFilter.swift */ = {isa = PBXFileReference; fileEncoding = 4; lastKnownFileType = sourcecode.swift; path = InvestmentsFilter.swift; sourceTree = "<group>"; };
		FCBD22E1201A050E000B8E38 /* InvestmentShort.swift */ = {isa = PBXFileReference; fileEncoding = 4; lastKnownFileType = sourcecode.swift; path = InvestmentShort.swift; sourceTree = "<group>"; };
		FCBD22E2201A050E000B8E38 /* InvestorDashboard.swift */ = {isa = PBXFileReference; fileEncoding = 4; lastKnownFileType = sourcecode.swift; path = InvestorDashboard.swift; sourceTree = "<group>"; };
		FCBD22E3201A050E000B8E38 /* InvestorProgram.swift */ = {isa = PBXFileReference; fileEncoding = 4; lastKnownFileType = sourcecode.swift; path = InvestorProgram.swift; sourceTree = "<group>"; };
		FCBD22E4201A050E000B8E38 /* InvestViewModel.swift */ = {isa = PBXFileReference; fileEncoding = 4; lastKnownFileType = sourcecode.swift; path = InvestViewModel.swift; sourceTree = "<group>"; };
		FCBD22E5201A050E000B8E38 /* LoginViewModel.swift */ = {isa = PBXFileReference; fileEncoding = 4; lastKnownFileType = sourcecode.swift; path = LoginViewModel.swift; sourceTree = "<group>"; };
		FCBD22E6201A050E000B8E38 /* ManagerAccount.swift */ = {isa = PBXFileReference; fileEncoding = 4; lastKnownFileType = sourcecode.swift; path = ManagerAccount.swift; sourceTree = "<group>"; };
		FCBD22E7201A050E000B8E38 /* ManagerRequest.swift */ = {isa = PBXFileReference; fileEncoding = 4; lastKnownFileType = sourcecode.swift; path = ManagerRequest.swift; sourceTree = "<group>"; };
		FCBD22E8201A050E000B8E38 /* ManagerToken.swift */ = {isa = PBXFileReference; fileEncoding = 4; lastKnownFileType = sourcecode.swift; path = ManagerToken.swift; sourceTree = "<group>"; };
		FCBD22E9201A050E000B8E38 /* MetaTraderOrder.swift */ = {isa = PBXFileReference; fileEncoding = 4; lastKnownFileType = sourcecode.swift; path = MetaTraderOrder.swift; sourceTree = "<group>"; };
		FCBD22EA201A050E000B8E38 /* NewInvestmentRequest.swift */ = {isa = PBXFileReference; fileEncoding = 4; lastKnownFileType = sourcecode.swift; path = NewInvestmentRequest.swift; sourceTree = "<group>"; };
		FCBD22EB201A050E000B8E38 /* NewManager.swift */ = {isa = PBXFileReference; fileEncoding = 4; lastKnownFileType = sourcecode.swift; path = NewManager.swift; sourceTree = "<group>"; };
		FCBD22EC201A050E000B8E38 /* Period.swift */ = {isa = PBXFileReference; fileEncoding = 4; lastKnownFileType = sourcecode.swift; path = Period.swift; sourceTree = "<group>"; };
		FCBD22ED201A050E000B8E38 /* ProfileFullViewModel.swift */ = {isa = PBXFileReference; fileEncoding = 4; lastKnownFileType = sourcecode.swift; path = ProfileFullViewModel.swift; sourceTree = "<group>"; };
		FCBD22EE201A050E000B8E38 /* ProfileShortViewModel.swift */ = {isa = PBXFileReference; fileEncoding = 4; lastKnownFileType = sourcecode.swift; path = ProfileShortViewModel.swift; sourceTree = "<group>"; };
		FCBD22EF201A050E000B8E38 /* RegisterInvestorViewModel.swift */ = {isa = PBXFileReference; fileEncoding = 4; lastKnownFileType = sourcecode.swift; path = RegisterInvestorViewModel.swift; sourceTree = "<group>"; };
		FCBD22F0201A050E000B8E38 /* RegisterManagerViewModel.swift */ = {isa = PBXFileReference; fileEncoding = 4; lastKnownFileType = sourcecode.swift; path = RegisterManagerViewModel.swift; sourceTree = "<group>"; };
		FCBD22F1201A050E000B8E38 /* TradesViewModel.swift */ = {isa = PBXFileReference; fileEncoding = 4; lastKnownFileType = sourcecode.swift; path = TradesViewModel.swift; sourceTree = "<group>"; };
		FCBD22F2201A050E000B8E38 /* TransactionsFilter.swift */ = {isa = PBXFileReference; fileEncoding = 4; lastKnownFileType = sourcecode.swift; path = TransactionsFilter.swift; sourceTree = "<group>"; };
		FCBD22F3201A050E000B8E38 /* WalletTransaction.swift */ = {isa = PBXFileReference; fileEncoding = 4; lastKnownFileType = sourcecode.swift; path = WalletTransaction.swift; sourceTree = "<group>"; };
		FCBD22F4201A050E000B8E38 /* WalletTransactionsViewModel.swift */ = {isa = PBXFileReference; fileEncoding = 4; lastKnownFileType = sourcecode.swift; path = WalletTransactionsViewModel.swift; sourceTree = "<group>"; };
		FCBD22F5201A050E000B8E38 /* Models.swift */ = {isa = PBXFileReference; fileEncoding = 4; lastKnownFileType = sourcecode.swift; path = Models.swift; sourceTree = "<group>"; };
		FCBD2326201A2582000B8E38 /* ProfileViewModel.swift */ = {isa = PBXFileReference; lastKnownFileType = sourcecode.swift; path = ProfileViewModel.swift; sourceTree = "<group>"; };
		FCC9DD24200DF2C3008825EC /* genesisvision-ios.app */ = {isa = PBXFileReference; explicitFileType = wrapper.application; includeInIndex = 0; path = "genesisvision-ios.app"; sourceTree = BUILT_PRODUCTS_DIR; };
		FCC9DD27200DF2C3008825EC /* AppDelegate.swift */ = {isa = PBXFileReference; lastKnownFileType = sourcecode.swift; path = AppDelegate.swift; sourceTree = "<group>"; };
		FCC9DD3B200DFA5E008825EC /* Assets.xcassets */ = {isa = PBXFileReference; lastKnownFileType = folder.assetcatalog; path = Assets.xcassets; sourceTree = "<group>"; };
		FCC9DD3D200DFA5E008825EC /* Info.plist */ = {isa = PBXFileReference; fileEncoding = 4; lastKnownFileType = text.plist.xml; path = Info.plist; sourceTree = "<group>"; };
		FCC9DD41200DFA5E008825EC /* LaunchScreen.storyboard */ = {isa = PBXFileReference; fileEncoding = 4; lastKnownFileType = file.storyboard; path = LaunchScreen.storyboard; sourceTree = "<group>"; };
		FCC9DD42200DFA5E008825EC /* Main.storyboard */ = {isa = PBXFileReference; fileEncoding = 4; lastKnownFileType = file.storyboard; path = Main.storyboard; sourceTree = "<group>"; };
		FCC9DD5A200DFFB8008825EC /* Profile.storyboard */ = {isa = PBXFileReference; fileEncoding = 4; lastKnownFileType = file.storyboard; path = Profile.storyboard; sourceTree = "<group>"; };
		FCC9DD5C200DFFDC008825EC /* Traders.storyboard */ = {isa = PBXFileReference; fileEncoding = 4; lastKnownFileType = file.storyboard; path = Traders.storyboard; sourceTree = "<group>"; };
		FCC9DD5E200E20DB008825EC /* TraderTableViewCell.swift */ = {isa = PBXFileReference; lastKnownFileType = sourcecode.swift; path = TraderTableViewCell.swift; sourceTree = "<group>"; };
		FCC9DD5F200E20DB008825EC /* TraderTableViewCell.xib */ = {isa = PBXFileReference; lastKnownFileType = file.xib; path = TraderTableViewCell.xib; sourceTree = "<group>"; };
		FCC9DD62200E2246008825EC /* CellViewModel.swift */ = {isa = PBXFileReference; lastKnownFileType = sourcecode.swift; path = CellViewModel.swift; sourceTree = "<group>"; };
		FCC9DD65200E3AB7008825EC /* InvestmentProgramTableViewCellModel.swift */ = {isa = PBXFileReference; lastKnownFileType = sourcecode.swift; path = InvestmentProgramTableViewCellModel.swift; sourceTree = "<group>"; };
		FCC9DD67200E3E2F008825EC /* InvestmentProgramEntity.swift */ = {isa = PBXFileReference; lastKnownFileType = sourcecode.swift; path = InvestmentProgramEntity.swift; sourceTree = "<group>"; };
		FCC9DD6B200E47B2008825EC /* Money.swift */ = {isa = PBXFileReference; lastKnownFileType = sourcecode.swift; path = Money.swift; sourceTree = "<group>"; };
		FCC9DD70200E4C7E008825EC /* TraderListViewController.swift */ = {isa = PBXFileReference; fileEncoding = 4; lastKnownFileType = sourcecode.swift; path = TraderListViewController.swift; sourceTree = "<group>"; };
		FCC9DD74200E4CAE008825EC /* ProfileViewController.swift */ = {isa = PBXFileReference; lastKnownFileType = sourcecode.swift; path = ProfileViewController.swift; sourceTree = "<group>"; };
		FCC9DD77200E4CCF008825EC /* BaseNavigationController.swift */ = {isa = PBXFileReference; fileEncoding = 4; lastKnownFileType = sourcecode.swift; path = BaseNavigationController.swift; sourceTree = "<group>"; };
		FCC9DD78200E4CCF008825EC /* BaseTabBarController.swift */ = {isa = PBXFileReference; fileEncoding = 4; lastKnownFileType = sourcecode.swift; path = BaseTabBarController.swift; sourceTree = "<group>"; };
		FCC9DD79200E4CCF008825EC /* BaseViewController.swift */ = {isa = PBXFileReference; fileEncoding = 4; lastKnownFileType = sourcecode.swift; path = BaseViewController.swift; sourceTree = "<group>"; };
		FCC9DD7D200E57ED008825EC /* Previewing.swift */ = {isa = PBXFileReference; lastKnownFileType = sourcecode.swift; path = Previewing.swift; sourceTree = "<group>"; };
		FCC9DD7F200E59C8008825EC /* UITableView+Configure.swift */ = {isa = PBXFileReference; lastKnownFileType = sourcecode.swift; path = "UITableView+Configure.swift"; sourceTree = "<group>"; };
		FCC9DD81200E5CA0008825EC /* UITableView+Registration.swift */ = {isa = PBXFileReference; lastKnownFileType = sourcecode.swift; path = "UITableView+Registration.swift"; sourceTree = "<group>"; };
		FCC9DD83200E5CEC008825EC /* UITableView+ReusableCell.swift */ = {isa = PBXFileReference; lastKnownFileType = sourcecode.swift; path = "UITableView+ReusableCell.swift"; sourceTree = "<group>"; };
		FCC9DD85200E5D12008825EC /* UITableViewHeaderFooterView+ReusableCell.swift */ = {isa = PBXFileReference; lastKnownFileType = sourcecode.swift; path = "UITableViewHeaderFooterView+ReusableCell.swift"; sourceTree = "<group>"; };
		FCC9DD87200E61C0008825EC /* TraderViewController.swift */ = {isa = PBXFileReference; lastKnownFileType = sourcecode.swift; path = TraderViewController.swift; sourceTree = "<group>"; };
		FCC9DD89200E63D2008825EC /* UIViewControllerExtensions.swift */ = {isa = PBXFileReference; lastKnownFileType = sourcecode.swift; path = UIViewControllerExtensions.swift; sourceTree = "<group>"; };
		FCC9DD8B200E658E008825EC /* ReusableCell.swift */ = {isa = PBXFileReference; lastKnownFileType = sourcecode.swift; path = ReusableCell.swift; sourceTree = "<group>"; };
		FCC9DD8D200E67EF008825EC /* UITableView+CellViewModel.swift */ = {isa = PBXFileReference; lastKnownFileType = sourcecode.swift; path = "UITableView+CellViewModel.swift"; sourceTree = "<group>"; };
		FCC9DDA2200F9A11008825EC /* TraderListDisplayCollection.swift */ = {isa = PBXFileReference; lastKnownFileType = sourcecode.swift; path = TraderListDisplayCollection.swift; sourceTree = "<group>"; };
		FCC9DDA4200F9A64008825EC /* DisplayCollection.swift */ = {isa = PBXFileReference; lastKnownFileType = sourcecode.swift; path = DisplayCollection.swift; sourceTree = "<group>"; };
		FCC9DDA6200F9A80008825EC /* DisplayCollectionDelegate.swift */ = {isa = PBXFileReference; lastKnownFileType = sourcecode.swift; path = DisplayCollectionDelegate.swift; sourceTree = "<group>"; };
		FCE8236220161339000061E8 /* Constants.swift */ = {isa = PBXFileReference; lastKnownFileType = sourcecode.swift; path = Constants.swift; sourceTree = "<group>"; };
		FCE82364201622BD000061E8 /* ActionButton.swift */ = {isa = PBXFileReference; lastKnownFileType = sourcecode.swift; path = ActionButton.swift; sourceTree = "<group>"; };
		FCE823662016239C000061E8 /* RoundedImageView.swift */ = {isa = PBXFileReference; lastKnownFileType = sourcecode.swift; path = RoundedImageView.swift; sourceTree = "<group>"; };
		FCE8236820162862000061E8 /* UIImageViewExtension.swift */ = {isa = PBXFileReference; lastKnownFileType = sourcecode.swift; path = UIImageViewExtension.swift; sourceTree = "<group>"; };
		FCE8236A2016293C000061E8 /* UILabelExtension.swift */ = {isa = PBXFileReference; lastKnownFileType = sourcecode.swift; path = UILabelExtension.swift; sourceTree = "<group>"; };
		FCE8236C201631B3000061E8 /* UIViewExtension.swift */ = {isa = PBXFileReference; lastKnownFileType = sourcecode.swift; path = UIViewExtension.swift; sourceTree = "<group>"; };
		FCF105FB2017345200E3F481 /* Validation.swift */ = {isa = PBXFileReference; lastKnownFileType = sourcecode.swift; path = Validation.swift; sourceTree = "<group>"; };
		FCF105FD20178A4300E3F481 /* ValidableFields.swift */ = {isa = PBXFileReference; lastKnownFileType = sourcecode.swift; path = ValidableFields.swift; sourceTree = "<group>"; };
		FCF105FF20179C2B00E3F481 /* Object+Singletone.swift */ = {isa = PBXFileReference; lastKnownFileType = sourcecode.swift; path = "Object+Singletone.swift"; sourceTree = "<group>"; };
		FCF1060620179F5A00E3F481 /* UserEntity.swift */ = {isa = PBXFileReference; lastKnownFileType = sourcecode.swift; path = UserEntity.swift; sourceTree = "<group>"; };
/* End PBXFileReference section */

/* Begin PBXFrameworksBuildPhase section */
		FCC9DD21200DF2C3008825EC /* Frameworks */ = {
			isa = PBXFrameworksBuildPhase;
			buildActionMask = 2147483647;
			files = (
				03E5CEB1247FC0633F810102 /* Pods_genesisvision_ios.framework in Frameworks */,
			);
			runOnlyForDeploymentPostprocessing = 0;
		};
/* End PBXFrameworksBuildPhase section */

/* Begin PBXGroup section */
		450E0AA731BC9B9D261CAA3B /* Pods */ = {
			isa = PBXGroup;
			children = (
				D4A2436FDA06220328E9292C /* Pods-genesisvision-ios.debug.xcconfig */,
				382A460F742C4CFCF1959337 /* Pods-genesisvision-ios.release.xcconfig */,
				96C81368C3DDE44C91DB5BCD /* Pods-genesisvision-ios.debug manager.xcconfig */,
				1259E2D024633207C023BB6B /* Pods-genesisvision-ios.debug investor.xcconfig */,
			);
			name = Pods;
			sourceTree = "<group>";
		};
		B8DB3D95241F1BF35C1AA19C /* Frameworks */ = {
			isa = PBXGroup;
			children = (
				C27C45D024CDE259719CEEA9 /* Pods_genesisvision_ios.framework */,
			);
			name = Frameworks;
			sourceTree = "<group>";
		};
		FC4964162015446700104CEB /* Wallet */ = {
			isa = PBXGroup;
			children = (
				FC4964142015445E00104CEB /* WalletViewController.swift */,
			);
			path = Wallet;
			sourceTree = "<group>";
		};
		FC4964192015474B00104CEB /* Dashboard */ = {
			isa = PBXGroup;
			children = (
				FC4964172015474700104CEB /* DashboardViewController.swift */,
			);
			path = Dashboard;
			sourceTree = "<group>";
		};
		FC49641C2015489B00104CEB /* Welcome */ = {
			isa = PBXGroup;
			children = (
				FC49641A2015489700104CEB /* WelcomeViewController.swift */,
			);
			path = Welcome;
			sourceTree = "<group>";
		};
		FC4964272015598E00104CEB /* UIColor */ = {
			isa = PBXGroup;
			children = (
				FC4964232015590D00104CEB /* UIColor+PaletteColors.swift */,
				FC4964252015598300104CEB /* UIColor+Hex.swift */,
			);
			path = UIColor;
			sourceTree = "<group>";
		};
		FC4964282015599B00104CEB /* UITableView */ = {
			isa = PBXGroup;
			children = (
				FCC9DD8D200E67EF008825EC /* UITableView+CellViewModel.swift */,
				FCC9DD7F200E59C8008825EC /* UITableView+Configure.swift */,
				FCC9DD81200E5CA0008825EC /* UITableView+Registration.swift */,
				FCC9DD83200E5CEC008825EC /* UITableView+ReusableCell.swift */,
				FCC9DD85200E5D12008825EC /* UITableViewHeaderFooterView+ReusableCell.swift */,
			);
			path = UITableView;
			sourceTree = "<group>";
		};
		FCB8DFC72010F64D00698D18 /* Auth */ = {
			isa = PBXGroup;
			children = (
				FCB8DFCC2010F8BA00698D18 /* AuthViewController.swift */,
				FCB8DFC32010F5EC00698D18 /* SignUpViewController.swift */,
				FCB8DFC52010F64200698D18 /* SignInViewController.swift */,
				FCB8DFC82010F67300698D18 /* ConfirmationViewController.swift */,
			);
			path = Auth;
			sourceTree = "<group>";
		};
		FCB8DFD42010FBE500698D18 /* PlainObjects */ = {
			isa = PBXGroup;
			children = (
				FCB8DFD22010FBC800698D18 /* ProfileObject.swift */,
				FC431D95201A46C400DDAFC8 /* InvestmentProgramPlainObjectTranslation.swift */,
			);
			path = PlainObjects;
			sourceTree = "<group>";
		};
		FCBD22BE2019E925000B8E38 /* View Models */ = {
			isa = PBXGroup;
			children = (
				FCBD22BF2019E960000B8E38 /* TraderListViewModel.swift */,
				FCBD2326201A2582000B8E38 /* ProfileViewModel.swift */,
			);
			path = "View Models";
			sourceTree = "<group>";
		};
		FCBD22C3201A050E000B8E38 /* Swaggers */ = {
			isa = PBXGroup;
			children = (
				FCBD22C4201A050E000B8E38 /* AlamofireImplementations.swift */,
				FCBD22C5201A050E000B8E38 /* APIHelper.swift */,
				FCBD22C6201A050E000B8E38 /* APIs */,
				FCBD22CB201A050E000B8E38 /* APIs.swift */,
				FCBD22CC201A050E000B8E38 /* CodableHelper.swift */,
				FCBD22CD201A050E000B8E38 /* Configuration.swift */,
				FCBD22CE201A050E000B8E38 /* Extensions.swift */,
				FCBD22CF201A050E000B8E38 /* JSONEncodableEncoding.swift */,
				FCBD22D0201A050E000B8E38 /* JSONEncodingHelper.swift */,
				FCBD22D1201A050E000B8E38 /* Models */,
				FCBD22F5201A050E000B8E38 /* Models.swift */,
			);
			path = Swaggers;
			sourceTree = "<group>";
		};
		FCBD22C6201A050E000B8E38 /* APIs */ = {
			isa = PBXGroup;
			children = (
				FCBD22C7201A050E000B8E38 /* BrokerAPI.swift */,
				FCBD22C8201A050E000B8E38 /* InvestorAPI.swift */,
				FCBD22C9201A050E000B8E38 /* ManagerAPI.swift */,
				FCBD22CA201A050E000B8E38 /* TradesAPI.swift */,
			);
			path = APIs;
			sourceTree = "<group>";
		};
		FCBD22D1201A050E000B8E38 /* Models */ = {
			isa = PBXGroup;
			children = (
				FCBD22D2201A050E000B8E38 /* Broker.swift */,
				FCBD22D3201A050E000B8E38 /* BrokerInitData.swift */,
				FCBD22D4201A050E000B8E38 /* BrokersFilter.swift */,
				FCBD22D5201A050E000B8E38 /* BrokersViewModel.swift */,
				FCBD22D6201A050E000B8E38 /* BrokerTradeServer.swift */,
				FCBD22D7201A050E000B8E38 /* ClosePeriodData.swift */,
				FCBD22D8201A050E000B8E38 /* ErrorMessage.swift */,
				FCBD22D9201A050E000B8E38 /* ErrorViewModel.swift */,
				FCBD22DA201A050E000B8E38 /* Investment.swift */,
				FCBD22DB201A050E000B8E38 /* InvestmentProgram.swift */,
				FCBD22DC201A050E000B8E38 /* InvestmentProgramStatistic.swift */,
				FCBD22DD201A050E000B8E38 /* InvestmentProgramsViewModel.swift */,
				FCBD22DE201A050E000B8E38 /* InvestmentProgramViewModel.swift */,
				FCBD22DF201A050E000B8E38 /* InvestmentRequest.swift */,
				FCBD22E0201A050E000B8E38 /* InvestmentsFilter.swift */,
				FCBD22E1201A050E000B8E38 /* InvestmentShort.swift */,
				FCBD22E2201A050E000B8E38 /* InvestorDashboard.swift */,
				FCBD22E3201A050E000B8E38 /* InvestorProgram.swift */,
				FCBD22E4201A050E000B8E38 /* InvestViewModel.swift */,
				FCBD22E5201A050E000B8E38 /* LoginViewModel.swift */,
				FCBD22E6201A050E000B8E38 /* ManagerAccount.swift */,
				FCBD22E7201A050E000B8E38 /* ManagerRequest.swift */,
				FCBD22E8201A050E000B8E38 /* ManagerToken.swift */,
				FCBD22E9201A050E000B8E38 /* MetaTraderOrder.swift */,
				FCBD22EA201A050E000B8E38 /* NewInvestmentRequest.swift */,
				FCBD22EB201A050E000B8E38 /* NewManager.swift */,
				FCBD22EC201A050E000B8E38 /* Period.swift */,
				FCBD22ED201A050E000B8E38 /* ProfileFullViewModel.swift */,
				FCBD22EE201A050E000B8E38 /* ProfileShortViewModel.swift */,
				FCBD22EF201A050E000B8E38 /* RegisterInvestorViewModel.swift */,
				FCBD22F0201A050E000B8E38 /* RegisterManagerViewModel.swift */,
				FCBD22F1201A050E000B8E38 /* TradesViewModel.swift */,
				FCBD22F2201A050E000B8E38 /* TransactionsFilter.swift */,
				FCBD22F3201A050E000B8E38 /* WalletTransaction.swift */,
				FCBD22F4201A050E000B8E38 /* WalletTransactionsViewModel.swift */,
			);
			path = Models;
			sourceTree = "<group>";
		};
		FCC9DD1B200DF2C3008825EC = {
			isa = PBXGroup;
			children = (
				FCC9DD26200DF2C3008825EC /* genesisvision-ios */,
				FCC9DD25200DF2C3008825EC /* Products */,
				450E0AA731BC9B9D261CAA3B /* Pods */,
				B8DB3D95241F1BF35C1AA19C /* Frameworks */,
			);
			sourceTree = "<group>";
		};
		FCC9DD25200DF2C3008825EC /* Products */ = {
			isa = PBXGroup;
			children = (
				FCC9DD24200DF2C3008825EC /* genesisvision-ios.app */,
			);
			name = Products;
			sourceTree = "<group>";
		};
		FCC9DD26200DF2C3008825EC /* genesisvision-ios */ = {
			isa = PBXGroup;
			children = (
				FCC9DD27200DF2C3008825EC /* AppDelegate.swift */,
				FCC9DD43200DFA5E008825EC /* Sources */,
				FCC9DD39200DFA5E008825EC /* Resources */,
			);
			path = "genesisvision-ios";
			sourceTree = "<group>";
		};
		FCC9DD39200DFA5E008825EC /* Resources */ = {
			isa = PBXGroup;
			children = (
				FCC9DD3A200DFA5E008825EC /* Assets */,
				FCC9DD3C200DFA5E008825EC /* Config */,
				FCC9DD3E200DFA5E008825EC /* Fonts */,
				FCC9DD40200DFA5E008825EC /* Storyboards */,
			);
			path = Resources;
			sourceTree = "<group>";
		};
		FCC9DD3A200DFA5E008825EC /* Assets */ = {
			isa = PBXGroup;
			children = (
				FCC9DD3B200DFA5E008825EC /* Assets.xcassets */,
			);
			path = Assets;
			sourceTree = "<group>";
		};
		FCC9DD3C200DFA5E008825EC /* Config */ = {
			isa = PBXGroup;
			children = (
				FCC9DD3D200DFA5E008825EC /* Info.plist */,
				FCE8236220161339000061E8 /* Constants.swift */,
			);
			path = Config;
			sourceTree = "<group>";
		};
		FCC9DD3E200DFA5E008825EC /* Fonts */ = {
			isa = PBXGroup;
			children = (
			);
			path = Fonts;
			sourceTree = "<group>";
		};
		FCC9DD40200DFA5E008825EC /* Storyboards */ = {
			isa = PBXGroup;
			children = (
				FCC9DD41200DFA5E008825EC /* LaunchScreen.storyboard */,
				FCC9DD42200DFA5E008825EC /* Main.storyboard */,
				FC49641F2015502A00104CEB /* Wallet.storyboard */,
				FC49641D2015500700104CEB /* Dashboard.storyboard */,
				FCB2C4ED2010D51D0012AA58 /* Auth.storyboard */,
				FCC9DD5C200DFFDC008825EC /* Traders.storyboard */,
				FCC9DD5A200DFFB8008825EC /* Profile.storyboard */,
			);
			path = Storyboards;
			sourceTree = "<group>";
		};
		FCC9DD43200DFA5E008825EC /* Sources */ = {
			isa = PBXGroup;
			children = (
				FCBD22BE2019E925000B8E38 /* View Models */,
				FCC9DD44200DFA5E008825EC /* Common */,
				FCC9DD49200DFA5E008825EC /* View Controllers */,
				FCC9DD47200DFA5E008825EC /* Controllers */,
				FCC9DD4A200DFA5E008825EC /* Models */,
				FCC9DD4D200DFA5E008825EC /* Other */,
				FCC9DD4E200DFA5E008825EC /* Routers */,
				FCC9DD4F200DFA5E008825EC /* Services */,
				FCC9DD50200DFA5E008825EC /* Vendor */,
				FCC9DD51200DFA5E008825EC /* Views */,
			);
			path = Sources;
			sourceTree = "<group>";
		};
		FCC9DD44200DFA5E008825EC /* Common */ = {
			isa = PBXGroup;
			children = (
				FCC9DD64200E236E008825EC /* Protocols */,
				FCC9DD45200DFA5E008825EC /* Extensions */,
				FCC9DD46200DFA5E008825EC /* Helpers */,
			);
			path = Common;
			sourceTree = "<group>";
		};
		FCC9DD45200DFA5E008825EC /* Extensions */ = {
			isa = PBXGroup;
			children = (
				FCC9DD7D200E57ED008825EC /* Previewing.swift */,
				FC4964282015599B00104CEB /* UITableView */,
				FCC9DD89200E63D2008825EC /* UIViewControllerExtensions.swift */,
				FCB2C4E92010BAAA0012AA58 /* String+Localized.swift */,
				FCB2C4EB2010BB5F0012AA58 /* RandomAccessCollection+Random.swift */,
				FC4964272015598E00104CEB /* UIColor */,
				FCE8236820162862000061E8 /* UIImageViewExtension.swift */,
				FCE8236A2016293C000061E8 /* UILabelExtension.swift */,
				FCE8236C201631B3000061E8 /* UIViewExtension.swift */,
			);
			path = Extensions;
			sourceTree = "<group>";
		};
		FCC9DD46200DFA5E008825EC /* Helpers */ = {
			isa = PBXGroup;
			children = (
				FCC9DD62200E2246008825EC /* CellViewModel.swift */,
				FCC9DD6B200E47B2008825EC /* Money.swift */,
				FCC9DDA8200F9AF8008825EC /* DisplayCollection */,
				FCF105FB2017345200E3F481 /* Validation.swift */,
				FCF105FF20179C2B00E3F481 /* Object+Singletone.swift */,
				FCBD22C12019EACA000B8E38 /* ErrorHandler.swift */,
				FC431D93201A460300DDAFC8 /* TranslationPlainObjectProtocol.swift */,
			);
			path = Helpers;
			sourceTree = "<group>";
		};
		FCC9DD47200DFA5E008825EC /* Controllers */ = {
			isa = PBXGroup;
			children = (
				FCC9DD48200DFA5E008825EC /* Other Controllers */,
			);
			path = Controllers;
			sourceTree = "<group>";
		};
		FCC9DD48200DFA5E008825EC /* Other Controllers */ = {
			isa = PBXGroup;
			children = (
				FCB8DFCE2010F99200698D18 /* AuthManager.swift */,
				FC496421201558AD00104CEB /* AppearanceController.swift */,
			);
			path = "Other Controllers";
			sourceTree = "<group>";
		};
		FCC9DD49200DFA5E008825EC /* View Controllers */ = {
			isa = PBXGroup;
			children = (
				FCC9DD76200E4CCF008825EC /* Base */,
				FCB8DFC72010F64D00698D18 /* Auth */,
				FCC9DD72200E4C7E008825EC /* Profile */,
				FCC9DD6F200E4C7E008825EC /* TraderList */,
				FC4964162015446700104CEB /* Wallet */,
				FC4964192015474B00104CEB /* Dashboard */,
				FC49641C2015489B00104CEB /* Welcome */,
			);
			path = "View Controllers";
			sourceTree = "<group>";
		};
		FCC9DD4A200DFA5E008825EC /* Models */ = {
			isa = PBXGroup;
			children = (
				FCC9DD4B200DFA5E008825EC /* Entities */,
				FCC9DD4C200DFA5E008825EC /* Helpers */,
				FCB8DFD42010FBE500698D18 /* PlainObjects */,
			);
			path = Models;
			sourceTree = "<group>";
		};
		FCC9DD4B200DFA5E008825EC /* Entities */ = {
			isa = PBXGroup;
			children = (
				FCC9DD67200E3E2F008825EC /* InvestmentProgramEntity.swift */,
				FCB8DFD02010F9E000698D18 /* ProfileEntity.swift */,
				FCF1060620179F5A00E3F481 /* UserEntity.swift */,
			);
			path = Entities;
			sourceTree = "<group>";
		};
		FCC9DD4C200DFA5E008825EC /* Helpers */ = {
			isa = PBXGroup;
			children = (
				FCB2C4DD20109A0C0012AA58 /* RealmController.swift */,
				FCB2C4E120109AA10012AA58 /* Realm+Notifications.swift */,
				FCB2C4DF20109A950012AA58 /* Realm+WriteFunctions.swift */,
				FCB2C4DB2010997A0012AA58 /* DataModelCollection.swift */,
				FCB2C4E52010AA3C0012AA58 /* TemplatableObject.swift */,
				FCB2C4E320109CAC0012AA58 /* TemplateEntityProtocol.swift */,
				FCB2C4E72010AABA0012AA58 /* TemplateModelCollection.swift */,
			);
			path = Helpers;
			sourceTree = "<group>";
		};
		FCC9DD4D200DFA5E008825EC /* Other */ = {
			isa = PBXGroup;
			children = (
			);
			path = Other;
			sourceTree = "<group>";
		};
		FCC9DD4E200DFA5E008825EC /* Routers */ = {
			isa = PBXGroup;
			children = (
			);
			path = Routers;
			sourceTree = "<group>";
		};
		FCC9DD4F200DFA5E008825EC /* Services */ = {
			isa = PBXGroup;
			children = (
			);
			path = Services;
			sourceTree = "<group>";
		};
		FCC9DD50200DFA5E008825EC /* Vendor */ = {
			isa = PBXGroup;
			children = (
				FCBD22C3201A050E000B8E38 /* Swaggers */,
			);
			path = Vendor;
			sourceTree = "<group>";
		};
		FCC9DD51200DFA5E008825EC /* Views */ = {
			isa = PBXGroup;
			children = (
				FCE823662016239C000061E8 /* RoundedImageView.swift */,
				FCC9DD52200DFA5E008825EC /* Cells */,
				FCE82364201622BD000061E8 /* ActionButton.swift */,
			);
			path = Views;
			sourceTree = "<group>";
		};
		FCC9DD52200DFA5E008825EC /* Cells */ = {
			isa = PBXGroup;
			children = (
				FCC9DD65200E3AB7008825EC /* InvestmentProgramTableViewCellModel.swift */,
				FCC9DD5E200E20DB008825EC /* TraderTableViewCell.swift */,
				FCC9DD5F200E20DB008825EC /* TraderTableViewCell.xib */,
			);
			path = Cells;
			sourceTree = "<group>";
		};
		FCC9DD64200E236E008825EC /* Protocols */ = {
			isa = PBXGroup;
			children = (
				FCC9DD8B200E658E008825EC /* ReusableCell.swift */,
				FCB8DFCA2010F6B100698D18 /* UIViewControllerWithTableView.swift */,
				FCF105FD20178A4300E3F481 /* ValidableFields.swift */,
			);
			path = Protocols;
			sourceTree = "<group>";
		};
		FCC9DD6F200E4C7E008825EC /* TraderList */ = {
			isa = PBXGroup;
			children = (
				FCC9DD70200E4C7E008825EC /* TraderListViewController.swift */,
				FCC9DD87200E61C0008825EC /* TraderViewController.swift */,
				FCC9DDA2200F9A11008825EC /* TraderListDisplayCollection.swift */,
			);
			path = TraderList;
			sourceTree = "<group>";
		};
		FCC9DD72200E4C7E008825EC /* Profile */ = {
			isa = PBXGroup;
			children = (
				FCC9DD74200E4CAE008825EC /* ProfileViewController.swift */,
			);
			path = Profile;
			sourceTree = "<group>";
		};
		FCC9DD76200E4CCF008825EC /* Base */ = {
			isa = PBXGroup;
			children = (
				FCC9DD77200E4CCF008825EC /* BaseNavigationController.swift */,
				FCC9DD78200E4CCF008825EC /* BaseTabBarController.swift */,
				FCC9DD79200E4CCF008825EC /* BaseViewController.swift */,
			);
			path = Base;
			sourceTree = "<group>";
		};
		FCC9DDA8200F9AF8008825EC /* DisplayCollection */ = {
			isa = PBXGroup;
			children = (
				FCC9DDA4200F9A64008825EC /* DisplayCollection.swift */,
				FCC9DDA6200F9A80008825EC /* DisplayCollectionDelegate.swift */,
			);
			path = DisplayCollection;
			sourceTree = "<group>";
		};
/* End PBXGroup section */

/* Begin PBXNativeTarget section */
		FCC9DD23200DF2C3008825EC /* genesisvision-ios */ = {
			isa = PBXNativeTarget;
			buildConfigurationList = FCC9DD36200DF2C3008825EC /* Build configuration list for PBXNativeTarget "genesisvision-ios" */;
			buildPhases = (
				5310D4AC9D1ADB63F1A7D48E /* [CP] Check Pods Manifest.lock */,
				FCC9DD20200DF2C3008825EC /* Sources */,
				FCC9DD21200DF2C3008825EC /* Frameworks */,
				FCC9DD22200DF2C3008825EC /* Resources */,
				B12814AB2AACD8A70B7A8680 /* [CP] Embed Pods Frameworks */,
				F5A58FBD5240BFD804AFEF7A /* [CP] Copy Pods Resources */,
			);
			buildRules = (
			);
			dependencies = (
			);
			name = "genesisvision-ios";
			productName = "genesisvision-ios";
			productReference = FCC9DD24200DF2C3008825EC /* genesisvision-ios.app */;
			productType = "com.apple.product-type.application";
		};
/* End PBXNativeTarget section */

/* Begin PBXProject section */
		FCC9DD1C200DF2C3008825EC /* Project object */ = {
			isa = PBXProject;
			attributes = {
				LastSwiftUpdateCheck = 0920;
				LastUpgradeCheck = 0920;
				ORGANIZATIONNAME = "Genesis Vision";
				TargetAttributes = {
					FCC9DD23200DF2C3008825EC = {
						CreatedOnToolsVersion = 9.2;
						ProvisioningStyle = Automatic;
					};
				};
			};
			buildConfigurationList = FCC9DD1F200DF2C3008825EC /* Build configuration list for PBXProject "genesisvision-ios" */;
			compatibilityVersion = "Xcode 8.0";
			developmentRegion = en;
			hasScannedForEncodings = 0;
			knownRegions = (
				en,
				Base,
			);
			mainGroup = FCC9DD1B200DF2C3008825EC;
			productRefGroup = FCC9DD25200DF2C3008825EC /* Products */;
			projectDirPath = "";
			projectRoot = "";
			targets = (
				FCC9DD23200DF2C3008825EC /* genesisvision-ios */,
			);
		};
/* End PBXProject section */

/* Begin PBXResourcesBuildPhase section */
		FCC9DD22200DF2C3008825EC /* Resources */ = {
			isa = PBXResourcesBuildPhase;
			buildActionMask = 2147483647;
			files = (
				FCC9DD57200DFA5E008825EC /* Main.storyboard in Resources */,
				FC4964202015502A00104CEB /* Wallet.storyboard in Resources */,
				FCB2C4EE2010D51D0012AA58 /* Auth.storyboard in Resources */,
				FCC9DD56200DFA5E008825EC /* LaunchScreen.storyboard in Resources */,
				FCC9DD5D200DFFDC008825EC /* Traders.storyboard in Resources */,
				FCC9DD5B200DFFB8008825EC /* Profile.storyboard in Resources */,
				FCC9DD54200DFA5E008825EC /* Info.plist in Resources */,
				FCC9DD53200DFA5E008825EC /* Assets.xcassets in Resources */,
				FC49641E2015500700104CEB /* Dashboard.storyboard in Resources */,
				FCC9DD61200E20DB008825EC /* TraderTableViewCell.xib in Resources */,
			);
			runOnlyForDeploymentPostprocessing = 0;
		};
/* End PBXResourcesBuildPhase section */

/* Begin PBXShellScriptBuildPhase section */
		5310D4AC9D1ADB63F1A7D48E /* [CP] Check Pods Manifest.lock */ = {
			isa = PBXShellScriptBuildPhase;
			buildActionMask = 2147483647;
			files = (
			);
			inputPaths = (
			);
			name = "[CP] Check Pods Manifest.lock";
			outputPaths = (
			);
			runOnlyForDeploymentPostprocessing = 0;
			shellPath = /bin/sh;
			shellScript = "diff \"${PODS_ROOT}/../Podfile.lock\" \"${PODS_ROOT}/Manifest.lock\" > /dev/null\nif [ $? != 0 ] ; then\n    # print error to STDERR\n    echo \"error: The sandbox is not in sync with the Podfile.lock. Run 'pod install' or update your CocoaPods installation.\" >&2\n    exit 1\nfi\n";
			showEnvVarsInLog = 0;
		};
		B12814AB2AACD8A70B7A8680 /* [CP] Embed Pods Frameworks */ = {
			isa = PBXShellScriptBuildPhase;
			buildActionMask = 2147483647;
			files = (
			);
			inputPaths = (
			);
			name = "[CP] Embed Pods Frameworks";
			outputPaths = (
			);
			runOnlyForDeploymentPostprocessing = 0;
			shellPath = /bin/sh;
			shellScript = "\"${SRCROOT}/Pods/Target Support Files/Pods-genesisvision-ios/Pods-genesisvision-ios-frameworks.sh\"\n";
			showEnvVarsInLog = 0;
		};
		F5A58FBD5240BFD804AFEF7A /* [CP] Copy Pods Resources */ = {
			isa = PBXShellScriptBuildPhase;
			buildActionMask = 2147483647;
			files = (
			);
			inputPaths = (
			);
			name = "[CP] Copy Pods Resources";
			outputPaths = (
			);
			runOnlyForDeploymentPostprocessing = 0;
			shellPath = /bin/sh;
			shellScript = "\"${SRCROOT}/Pods/Target Support Files/Pods-genesisvision-ios/Pods-genesisvision-ios-resources.sh\"\n";
			showEnvVarsInLog = 0;
		};
/* End PBXShellScriptBuildPhase section */

/* Begin PBXSourcesBuildPhase section */
		FCC9DD20200DF2C3008825EC /* Sources */ = {
			isa = PBXSourcesBuildPhase;
			buildActionMask = 2147483647;
			files = (
				FCF1060520179F0200E3F481 /* ProfileEntity.swift in Sources */,
				FCBD231D201A050E000B8E38 /* ProfileFullViewModel.swift in Sources */,
				FCC9DD8C200E658E008825EC /* ReusableCell.swift in Sources */,
				FCC9DD28200DF2C3008825EC /* AppDelegate.swift in Sources */,
				FCB8DFC62010F64200698D18 /* SignInViewController.swift in Sources */,
				FCC9DD86200E5D12008825EC /* UITableViewHeaderFooterView+ReusableCell.swift in Sources */,
				FCBD2311201A050E000B8E38 /* InvestmentShort.swift in Sources */,
				FCBD231A201A050E000B8E38 /* NewInvestmentRequest.swift in Sources */,
				FCBD231C201A050E000B8E38 /* Period.swift in Sources */,
				FCBD2324201A050E000B8E38 /* WalletTransactionsViewModel.swift in Sources */,
				FCC9DD63200E2246008825EC /* CellViewModel.swift in Sources */,
				FCBD231E201A050E000B8E38 /* ProfileShortViewModel.swift in Sources */,
				FCB2C4E62010AA3C0012AA58 /* TemplatableObject.swift in Sources */,
				FCBD2315201A050E000B8E38 /* LoginViewModel.swift in Sources */,
				FCB2C4DE20109A0C0012AA58 /* RealmController.swift in Sources */,
				FCBD2301201A050E000B8E38 /* JSONEncodingHelper.swift in Sources */,
				FCC9DD6C200E47B2008825EC /* Money.swift in Sources */,
				FCC9DD7E200E57ED008825EC /* Previewing.swift in Sources */,
				FCBD2318201A050E000B8E38 /* ManagerToken.swift in Sources */,
				FCC9DD80200E59C8008825EC /* UITableView+Configure.swift in Sources */,
				FCF105FE20178A4300E3F481 /* ValidableFields.swift in Sources */,
				FCBD2317201A050E000B8E38 /* ManagerRequest.swift in Sources */,
				FCBD22F8201A050E000B8E38 /* BrokerAPI.swift in Sources */,
				FCC9DDA3200F9A11008825EC /* TraderListDisplayCollection.swift in Sources */,
				FCBD2319201A050E000B8E38 /* MetaTraderOrder.swift in Sources */,
				FCF1060020179C2B00E3F481 /* Object+Singletone.swift in Sources */,
				FCC9DDA5200F9A64008825EC /* DisplayCollection.swift in Sources */,
				FCE8236920162862000061E8 /* UIImageViewExtension.swift in Sources */,
				FCB2C4E420109CAC0012AA58 /* TemplateEntityProtocol.swift in Sources */,
				FCBD22C22019EACA000B8E38 /* ErrorHandler.swift in Sources */,
				FCC9DD60200E20DB008825EC /* TraderTableViewCell.swift in Sources */,
				FCB8DFC92010F67300698D18 /* ConfirmationViewController.swift in Sources */,
				FCBD2302201A050E000B8E38 /* Broker.swift in Sources */,
				FCBD230B201A050E000B8E38 /* InvestmentProgram.swift in Sources */,
				FCB8DFCB2010F6B100698D18 /* UIViewControllerWithTableView.swift in Sources */,
				FCBD2313201A050E000B8E38 /* InvestorProgram.swift in Sources */,
				FCC9DD7C200E4CCF008825EC /* BaseViewController.swift in Sources */,
				FCC9DD84200E5CEC008825EC /* UITableView+ReusableCell.swift in Sources */,
				FCBD2312201A050E000B8E38 /* InvestorDashboard.swift in Sources */,
				FCB2C4E82010AABA0012AA58 /* TemplateModelCollection.swift in Sources */,
				FCBD2307201A050E000B8E38 /* ClosePeriodData.swift in Sources */,
				FCBD2325201A050E000B8E38 /* Models.swift in Sources */,
				FCB2C4E220109AA10012AA58 /* Realm+Notifications.swift in Sources */,
				FCBD230C201A050E000B8E38 /* InvestmentProgramStatistic.swift in Sources */,
				FCF1060720179F5A00E3F481 /* UserEntity.swift in Sources */,
				FCC9DD88200E61C0008825EC /* TraderViewController.swift in Sources */,
				FCC9DD68200E3E2F008825EC /* InvestmentProgramEntity.swift in Sources */,
				FCBD2304201A050E000B8E38 /* BrokersFilter.swift in Sources */,
				FCB2C4DC2010997A0012AA58 /* DataModelCollection.swift in Sources */,
				FCBD22F9201A050E000B8E38 /* InvestorAPI.swift in Sources */,
				FCBD22FF201A050E000B8E38 /* Extensions.swift in Sources */,
				FCBD22C02019E960000B8E38 /* TraderListViewModel.swift in Sources */,
				FCF105FC2017345200E3F481 /* Validation.swift in Sources */,
				FCE823672016239C000061E8 /* RoundedImageView.swift in Sources */,
				FCC9DD7B200E4CCF008825EC /* BaseTabBarController.swift in Sources */,
				FCBD231F201A050E000B8E38 /* RegisterInvestorViewModel.swift in Sources */,
				FCBD2314201A050E000B8E38 /* InvestViewModel.swift in Sources */,
				FCC9DD82200E5CA0008825EC /* UITableView+Registration.swift in Sources */,
				FCC9DD75200E4CAE008825EC /* ProfileViewController.swift in Sources */,
				FC431D94201A460300DDAFC8 /* TranslationPlainObjectProtocol.swift in Sources */,
				FCE8236D201631B3000061E8 /* UIViewExtension.swift in Sources */,
				FCBD22FC201A050E000B8E38 /* APIs.swift in Sources */,
				FC49641B2015489700104CEB /* WelcomeViewController.swift in Sources */,
				FCBD2322201A050E000B8E38 /* TransactionsFilter.swift in Sources */,
				FCBD2306201A050E000B8E38 /* BrokerTradeServer.swift in Sources */,
				FCBD22FB201A050E000B8E38 /* TradesAPI.swift in Sources */,
				FCC9DD8E200E67EF008825EC /* UITableView+CellViewModel.swift in Sources */,
				FCB8DFCF2010F99200698D18 /* AuthManager.swift in Sources */,
				FCE8236320161339000061E8 /* Constants.swift in Sources */,
				FCBD2321201A050E000B8E38 /* TradesViewModel.swift in Sources */,
				FCBD230E201A050E000B8E38 /* InvestmentProgramViewModel.swift in Sources */,
				FCBD2300201A050E000B8E38 /* JSONEncodableEncoding.swift in Sources */,
				FCBD2309201A050E000B8E38 /* ErrorViewModel.swift in Sources */,
				FCBD22FE201A050E000B8E38 /* Configuration.swift in Sources */,
				FCBD22F6201A050E000B8E38 /* AlamofireImplementations.swift in Sources */,
				FCBD2303201A050E000B8E38 /* BrokerInitData.swift in Sources */,
				FCC9DD73200E4C7E008825EC /* TraderListViewController.swift in Sources */,
				FCB8DFCD2010F8BA00698D18 /* AuthViewController.swift in Sources */,
				FCBD22FA201A050E000B8E38 /* ManagerAPI.swift in Sources */,
				FCBD2308201A050E000B8E38 /* ErrorMessage.swift in Sources */,
				FCB2C4E020109A950012AA58 /* Realm+WriteFunctions.swift in Sources */,
				FC4964262015598300104CEB /* UIColor+Hex.swift in Sources */,
				FCBD230F201A050E000B8E38 /* InvestmentRequest.swift in Sources */,
				FCE8236B2016293C000061E8 /* UILabelExtension.swift in Sources */,
				FCC9DD8A200E63D2008825EC /* UIViewControllerExtensions.swift in Sources */,
				FCBD2320201A050E000B8E38 /* RegisterManagerViewModel.swift in Sources */,
				FCBD230A201A050E000B8E38 /* Investment.swift in Sources */,
				FCBD230D201A050E000B8E38 /* InvestmentProgramsViewModel.swift in Sources */,
				FCBD2316201A050E000B8E38 /* ManagerAccount.swift in Sources */,
				FCC9DD7A200E4CCF008825EC /* BaseNavigationController.swift in Sources */,
				FCBD231B201A050E000B8E38 /* NewManager.swift in Sources */,
				FCBD22F7201A050E000B8E38 /* APIHelper.swift in Sources */,
				FCBD2323201A050E000B8E38 /* WalletTransaction.swift in Sources */,
				FC4964242015590D00104CEB /* UIColor+PaletteColors.swift in Sources */,
				FC496422201558AD00104CEB /* AppearanceController.swift in Sources */,
				FCBD2305201A050E000B8E38 /* BrokersViewModel.swift in Sources */,
				FCB8DFD32010FBC800698D18 /* ProfileObject.swift in Sources */,
				FCC9DD66200E3AB7008825EC /* InvestmentProgramTableViewCellModel.swift in Sources */,
				FCC9DDA7200F9A80008825EC /* DisplayCollectionDelegate.swift in Sources */,
				FCBD2327201A2582000B8E38 /* ProfileViewModel.swift in Sources */,
				FCE82365201622BD000061E8 /* ActionButton.swift in Sources */,
				FCBD2310201A050E000B8E38 /* InvestmentsFilter.swift in Sources */,
				FCB2C4EA2010BAAA0012AA58 /* String+Localized.swift in Sources */,
				FC431D96201A46C400DDAFC8 /* InvestmentProgramPlainObjectTranslation.swift in Sources */,
				FCB2C4EC2010BB5F0012AA58 /* RandomAccessCollection+Random.swift in Sources */,
				FCB8DFC42010F5EC00698D18 /* SignUpViewController.swift in Sources */,
				FC4964152015445E00104CEB /* WalletViewController.swift in Sources */,
				FCBD22FD201A050E000B8E38 /* CodableHelper.swift in Sources */,
				FC4964182015474700104CEB /* DashboardViewController.swift in Sources */,
			);
			runOnlyForDeploymentPostprocessing = 0;
		};
/* End PBXSourcesBuildPhase section */

/* Begin XCBuildConfiguration section */
		FC08FA652018932900BC1417 /* Debug Manager */ = {
			isa = XCBuildConfiguration;
			buildSettings = {
				ALWAYS_SEARCH_USER_PATHS = NO;
				CLANG_ANALYZER_NONNULL = YES;
				CLANG_ANALYZER_NUMBER_OBJECT_CONVERSION = YES_AGGRESSIVE;
				CLANG_CXX_LANGUAGE_STANDARD = "gnu++14";
				CLANG_CXX_LIBRARY = "libc++";
				CLANG_ENABLE_MODULES = YES;
				CLANG_ENABLE_OBJC_ARC = YES;
				CLANG_WARN_BLOCK_CAPTURE_AUTORELEASING = YES;
				CLANG_WARN_BOOL_CONVERSION = YES;
				CLANG_WARN_COMMA = YES;
				CLANG_WARN_CONSTANT_CONVERSION = YES;
				CLANG_WARN_DIRECT_OBJC_ISA_USAGE = YES_ERROR;
				CLANG_WARN_DOCUMENTATION_COMMENTS = YES;
				CLANG_WARN_EMPTY_BODY = YES;
				CLANG_WARN_ENUM_CONVERSION = YES;
				CLANG_WARN_INFINITE_RECURSION = YES;
				CLANG_WARN_INT_CONVERSION = YES;
				CLANG_WARN_NON_LITERAL_NULL_CONVERSION = YES;
				CLANG_WARN_OBJC_LITERAL_CONVERSION = YES;
				CLANG_WARN_OBJC_ROOT_CLASS = YES_ERROR;
				CLANG_WARN_RANGE_LOOP_ANALYSIS = YES;
				CLANG_WARN_STRICT_PROTOTYPES = YES;
				CLANG_WARN_SUSPICIOUS_MOVE = YES;
				CLANG_WARN_UNGUARDED_AVAILABILITY = YES_AGGRESSIVE;
				CLANG_WARN_UNREACHABLE_CODE = YES;
				CLANG_WARN__DUPLICATE_METHOD_MATCH = YES;
				CODE_SIGN_IDENTITY = "iPhone Developer";
				COPY_PHASE_STRIP = NO;
				DEBUG_INFORMATION_FORMAT = dwarf;
				ENABLE_STRICT_OBJC_MSGSEND = YES;
				ENABLE_TESTABILITY = YES;
				GCC_C_LANGUAGE_STANDARD = gnu11;
				GCC_DYNAMIC_NO_PIC = NO;
				GCC_NO_COMMON_BLOCKS = YES;
				GCC_OPTIMIZATION_LEVEL = 0;
				GCC_PREPROCESSOR_DEFINITIONS = (
					"DEBUG=1",
					"$(inherited)",
				);
				GCC_WARN_64_TO_32_BIT_CONVERSION = YES;
				GCC_WARN_ABOUT_RETURN_TYPE = YES_ERROR;
				GCC_WARN_UNDECLARED_SELECTOR = YES;
				GCC_WARN_UNINITIALIZED_AUTOS = YES_AGGRESSIVE;
				GCC_WARN_UNUSED_FUNCTION = YES;
				GCC_WARN_UNUSED_VARIABLE = YES;
				IPHONEOS_DEPLOYMENT_TARGET = 11.2;
				MTL_ENABLE_DEBUG_INFO = YES;
				ONLY_ACTIVE_ARCH = YES;
				SDKROOT = iphoneos;
				SWIFT_ACTIVE_COMPILATION_CONDITIONS = DEBUG;
				SWIFT_OPTIMIZATION_LEVEL = "-Onone";
			};
			name = "Debug Manager";
		};
		FC08FA662018932900BC1417 /* Debug Manager */ = {
			isa = XCBuildConfiguration;
			baseConfigurationReference = 96C81368C3DDE44C91DB5BCD /* Pods-genesisvision-ios.debug manager.xcconfig */;
			buildSettings = {
				ASSETCATALOG_COMPILER_APPICON_NAME = AppIcon;
				CODE_SIGN_STYLE = Automatic;
				DEVELOPMENT_TEAM = 78C97SMYBK;
				INFOPLIST_FILE = "$(SRCROOT)/genesisvision-ios/Resources/Config/Info.plist";
				IPHONEOS_DEPLOYMENT_TARGET = 10.0;
				LD_RUNPATH_SEARCH_PATHS = "$(inherited) @executable_path/Frameworks";
				OTHER_SWIFT_FLAGS = "$(inherited) \"-D\" \"COCOAPODS\" -Xfrontend -debug-time-function-bodies";
				"OTHER_SWIFT_FLAGS[arch=*]" = "\"-DMANAGER\"";
				PRODUCT_BUNDLE_IDENTIFIER = "vision.genesis.genesisvision-ios.manager";
				PRODUCT_NAME = "GV Manager";
				SWIFT_VERSION = 4.0;
				TARGETED_DEVICE_FAMILY = 1;
			};
			name = "Debug Manager";
		};
		FC08FA672018933500BC1417 /* Debug Investor */ = {
			isa = XCBuildConfiguration;
			buildSettings = {
				ALWAYS_SEARCH_USER_PATHS = NO;
				CLANG_ANALYZER_NONNULL = YES;
				CLANG_ANALYZER_NUMBER_OBJECT_CONVERSION = YES_AGGRESSIVE;
				CLANG_CXX_LANGUAGE_STANDARD = "gnu++14";
				CLANG_CXX_LIBRARY = "libc++";
				CLANG_ENABLE_MODULES = YES;
				CLANG_ENABLE_OBJC_ARC = YES;
				CLANG_WARN_BLOCK_CAPTURE_AUTORELEASING = YES;
				CLANG_WARN_BOOL_CONVERSION = YES;
				CLANG_WARN_COMMA = YES;
				CLANG_WARN_CONSTANT_CONVERSION = YES;
				CLANG_WARN_DIRECT_OBJC_ISA_USAGE = YES_ERROR;
				CLANG_WARN_DOCUMENTATION_COMMENTS = YES;
				CLANG_WARN_EMPTY_BODY = YES;
				CLANG_WARN_ENUM_CONVERSION = YES;
				CLANG_WARN_INFINITE_RECURSION = YES;
				CLANG_WARN_INT_CONVERSION = YES;
				CLANG_WARN_NON_LITERAL_NULL_CONVERSION = YES;
				CLANG_WARN_OBJC_LITERAL_CONVERSION = YES;
				CLANG_WARN_OBJC_ROOT_CLASS = YES_ERROR;
				CLANG_WARN_RANGE_LOOP_ANALYSIS = YES;
				CLANG_WARN_STRICT_PROTOTYPES = YES;
				CLANG_WARN_SUSPICIOUS_MOVE = YES;
				CLANG_WARN_UNGUARDED_AVAILABILITY = YES_AGGRESSIVE;
				CLANG_WARN_UNREACHABLE_CODE = YES;
				CLANG_WARN__DUPLICATE_METHOD_MATCH = YES;
				CODE_SIGN_IDENTITY = "iPhone Developer";
				COPY_PHASE_STRIP = NO;
				DEBUG_INFORMATION_FORMAT = dwarf;
				ENABLE_STRICT_OBJC_MSGSEND = YES;
				ENABLE_TESTABILITY = YES;
				GCC_C_LANGUAGE_STANDARD = gnu11;
				GCC_DYNAMIC_NO_PIC = NO;
				GCC_NO_COMMON_BLOCKS = YES;
				GCC_OPTIMIZATION_LEVEL = 0;
				GCC_PREPROCESSOR_DEFINITIONS = (
					"DEBUG=1",
					"$(inherited)",
				);
				GCC_WARN_64_TO_32_BIT_CONVERSION = YES;
				GCC_WARN_ABOUT_RETURN_TYPE = YES_ERROR;
				GCC_WARN_UNDECLARED_SELECTOR = YES;
				GCC_WARN_UNINITIALIZED_AUTOS = YES_AGGRESSIVE;
				GCC_WARN_UNUSED_FUNCTION = YES;
				GCC_WARN_UNUSED_VARIABLE = YES;
				IPHONEOS_DEPLOYMENT_TARGET = 11.2;
				MTL_ENABLE_DEBUG_INFO = YES;
				ONLY_ACTIVE_ARCH = YES;
				SDKROOT = iphoneos;
				SWIFT_ACTIVE_COMPILATION_CONDITIONS = DEBUG;
				SWIFT_OPTIMIZATION_LEVEL = "-Onone";
			};
			name = "Debug Investor";
		};
		FC08FA682018933500BC1417 /* Debug Investor */ = {
			isa = XCBuildConfiguration;
			baseConfigurationReference = 1259E2D024633207C023BB6B /* Pods-genesisvision-ios.debug investor.xcconfig */;
			buildSettings = {
				ASSETCATALOG_COMPILER_APPICON_NAME = AppIcon;
				CODE_SIGN_STYLE = Automatic;
				DEVELOPMENT_TEAM = 78C97SMYBK;
				INFOPLIST_FILE = "$(SRCROOT)/genesisvision-ios/Resources/Config/Info.plist";
				IPHONEOS_DEPLOYMENT_TARGET = 10.0;
				LD_RUNPATH_SEARCH_PATHS = "$(inherited) @executable_path/Frameworks";
				OTHER_SWIFT_FLAGS = "$(inherited) \"-D\" \"COCOAPODS\" -Xfrontend -debug-time-function-bodies";
				"OTHER_SWIFT_FLAGS[arch=*]" = "\"-DINVESTOR\"";
				PRODUCT_BUNDLE_IDENTIFIER = "vision.genesis.genesisvision-ios.investor";
				PRODUCT_NAME = "GV Investor";
				SWIFT_VERSION = 4.0;
				TARGETED_DEVICE_FAMILY = 1;
			};
			name = "Debug Investor";
		};
		FCC9DD34200DF2C3008825EC /* Debug */ = {
			isa = XCBuildConfiguration;
			buildSettings = {
				ALWAYS_SEARCH_USER_PATHS = NO;
				CLANG_ANALYZER_NONNULL = YES;
				CLANG_ANALYZER_NUMBER_OBJECT_CONVERSION = YES_AGGRESSIVE;
				CLANG_CXX_LANGUAGE_STANDARD = "gnu++14";
				CLANG_CXX_LIBRARY = "libc++";
				CLANG_ENABLE_MODULES = YES;
				CLANG_ENABLE_OBJC_ARC = YES;
				CLANG_WARN_BLOCK_CAPTURE_AUTORELEASING = YES;
				CLANG_WARN_BOOL_CONVERSION = YES;
				CLANG_WARN_COMMA = YES;
				CLANG_WARN_CONSTANT_CONVERSION = YES;
				CLANG_WARN_DIRECT_OBJC_ISA_USAGE = YES_ERROR;
				CLANG_WARN_DOCUMENTATION_COMMENTS = YES;
				CLANG_WARN_EMPTY_BODY = YES;
				CLANG_WARN_ENUM_CONVERSION = YES;
				CLANG_WARN_INFINITE_RECURSION = YES;
				CLANG_WARN_INT_CONVERSION = YES;
				CLANG_WARN_NON_LITERAL_NULL_CONVERSION = YES;
				CLANG_WARN_OBJC_LITERAL_CONVERSION = YES;
				CLANG_WARN_OBJC_ROOT_CLASS = YES_ERROR;
				CLANG_WARN_RANGE_LOOP_ANALYSIS = YES;
				CLANG_WARN_STRICT_PROTOTYPES = YES;
				CLANG_WARN_SUSPICIOUS_MOVE = YES;
				CLANG_WARN_UNGUARDED_AVAILABILITY = YES_AGGRESSIVE;
				CLANG_WARN_UNREACHABLE_CODE = YES;
				CLANG_WARN__DUPLICATE_METHOD_MATCH = YES;
				CODE_SIGN_IDENTITY = "iPhone Developer";
				COPY_PHASE_STRIP = NO;
				DEBUG_INFORMATION_FORMAT = dwarf;
				ENABLE_STRICT_OBJC_MSGSEND = YES;
				ENABLE_TESTABILITY = YES;
				GCC_C_LANGUAGE_STANDARD = gnu11;
				GCC_DYNAMIC_NO_PIC = NO;
				GCC_NO_COMMON_BLOCKS = YES;
				GCC_OPTIMIZATION_LEVEL = 0;
				GCC_PREPROCESSOR_DEFINITIONS = (
					"DEBUG=1",
					"$(inherited)",
				);
				GCC_WARN_64_TO_32_BIT_CONVERSION = YES;
				GCC_WARN_ABOUT_RETURN_TYPE = YES_ERROR;
				GCC_WARN_UNDECLARED_SELECTOR = YES;
				GCC_WARN_UNINITIALIZED_AUTOS = YES_AGGRESSIVE;
				GCC_WARN_UNUSED_FUNCTION = YES;
				GCC_WARN_UNUSED_VARIABLE = YES;
				IPHONEOS_DEPLOYMENT_TARGET = 11.2;
				MTL_ENABLE_DEBUG_INFO = YES;
				ONLY_ACTIVE_ARCH = YES;
				SDKROOT = iphoneos;
				SWIFT_ACTIVE_COMPILATION_CONDITIONS = DEBUG;
				SWIFT_OPTIMIZATION_LEVEL = "-Onone";
			};
			name = Debug;
		};
		FCC9DD35200DF2C3008825EC /* Release */ = {
			isa = XCBuildConfiguration;
			buildSettings = {
				ALWAYS_SEARCH_USER_PATHS = NO;
				CLANG_ANALYZER_NONNULL = YES;
				CLANG_ANALYZER_NUMBER_OBJECT_CONVERSION = YES_AGGRESSIVE;
				CLANG_CXX_LANGUAGE_STANDARD = "gnu++14";
				CLANG_CXX_LIBRARY = "libc++";
				CLANG_ENABLE_MODULES = YES;
				CLANG_ENABLE_OBJC_ARC = YES;
				CLANG_WARN_BLOCK_CAPTURE_AUTORELEASING = YES;
				CLANG_WARN_BOOL_CONVERSION = YES;
				CLANG_WARN_COMMA = YES;
				CLANG_WARN_CONSTANT_CONVERSION = YES;
				CLANG_WARN_DIRECT_OBJC_ISA_USAGE = YES_ERROR;
				CLANG_WARN_DOCUMENTATION_COMMENTS = YES;
				CLANG_WARN_EMPTY_BODY = YES;
				CLANG_WARN_ENUM_CONVERSION = YES;
				CLANG_WARN_INFINITE_RECURSION = YES;
				CLANG_WARN_INT_CONVERSION = YES;
				CLANG_WARN_NON_LITERAL_NULL_CONVERSION = YES;
				CLANG_WARN_OBJC_LITERAL_CONVERSION = YES;
				CLANG_WARN_OBJC_ROOT_CLASS = YES_ERROR;
				CLANG_WARN_RANGE_LOOP_ANALYSIS = YES;
				CLANG_WARN_STRICT_PROTOTYPES = YES;
				CLANG_WARN_SUSPICIOUS_MOVE = YES;
				CLANG_WARN_UNGUARDED_AVAILABILITY = YES_AGGRESSIVE;
				CLANG_WARN_UNREACHABLE_CODE = YES;
				CLANG_WARN__DUPLICATE_METHOD_MATCH = YES;
				CODE_SIGN_IDENTITY = "iPhone Developer";
				COPY_PHASE_STRIP = NO;
				DEBUG_INFORMATION_FORMAT = "dwarf-with-dsym";
				ENABLE_NS_ASSERTIONS = NO;
				ENABLE_STRICT_OBJC_MSGSEND = YES;
				GCC_C_LANGUAGE_STANDARD = gnu11;
				GCC_NO_COMMON_BLOCKS = YES;
				GCC_WARN_64_TO_32_BIT_CONVERSION = YES;
				GCC_WARN_ABOUT_RETURN_TYPE = YES_ERROR;
				GCC_WARN_UNDECLARED_SELECTOR = YES;
				GCC_WARN_UNINITIALIZED_AUTOS = YES_AGGRESSIVE;
				GCC_WARN_UNUSED_FUNCTION = YES;
				GCC_WARN_UNUSED_VARIABLE = YES;
				IPHONEOS_DEPLOYMENT_TARGET = 11.2;
				MTL_ENABLE_DEBUG_INFO = NO;
				SDKROOT = iphoneos;
				SWIFT_OPTIMIZATION_LEVEL = "-Owholemodule";
				VALIDATE_PRODUCT = YES;
			};
			name = Release;
		};
		FCC9DD37200DF2C3008825EC /* Debug */ = {
			isa = XCBuildConfiguration;
			baseConfigurationReference = D4A2436FDA06220328E9292C /* Pods-genesisvision-ios.debug.xcconfig */;
			buildSettings = {
				ASSETCATALOG_COMPILER_APPICON_NAME = AppIcon;
				CODE_SIGN_STYLE = Automatic;
				DEVELOPMENT_TEAM = 78C97SMYBK;
				INFOPLIST_FILE = "$(SRCROOT)/genesisvision-ios/Resources/Config/Info.plist";
				IPHONEOS_DEPLOYMENT_TARGET = 10.0;
				LD_RUNPATH_SEARCH_PATHS = "$(inherited) @executable_path/Frameworks";
				OTHER_SWIFT_FLAGS = "$(inherited) \"-D\" \"COCOAPODS\" -Xfrontend -debug-time-function-bodies";
				"OTHER_SWIFT_FLAGS[arch=*]" = "";
				PRODUCT_BUNDLE_IDENTIFIER = "vision.genesis.genesisvision-ios";
				PRODUCT_NAME = "$(TARGET_NAME)";
				SWIFT_VERSION = 4.0;
				TARGETED_DEVICE_FAMILY = 1;
			};
			name = Debug;
		};
		FCC9DD38200DF2C3008825EC /* Release */ = {
			isa = XCBuildConfiguration;
			baseConfigurationReference = 382A460F742C4CFCF1959337 /* Pods-genesisvision-ios.release.xcconfig */;
			buildSettings = {
				ASSETCATALOG_COMPILER_APPICON_NAME = AppIcon;
				CODE_SIGN_STYLE = Automatic;
				DEVELOPMENT_TEAM = 78C97SMYBK;
				INFOPLIST_FILE = "$(SRCROOT)/genesisvision-ios/Resources/Config/Info.plist";
				IPHONEOS_DEPLOYMENT_TARGET = 10.0;
				LD_RUNPATH_SEARCH_PATHS = "$(inherited) @executable_path/Frameworks";
				OTHER_SWIFT_FLAGS = "$(inherited) \"-D\" \"COCOAPODS\" -Xfrontend -debug-time-function-bodies";
				PRODUCT_BUNDLE_IDENTIFIER = "vision.genesis.genesisvision-ios";
				PRODUCT_NAME = "$(TARGET_NAME)";
				SWIFT_VERSION = 4.0;
				TARGETED_DEVICE_FAMILY = 1;
			};
			name = Release;
		};
/* End XCBuildConfiguration section */

/* Begin XCConfigurationList section */
		FCC9DD1F200DF2C3008825EC /* Build configuration list for PBXProject "genesisvision-ios" */ = {
			isa = XCConfigurationList;
			buildConfigurations = (
				FCC9DD34200DF2C3008825EC /* Debug */,
				FC08FA652018932900BC1417 /* Debug Manager */,
				FC08FA672018933500BC1417 /* Debug Investor */,
				FCC9DD35200DF2C3008825EC /* Release */,
			);
			defaultConfigurationIsVisible = 0;
			defaultConfigurationName = Release;
		};
		FCC9DD36200DF2C3008825EC /* Build configuration list for PBXNativeTarget "genesisvision-ios" */ = {
			isa = XCConfigurationList;
			buildConfigurations = (
				FCC9DD37200DF2C3008825EC /* Debug */,
				FC08FA662018932900BC1417 /* Debug Manager */,
				FC08FA682018933500BC1417 /* Debug Investor */,
				FCC9DD38200DF2C3008825EC /* Release */,
			);
			defaultConfigurationIsVisible = 0;
			defaultConfigurationName = Release;
		};
/* End XCConfigurationList section */
	};
	rootObject = FCC9DD1C200DF2C3008825EC /* Project object */;
}
