PODS:
  - Alamofire (4.8.2)
  - AutoInsetter (1.3.0)
  - Charts (3.3.0):
    - Charts/Core (= 3.3.0)
  - Charts/Core (3.3.0)
  - Crashlytics (3.13.2):
    - Fabric (~> 1.10.2)
  - DZNEmptyDataSet (1.8.1)
  - Fabric (1.10.2)
  - Firebase/Core (6.3.0):
    - Firebase/CoreOnly
    - FirebaseAnalytics (= 6.0.2)
  - Firebase/CoreOnly (6.3.0):
    - FirebaseCore (= 6.0.3)
  - Firebase/Messaging (6.3.0):
    - Firebase/CoreOnly
    - FirebaseMessaging (~> 4.1.0)
  - FirebaseAnalytics (6.0.2):
    - FirebaseCore (~> 6.0)
    - FirebaseInstanceID (~> 4.2)
    - GoogleAppMeasurement (= 6.0.2)
    - GoogleUtilities/AppDelegateSwizzler (~> 6.0)
    - GoogleUtilities/MethodSwizzler (~> 6.0)
    - GoogleUtilities/Network (~> 6.0)
    - "GoogleUtilities/NSData+zlib (~> 6.0)"
    - nanopb (~> 0.3)
  - FirebaseAnalyticsInterop (1.2.0)
  - FirebaseCore (6.0.3):
    - GoogleUtilities/Environment (~> 6.0)
    - GoogleUtilities/Logger (~> 6.0)
  - FirebaseInstanceID (4.2.0):
    - FirebaseCore (~> 6.0)
    - GoogleUtilities/Environment (~> 6.0)
    - GoogleUtilities/UserDefaults (~> 6.0)
  - FirebaseMessaging (4.1.0):
    - FirebaseAnalyticsInterop (~> 1.1)
    - FirebaseCore (~> 6.0)
    - FirebaseInstanceID (~> 4.1)
    - GoogleUtilities/AppDelegateSwizzler (~> 6.2)
    - GoogleUtilities/Environment (~> 6.2)
    - GoogleUtilities/Reachability (~> 6.2)
    - GoogleUtilities/UserDefaults (~> 6.2)
    - Protobuf (~> 3.1)
  - GoogleAppMeasurement (6.0.2):
    - GoogleUtilities/AppDelegateSwizzler (~> 6.0)
    - GoogleUtilities/MethodSwizzler (~> 6.0)
    - GoogleUtilities/Network (~> 6.0)
    - "GoogleUtilities/NSData+zlib (~> 6.0)"
    - nanopb (~> 0.3)
  - GoogleUtilities/AppDelegateSwizzler (6.2.1):
    - GoogleUtilities/Environment
    - GoogleUtilities/Logger
    - GoogleUtilities/Network
  - GoogleUtilities/Environment (6.2.1)
  - GoogleUtilities/Logger (6.2.1):
    - GoogleUtilities/Environment
  - GoogleUtilities/MethodSwizzler (6.2.1):
    - GoogleUtilities/Logger
  - GoogleUtilities/Network (6.2.1):
    - GoogleUtilities/Logger
    - "GoogleUtilities/NSData+zlib"
    - GoogleUtilities/Reachability
  - "GoogleUtilities/NSData+zlib (6.2.1)"
  - GoogleUtilities/Reachability (6.2.1):
    - GoogleUtilities/Logger
  - GoogleUtilities/UserDefaults (6.2.1):
    - GoogleUtilities/Logger
  - IQKeyboardManagerSwift (6.4.0)
  - Kingfisher (4.10.1)
  - MarqueeLabel (4.0.0)
  - nanopb (0.3.901):
    - nanopb/decode (= 0.3.901)
    - nanopb/encode (= 0.3.901)
  - nanopb/decode (0.3.901)
  - nanopb/encode (0.3.901)
  - NotificationBannerSwift (2.3.0):
    - MarqueeLabel (~> 4.0.0)
    - SnapKit (~> 5.0.0)
  - Pageboy (2.6.1)
  - PKHUD (5.3.0)
  - Protobuf (3.8.0)
  - ReachabilitySwift (4.3.1)
  - SmileLock (3.0.7)
  - SnapKit (5.0.0)
  - Tabman (1.10.2):
    - AutoInsetter (~> 1.3.0)
    - Pageboy (~> 2.6.0)

DEPENDENCIES:
  - Alamofire
  - Charts
  - Crashlytics
  - DZNEmptyDataSet
  - Fabric
  - Firebase/Core
  - Firebase/Messaging
  - IQKeyboardManagerSwift
  - Kingfisher (~> 4.0)
  - NotificationBannerSwift
  - PKHUD
  - ReachabilitySwift
  - SmileLock
  - Tabman (~> 1.0)

SPEC REPOS:
  https://github.com/cocoapods/specs.git:
    - Alamofire
    - AutoInsetter
    - Charts
    - Crashlytics
    - DZNEmptyDataSet
    - Fabric
    - Firebase
    - FirebaseAnalytics
    - FirebaseAnalyticsInterop
    - FirebaseCore
    - FirebaseInstanceID
    - FirebaseMessaging
    - GoogleAppMeasurement
    - GoogleUtilities
    - IQKeyboardManagerSwift
    - Kingfisher
    - MarqueeLabel
    - nanopb
    - NotificationBannerSwift
    - Pageboy
    - PKHUD
    - Protobuf
    - ReachabilitySwift
    - SmileLock
    - SnapKit
    - Tabman

SPEC CHECKSUMS:
  Alamofire: ae5c501addb7afdbb13687d7f2f722c78734c2d3
  AutoInsetter: 0ea4dddc17042ab45114ec5d5980764efae98584
  Charts: e0dd4cd8f257bccf98407b58183ddca8e8d5b578
  Crashlytics: 611738c7847f8291a1a51084e35987b86ba6b3ee
  DZNEmptyDataSet: 9525833b9e68ac21c30253e1d3d7076cc828eaa7
  Fabric: 706c8b8098fff96c33c0db69cbf81f9c551d0d74
  Firebase: 8432d732974498afd5987e9001a05f90f1a3d625
  FirebaseAnalytics: 470ddab7253b21ad5a40bebd4a9903d7ae19386a
  FirebaseAnalyticsInterop: efbe45c8385ec626e29f9525e5ebd38520dfb6c1
  FirebaseCore: 68f8a7f50cdae542715d4e86afa37c4067217dcb
  FirebaseInstanceID: f20243a1d828e0e9a3798b995174dedc16f1b32a
  FirebaseMessaging: 0ac5310133e6ada4cdd44d42e92038855214a5e9
  GoogleAppMeasurement: a35a645835bae31b6bdc0576396bc23908f12a22
  GoogleUtilities: c7a0b08bda3bf808be823ed151f0e28ac6866e71
  IQKeyboardManagerSwift: ed9b04ee0e3067ffba543283462d619f944b05e5
  Kingfisher: c148cd7b47ebde9989f6bc7c27dcaa79d81279a0
  MarqueeLabel: b55b26e690b6ad41faedd95cbf5eae6f1d1735b4
  nanopb: 2901f78ea1b7b4015c860c2fdd1ea2fee1a18d48
  NotificationBannerSwift: fdc44b934be7a8175f7a7170a75a11c672990e70
  Pageboy: c2a25d1c280e9b622014b692626f1ff9298e0ad2
  PKHUD: 98f3e4bc904b9c916f1c5bb6d765365b5357291b
  Protobuf: 3f617b9a6e73605565086864c9bc26b2bf2dd5a3
  ReachabilitySwift: 4032e2f59586e11e3b0ebe15b167abdd587a388b
  SmileLock: 46b847b3ad963e3140d083b53f09036a4d210537
  SnapKit: fd22d10eb9aff484d79a8724eab922c1ddf89bcf
  Tabman: 6cff148419c5d8812d0e9f08f93b6f1c6ba54502

PODFILE CHECKSUM: b12bef5ff8bbbfeba0e119cd0d419c71d779bca8

COCOAPODS: 1.5.2
